
Microsoft Visual Studio Solution File, Format Version 12.00
# Visual Studio 2013
VisualStudioVersion = 12.0.30110.0
MinimumVisualStudioVersion = 10.0.40219.1
Project("{FAE04EC0-301F-11D3-BF4B-00C04F79EFBC}") = "SystemDot.Messaging", "..\Projects\SystemDot.Messaging\SystemDot.Messaging.csproj", "{46655363-A75E-47A6-BEF0-175EF5F92DB5}"
EndProject
Project("{FAE04EC0-301F-11D3-BF4B-00C04F79EFBC}") = "SystemDot.Messaging.Specifications", "..\Projects\SystemDot.Messaging.Specifications\SystemDot.Messaging.Specifications.csproj", "{2563F726-8DC3-4244-BEA7-F11068EA7AB9}"
EndProject
Project("{2150E333-8FDC-42A3-9474-1A3956D46DE8}") = "Examples", "Examples", "{96958F3F-CDE8-4F64-A383-83E99B2DC67C}"
EndProject
Project("{2150E333-8FDC-42A3-9474-1A3956D46DE8}") = "RequestReply", "RequestReply", "{286D7F72-2E89-4F1A-A5D2-A6C9300CD769}"
EndProject
Project("{2150E333-8FDC-42A3-9474-1A3956D46DE8}") = "Windows", "Windows", "{0596AAF4-D7EA-4485-9A3C-F2033868D5DF}"
EndProject
Project("{2150E333-8FDC-42A3-9474-1A3956D46DE8}") = "WindowsStore", "WindowsStore", "{F705DEA4-FD4C-48F1-BE86-7F25B4A4479A}"
EndProject
Project("{2150E333-8FDC-42A3-9474-1A3956D46DE8}") = "IOS", "IOS", "{F60109E7-E676-48EB-AAE6-43DE9EFD6E13}"
EndProject
Project("{2150E333-8FDC-42A3-9474-1A3956D46DE8}") = "Android", "Android", "{1B41DB30-E559-42F7-AE06-60095C64AB1E}"
EndProject
Project("{FAE04EC0-301F-11D3-BF4B-00C04F79EFBC}") = "Messages", "..\Projects\Examples\Windows\Messages\Messages.csproj", "{EAABD53D-7507-4F76-A538-0264D7294422}"
EndProject
Project("{FAE04EC0-301F-11D3-BF4B-00C04F79EFBC}") = "RequestReplyReciever", "..\Projects\Examples\Windows\RequestReplyReciever\RequestReplyReciever.csproj", "{B75A7B93-6CE5-4FAB-805C-DF714693AFEB}"
EndProject
Project("{FAE04EC0-301F-11D3-BF4B-00C04F79EFBC}") = "RequestReplySender", "..\Projects\Examples\Windows\RequestReplySender\RequestReplySender.csproj", "{62DCD467-1E9C-49E8-880A-00A077BF7BB8}"
EndProject
Project("{FAE04EC0-301F-11D3-BF4B-00C04F79EFBC}") = "OtherRequestReplySender", "..\Projects\Examples\Windows\OtherRequestReplySender\OtherRequestReplySender.csproj", "{E26944A6-D471-4C23-8326-3E80FAC89F03}"
EndProject
Project("{FAE04EC0-301F-11D3-BF4B-00C04F79EFBC}") = "SystemDot.Messaging.Windows", "..\Projects\SystemDot.Messaging.Windows\SystemDot.Messaging.Windows.csproj", "{AB9EB1C5-2718-4E74-9335-8D3FD9EC6F33}"
EndProject
Project("{FAE04EC0-301F-11D3-BF4B-00C04F79EFBC}") = "SystemDot.Messaging.WindowsStore", "..\Projects\SystemDot.Messaging.WindowsStore\SystemDot.Messaging.WindowsStore.csproj", "{D651317A-3B02-4A20-B2EE-35666B82D8BE}"
EndProject
Project("{FAE04EC0-301F-11D3-BF4B-00C04F79EFBC}") = "SystemDot.Messaging.Android", "..\Projects\SystemDot.Messaging.Android\SystemDot.Messaging.Android.csproj", "{CC3FA1BD-C143-415B-941A-A903CE5AE8DF}"
EndProject
Project("{FAE04EC0-301F-11D3-BF4B-00C04F79EFBC}") = "SystemDot.Messaging.iOS", "..\Projects\SystemDot.Messaging.iOS\SystemDot.Messaging.iOS.csproj", "{19AAA342-67EE-4741-87B4-A596931F98C4}"
EndProject
Project("{FAE04EC0-301F-11D3-BF4B-00C04F79EFBC}") = "SystemDot.Sql", "..\Projects\SystemDot.Sql\SystemDot.Sql.csproj", "{80FFA53E-9C4D-45CE-A7D2-8FE0B6A9FBFB}"
EndProject
Project("{FAE04EC0-301F-11D3-BF4B-00C04F79EFBC}") = "SystemDot.Esent", "..\Projects\SystemDot.Esent\SystemDot.Esent.csproj", "{C7DBF177-FCDB-4530-A6CA-3B1EFBAD63EB}"
EndProject
Project("{FAE04EC0-301F-11D3-BF4B-00C04F79EFBC}") = "SystemDot.Esent.WindowsStore", "..\Projects\SystemDot.Esent.WindowsStore\SystemDot.Esent.WindowsStore.csproj", "{6F13C229-6D89-4CF4-95CA-22188042236D}"
EndProject
Project("{FAE04EC0-301F-11D3-BF4B-00C04F79EFBC}") = "SystemDot.Sqlite", "..\Projects\SystemDot.Sqlite.iOS\SystemDot.Sqlite.csproj", "{C272F00D-D4CA-4793-ACF2-A1CA9EC2B3FA}"
EndProject
Project("{FAE04EC0-301F-11D3-BF4B-00C04F79EFBC}") = "SystemDot.Sqlite", "..\Projects\SystemDot.Sqlite.Android\SystemDot.Sqlite.csproj", "{10261535-B476-4DA8-A3D0-B88B9DCB870E}"
EndProject
Project("{2150E333-8FDC-42A3-9474-1A3956D46DE8}") = "Examples", "Examples", "{38647120-00CD-4596-B898-EE35F48C01C2}"
EndProject
Project("{FAE04EC0-301F-11D3-BF4B-00C04F79EFBC}") = "RequestReplySender", "..\Projects\Examples\Metro\RequestReplySender\RequestReplySender.csproj", "{F4BD0EE3-2260-4F06-B950-5BCBE706A3F8}"
EndProject
Project("{FAE04EC0-301F-11D3-BF4B-00C04F79EFBC}") = "RequestReplyReceiver", "..\Projects\Examples\Metro\RequestReplyReceiver\RequestReplyReceiver.csproj", "{B6A9C0F4-D62F-4950-9DAC-A2FBD0F2A743}"
EndProject
Project("{FAE04EC0-301F-11D3-BF4B-00C04F79EFBC}") = "InversionOfControl", "..\Projects\Examples\Metro\InversionOfControl\InversionOfControl.csproj", "{4235F1C9-7651-491D-B2B8-672A802432E6}"
EndProject
Global
	GlobalSection(SolutionConfigurationPlatforms) = preSolution
		Debug|Any CPU = Debug|Any CPU
		Debug|ARM = Debug|ARM
		Debug|Mixed Platforms = Debug|Mixed Platforms
		Debug|x64 = Debug|x64
		Debug|x86 = Debug|x86
		Release|Any CPU = Release|Any CPU
		Release|ARM = Release|ARM
		Release|Mixed Platforms = Release|Mixed Platforms
		Release|x64 = Release|x64
		Release|x86 = Release|x86
	EndGlobalSection
	GlobalSection(ProjectConfigurationPlatforms) = postSolution
		{46655363-A75E-47A6-BEF0-175EF5F92DB5}.Debug|Any CPU.ActiveCfg = Debug|Any CPU
		{46655363-A75E-47A6-BEF0-175EF5F92DB5}.Debug|Any CPU.Build.0 = Debug|Any CPU
		{46655363-A75E-47A6-BEF0-175EF5F92DB5}.Debug|ARM.ActiveCfg = Debug|Any CPU
		{46655363-A75E-47A6-BEF0-175EF5F92DB5}.Debug|Mixed Platforms.ActiveCfg = Debug|Any CPU
		{46655363-A75E-47A6-BEF0-175EF5F92DB5}.Debug|Mixed Platforms.Build.0 = Debug|Any CPU
		{46655363-A75E-47A6-BEF0-175EF5F92DB5}.Debug|x64.ActiveCfg = Debug|Any CPU
		{46655363-A75E-47A6-BEF0-175EF5F92DB5}.Debug|x86.ActiveCfg = Debug|Any CPU
		{46655363-A75E-47A6-BEF0-175EF5F92DB5}.Debug|x86.Build.0 = Debug|Any CPU
		{46655363-A75E-47A6-BEF0-175EF5F92DB5}.Release|Any CPU.ActiveCfg = Release|Any CPU
		{46655363-A75E-47A6-BEF0-175EF5F92DB5}.Release|Any CPU.Build.0 = Release|Any CPU
		{46655363-A75E-47A6-BEF0-175EF5F92DB5}.Release|ARM.ActiveCfg = Release|Any CPU
		{46655363-A75E-47A6-BEF0-175EF5F92DB5}.Release|Mixed Platforms.ActiveCfg = Release|Any CPU
		{46655363-A75E-47A6-BEF0-175EF5F92DB5}.Release|Mixed Platforms.Build.0 = Release|Any CPU
		{46655363-A75E-47A6-BEF0-175EF5F92DB5}.Release|x64.ActiveCfg = Release|Any CPU
		{46655363-A75E-47A6-BEF0-175EF5F92DB5}.Release|x86.ActiveCfg = Release|Any CPU
		{2563F726-8DC3-4244-BEA7-F11068EA7AB9}.Debug|Any CPU.ActiveCfg = Debug|Any CPU
		{2563F726-8DC3-4244-BEA7-F11068EA7AB9}.Debug|Any CPU.Build.0 = Debug|Any CPU
		{2563F726-8DC3-4244-BEA7-F11068EA7AB9}.Debug|ARM.ActiveCfg = Debug|Any CPU
		{2563F726-8DC3-4244-BEA7-F11068EA7AB9}.Debug|Mixed Platforms.ActiveCfg = Debug|Any CPU
		{2563F726-8DC3-4244-BEA7-F11068EA7AB9}.Debug|Mixed Platforms.Build.0 = Debug|Any CPU
		{2563F726-8DC3-4244-BEA7-F11068EA7AB9}.Debug|x64.ActiveCfg = Debug|Any CPU
		{2563F726-8DC3-4244-BEA7-F11068EA7AB9}.Debug|x86.ActiveCfg = Debug|Any CPU
		{2563F726-8DC3-4244-BEA7-F11068EA7AB9}.Debug|x86.Build.0 = Debug|Any CPU
		{2563F726-8DC3-4244-BEA7-F11068EA7AB9}.Release|Any CPU.ActiveCfg = Release|Any CPU
		{2563F726-8DC3-4244-BEA7-F11068EA7AB9}.Release|Any CPU.Build.0 = Release|Any CPU
		{2563F726-8DC3-4244-BEA7-F11068EA7AB9}.Release|ARM.ActiveCfg = Release|Any CPU
		{2563F726-8DC3-4244-BEA7-F11068EA7AB9}.Release|Mixed Platforms.ActiveCfg = Release|Any CPU
		{2563F726-8DC3-4244-BEA7-F11068EA7AB9}.Release|Mixed Platforms.Build.0 = Release|Any CPU
		{2563F726-8DC3-4244-BEA7-F11068EA7AB9}.Release|x64.ActiveCfg = Release|Any CPU
		{2563F726-8DC3-4244-BEA7-F11068EA7AB9}.Release|x86.ActiveCfg = Release|Any CPU
		{EAABD53D-7507-4F76-A538-0264D7294422}.Debug|Any CPU.ActiveCfg = Debug|Any CPU
		{EAABD53D-7507-4F76-A538-0264D7294422}.Debug|Any CPU.Build.0 = Debug|Any CPU
		{EAABD53D-7507-4F76-A538-0264D7294422}.Debug|ARM.ActiveCfg = Debug|Any CPU
		{EAABD53D-7507-4F76-A538-0264D7294422}.Debug|Mixed Platforms.ActiveCfg = Debug|Any CPU
		{EAABD53D-7507-4F76-A538-0264D7294422}.Debug|Mixed Platforms.Build.0 = Debug|Any CPU
		{EAABD53D-7507-4F76-A538-0264D7294422}.Debug|x64.ActiveCfg = Debug|Any CPU
		{EAABD53D-7507-4F76-A538-0264D7294422}.Debug|x86.ActiveCfg = Debug|Any CPU
		{EAABD53D-7507-4F76-A538-0264D7294422}.Release|Any CPU.ActiveCfg = Release|Any CPU
		{EAABD53D-7507-4F76-A538-0264D7294422}.Release|Any CPU.Build.0 = Release|Any CPU
		{EAABD53D-7507-4F76-A538-0264D7294422}.Release|ARM.ActiveCfg = Release|Any CPU
		{EAABD53D-7507-4F76-A538-0264D7294422}.Release|Mixed Platforms.ActiveCfg = Release|Any CPU
		{EAABD53D-7507-4F76-A538-0264D7294422}.Release|Mixed Platforms.Build.0 = Release|Any CPU
		{EAABD53D-7507-4F76-A538-0264D7294422}.Release|x64.ActiveCfg = Release|Any CPU
		{EAABD53D-7507-4F76-A538-0264D7294422}.Release|x86.ActiveCfg = Release|Any CPU
		{B75A7B93-6CE5-4FAB-805C-DF714693AFEB}.Debug|Any CPU.ActiveCfg = Debug|Any CPU
		{B75A7B93-6CE5-4FAB-805C-DF714693AFEB}.Debug|Any CPU.Build.0 = Debug|Any CPU
		{B75A7B93-6CE5-4FAB-805C-DF714693AFEB}.Debug|ARM.ActiveCfg = Debug|Any CPU
		{B75A7B93-6CE5-4FAB-805C-DF714693AFEB}.Debug|Mixed Platforms.ActiveCfg = Debug|Any CPU
		{B75A7B93-6CE5-4FAB-805C-DF714693AFEB}.Debug|Mixed Platforms.Build.0 = Debug|Any CPU
		{B75A7B93-6CE5-4FAB-805C-DF714693AFEB}.Debug|x64.ActiveCfg = Debug|Any CPU
		{B75A7B93-6CE5-4FAB-805C-DF714693AFEB}.Debug|x86.ActiveCfg = Debug|x86
		{B75A7B93-6CE5-4FAB-805C-DF714693AFEB}.Debug|x86.Build.0 = Debug|x86
		{B75A7B93-6CE5-4FAB-805C-DF714693AFEB}.Release|Any CPU.ActiveCfg = Release|Any CPU
		{B75A7B93-6CE5-4FAB-805C-DF714693AFEB}.Release|Any CPU.Build.0 = Release|Any CPU
		{B75A7B93-6CE5-4FAB-805C-DF714693AFEB}.Release|ARM.ActiveCfg = Release|Any CPU
		{B75A7B93-6CE5-4FAB-805C-DF714693AFEB}.Release|Mixed Platforms.ActiveCfg = Release|Any CPU
		{B75A7B93-6CE5-4FAB-805C-DF714693AFEB}.Release|Mixed Platforms.Build.0 = Release|Any CPU
		{B75A7B93-6CE5-4FAB-805C-DF714693AFEB}.Release|x64.ActiveCfg = Release|Any CPU
		{B75A7B93-6CE5-4FAB-805C-DF714693AFEB}.Release|x86.ActiveCfg = Release|x86
		{B75A7B93-6CE5-4FAB-805C-DF714693AFEB}.Release|x86.Build.0 = Release|x86
		{62DCD467-1E9C-49E8-880A-00A077BF7BB8}.Debug|Any CPU.ActiveCfg = Debug|Any CPU
		{62DCD467-1E9C-49E8-880A-00A077BF7BB8}.Debug|Any CPU.Build.0 = Debug|Any CPU
		{62DCD467-1E9C-49E8-880A-00A077BF7BB8}.Debug|ARM.ActiveCfg = Debug|Any CPU
		{62DCD467-1E9C-49E8-880A-00A077BF7BB8}.Debug|Mixed Platforms.ActiveCfg = Debug|Any CPU
		{62DCD467-1E9C-49E8-880A-00A077BF7BB8}.Debug|Mixed Platforms.Build.0 = Debug|Any CPU
		{62DCD467-1E9C-49E8-880A-00A077BF7BB8}.Debug|x64.ActiveCfg = Debug|Any CPU
		{62DCD467-1E9C-49E8-880A-00A077BF7BB8}.Debug|x86.ActiveCfg = Debug|x86
		{62DCD467-1E9C-49E8-880A-00A077BF7BB8}.Debug|x86.Build.0 = Debug|x86
		{62DCD467-1E9C-49E8-880A-00A077BF7BB8}.Release|Any CPU.ActiveCfg = Release|Any CPU
		{62DCD467-1E9C-49E8-880A-00A077BF7BB8}.Release|Any CPU.Build.0 = Release|Any CPU
		{62DCD467-1E9C-49E8-880A-00A077BF7BB8}.Release|ARM.ActiveCfg = Release|Any CPU
		{62DCD467-1E9C-49E8-880A-00A077BF7BB8}.Release|Mixed Platforms.ActiveCfg = Release|Any CPU
		{62DCD467-1E9C-49E8-880A-00A077BF7BB8}.Release|Mixed Platforms.Build.0 = Release|Any CPU
		{62DCD467-1E9C-49E8-880A-00A077BF7BB8}.Release|x64.ActiveCfg = Release|Any CPU
		{62DCD467-1E9C-49E8-880A-00A077BF7BB8}.Release|x86.ActiveCfg = Release|x86
		{62DCD467-1E9C-49E8-880A-00A077BF7BB8}.Release|x86.Build.0 = Release|x86
		{E26944A6-D471-4C23-8326-3E80FAC89F03}.Debug|Any CPU.ActiveCfg = Debug|Any CPU
		{E26944A6-D471-4C23-8326-3E80FAC89F03}.Debug|Any CPU.Build.0 = Debug|Any CPU
		{E26944A6-D471-4C23-8326-3E80FAC89F03}.Debug|ARM.ActiveCfg = Debug|Any CPU
		{E26944A6-D471-4C23-8326-3E80FAC89F03}.Debug|Mixed Platforms.ActiveCfg = Debug|Any CPU
		{E26944A6-D471-4C23-8326-3E80FAC89F03}.Debug|Mixed Platforms.Build.0 = Debug|Any CPU
		{E26944A6-D471-4C23-8326-3E80FAC89F03}.Debug|x64.ActiveCfg = Debug|Any CPU
		{E26944A6-D471-4C23-8326-3E80FAC89F03}.Debug|x86.ActiveCfg = Debug|x86
		{E26944A6-D471-4C23-8326-3E80FAC89F03}.Debug|x86.Build.0 = Debug|x86
		{E26944A6-D471-4C23-8326-3E80FAC89F03}.Release|Any CPU.ActiveCfg = Release|Any CPU
		{E26944A6-D471-4C23-8326-3E80FAC89F03}.Release|Any CPU.Build.0 = Release|Any CPU
		{E26944A6-D471-4C23-8326-3E80FAC89F03}.Release|ARM.ActiveCfg = Release|Any CPU
		{E26944A6-D471-4C23-8326-3E80FAC89F03}.Release|Mixed Platforms.ActiveCfg = Release|Any CPU
		{E26944A6-D471-4C23-8326-3E80FAC89F03}.Release|Mixed Platforms.Build.0 = Release|Any CPU
		{E26944A6-D471-4C23-8326-3E80FAC89F03}.Release|x64.ActiveCfg = Release|Any CPU
		{E26944A6-D471-4C23-8326-3E80FAC89F03}.Release|x86.ActiveCfg = Release|x86
		{E26944A6-D471-4C23-8326-3E80FAC89F03}.Release|x86.Build.0 = Release|x86
		{AB9EB1C5-2718-4E74-9335-8D3FD9EC6F33}.Debug|Any CPU.ActiveCfg = Debug|Any CPU
		{AB9EB1C5-2718-4E74-9335-8D3FD9EC6F33}.Debug|Any CPU.Build.0 = Debug|Any CPU
		{AB9EB1C5-2718-4E74-9335-8D3FD9EC6F33}.Debug|ARM.ActiveCfg = Debug|Any CPU
		{AB9EB1C5-2718-4E74-9335-8D3FD9EC6F33}.Debug|Mixed Platforms.ActiveCfg = Debug|Any CPU
		{AB9EB1C5-2718-4E74-9335-8D3FD9EC6F33}.Debug|Mixed Platforms.Build.0 = Debug|Any CPU
		{AB9EB1C5-2718-4E74-9335-8D3FD9EC6F33}.Debug|x64.ActiveCfg = Debug|Any CPU
		{AB9EB1C5-2718-4E74-9335-8D3FD9EC6F33}.Debug|x86.ActiveCfg = Debug|Any CPU
		{AB9EB1C5-2718-4E74-9335-8D3FD9EC6F33}.Release|Any CPU.ActiveCfg = Release|Any CPU
		{AB9EB1C5-2718-4E74-9335-8D3FD9EC6F33}.Release|Any CPU.Build.0 = Release|Any CPU
		{AB9EB1C5-2718-4E74-9335-8D3FD9EC6F33}.Release|ARM.ActiveCfg = Release|Any CPU
		{AB9EB1C5-2718-4E74-9335-8D3FD9EC6F33}.Release|Mixed Platforms.ActiveCfg = Release|Any CPU
		{AB9EB1C5-2718-4E74-9335-8D3FD9EC6F33}.Release|Mixed Platforms.Build.0 = Release|Any CPU
		{AB9EB1C5-2718-4E74-9335-8D3FD9EC6F33}.Release|x64.ActiveCfg = Release|Any CPU
		{AB9EB1C5-2718-4E74-9335-8D3FD9EC6F33}.Release|x86.ActiveCfg = Release|Any CPU
		{D651317A-3B02-4A20-B2EE-35666B82D8BE}.Debug|Any CPU.ActiveCfg = Debug|Any CPU
		{D651317A-3B02-4A20-B2EE-35666B82D8BE}.Debug|Any CPU.Build.0 = Debug|Any CPU
		{D651317A-3B02-4A20-B2EE-35666B82D8BE}.Debug|ARM.ActiveCfg = Debug|ARM
		{D651317A-3B02-4A20-B2EE-35666B82D8BE}.Debug|ARM.Build.0 = Debug|ARM
		{D651317A-3B02-4A20-B2EE-35666B82D8BE}.Debug|Mixed Platforms.ActiveCfg = Debug|Any CPU
		{D651317A-3B02-4A20-B2EE-35666B82D8BE}.Debug|Mixed Platforms.Build.0 = Debug|Any CPU
		{D651317A-3B02-4A20-B2EE-35666B82D8BE}.Debug|x64.ActiveCfg = Debug|x64
		{D651317A-3B02-4A20-B2EE-35666B82D8BE}.Debug|x64.Build.0 = Debug|x64
		{D651317A-3B02-4A20-B2EE-35666B82D8BE}.Debug|x86.ActiveCfg = Debug|x86
		{D651317A-3B02-4A20-B2EE-35666B82D8BE}.Debug|x86.Build.0 = Debug|x86
		{D651317A-3B02-4A20-B2EE-35666B82D8BE}.Release|Any CPU.ActiveCfg = Release|Any CPU
		{D651317A-3B02-4A20-B2EE-35666B82D8BE}.Release|Any CPU.Build.0 = Release|Any CPU
		{D651317A-3B02-4A20-B2EE-35666B82D8BE}.Release|ARM.ActiveCfg = Release|ARM
		{D651317A-3B02-4A20-B2EE-35666B82D8BE}.Release|ARM.Build.0 = Release|ARM
		{D651317A-3B02-4A20-B2EE-35666B82D8BE}.Release|Mixed Platforms.ActiveCfg = Release|x86
		{D651317A-3B02-4A20-B2EE-35666B82D8BE}.Release|Mixed Platforms.Build.0 = Release|x86
		{D651317A-3B02-4A20-B2EE-35666B82D8BE}.Release|x64.ActiveCfg = Release|x64
		{D651317A-3B02-4A20-B2EE-35666B82D8BE}.Release|x64.Build.0 = Release|x64
		{D651317A-3B02-4A20-B2EE-35666B82D8BE}.Release|x86.ActiveCfg = Release|x86
		{D651317A-3B02-4A20-B2EE-35666B82D8BE}.Release|x86.Build.0 = Release|x86
		{CC3FA1BD-C143-415B-941A-A903CE5AE8DF}.Debug|Any CPU.ActiveCfg = Debug|Any CPU
		{CC3FA1BD-C143-415B-941A-A903CE5AE8DF}.Debug|Any CPU.Build.0 = Debug|Any CPU
		{CC3FA1BD-C143-415B-941A-A903CE5AE8DF}.Debug|ARM.ActiveCfg = Debug|Any CPU
		{CC3FA1BD-C143-415B-941A-A903CE5AE8DF}.Debug|Mixed Platforms.ActiveCfg = Debug|Any CPU
		{CC3FA1BD-C143-415B-941A-A903CE5AE8DF}.Debug|Mixed Platforms.Build.0 = Debug|Any CPU
		{CC3FA1BD-C143-415B-941A-A903CE5AE8DF}.Debug|x64.ActiveCfg = Debug|Any CPU
		{CC3FA1BD-C143-415B-941A-A903CE5AE8DF}.Debug|x86.ActiveCfg = Debug|Any CPU
		{CC3FA1BD-C143-415B-941A-A903CE5AE8DF}.Release|Any CPU.ActiveCfg = Release|Any CPU
		{CC3FA1BD-C143-415B-941A-A903CE5AE8DF}.Release|Any CPU.Build.0 = Release|Any CPU
		{CC3FA1BD-C143-415B-941A-A903CE5AE8DF}.Release|ARM.ActiveCfg = Release|Any CPU
		{CC3FA1BD-C143-415B-941A-A903CE5AE8DF}.Release|Mixed Platforms.ActiveCfg = Release|Any CPU
		{CC3FA1BD-C143-415B-941A-A903CE5AE8DF}.Release|Mixed Platforms.Build.0 = Release|Any CPU
		{CC3FA1BD-C143-415B-941A-A903CE5AE8DF}.Release|x64.ActiveCfg = Release|Any CPU
		{CC3FA1BD-C143-415B-941A-A903CE5AE8DF}.Release|x86.ActiveCfg = Release|Any CPU
		{19AAA342-67EE-4741-87B4-A596931F98C4}.Debug|Any CPU.ActiveCfg = Debug|Any CPU
		{19AAA342-67EE-4741-87B4-A596931F98C4}.Debug|Any CPU.Build.0 = Debug|Any CPU
		{19AAA342-67EE-4741-87B4-A596931F98C4}.Debug|ARM.ActiveCfg = Debug|Any CPU
		{19AAA342-67EE-4741-87B4-A596931F98C4}.Debug|Mixed Platforms.ActiveCfg = Debug|Any CPU
		{19AAA342-67EE-4741-87B4-A596931F98C4}.Debug|Mixed Platforms.Build.0 = Debug|Any CPU
		{19AAA342-67EE-4741-87B4-A596931F98C4}.Debug|x64.ActiveCfg = Debug|Any CPU
		{19AAA342-67EE-4741-87B4-A596931F98C4}.Debug|x86.ActiveCfg = Debug|Any CPU
		{19AAA342-67EE-4741-87B4-A596931F98C4}.Release|Any CPU.ActiveCfg = Release|Any CPU
		{19AAA342-67EE-4741-87B4-A596931F98C4}.Release|Any CPU.Build.0 = Release|Any CPU
		{19AAA342-67EE-4741-87B4-A596931F98C4}.Release|ARM.ActiveCfg = Release|Any CPU
		{19AAA342-67EE-4741-87B4-A596931F98C4}.Release|Mixed Platforms.ActiveCfg = Release|Any CPU
		{19AAA342-67EE-4741-87B4-A596931F98C4}.Release|Mixed Platforms.Build.0 = Release|Any CPU
		{19AAA342-67EE-4741-87B4-A596931F98C4}.Release|x64.ActiveCfg = Release|Any CPU
		{19AAA342-67EE-4741-87B4-A596931F98C4}.Release|x86.ActiveCfg = Release|Any CPU
		{80FFA53E-9C4D-45CE-A7D2-8FE0B6A9FBFB}.Debug|Any CPU.ActiveCfg = Debug|Any CPU
		{80FFA53E-9C4D-45CE-A7D2-8FE0B6A9FBFB}.Debug|Any CPU.Build.0 = Debug|Any CPU
		{80FFA53E-9C4D-45CE-A7D2-8FE0B6A9FBFB}.Debug|ARM.ActiveCfg = Debug|Any CPU
		{80FFA53E-9C4D-45CE-A7D2-8FE0B6A9FBFB}.Debug|Mixed Platforms.ActiveCfg = Debug|Any CPU
		{80FFA53E-9C4D-45CE-A7D2-8FE0B6A9FBFB}.Debug|Mixed Platforms.Build.0 = Debug|Any CPU
		{80FFA53E-9C4D-45CE-A7D2-8FE0B6A9FBFB}.Debug|x64.ActiveCfg = Debug|Any CPU
		{80FFA53E-9C4D-45CE-A7D2-8FE0B6A9FBFB}.Debug|x86.ActiveCfg = Debug|Any CPU
		{80FFA53E-9C4D-45CE-A7D2-8FE0B6A9FBFB}.Release|Any CPU.ActiveCfg = Release|Any CPU
		{80FFA53E-9C4D-45CE-A7D2-8FE0B6A9FBFB}.Release|Any CPU.Build.0 = Release|Any CPU
		{80FFA53E-9C4D-45CE-A7D2-8FE0B6A9FBFB}.Release|ARM.ActiveCfg = Release|Any CPU
		{80FFA53E-9C4D-45CE-A7D2-8FE0B6A9FBFB}.Release|Mixed Platforms.ActiveCfg = Release|Any CPU
		{80FFA53E-9C4D-45CE-A7D2-8FE0B6A9FBFB}.Release|Mixed Platforms.Build.0 = Release|Any CPU
		{80FFA53E-9C4D-45CE-A7D2-8FE0B6A9FBFB}.Release|x64.ActiveCfg = Release|Any CPU
		{80FFA53E-9C4D-45CE-A7D2-8FE0B6A9FBFB}.Release|x86.ActiveCfg = Release|Any CPU
		{C7DBF177-FCDB-4530-A6CA-3B1EFBAD63EB}.Debug|Any CPU.ActiveCfg = Debug|Any CPU
		{C7DBF177-FCDB-4530-A6CA-3B1EFBAD63EB}.Debug|Any CPU.Build.0 = Debug|Any CPU
		{C7DBF177-FCDB-4530-A6CA-3B1EFBAD63EB}.Debug|ARM.ActiveCfg = Debug|Any CPU
		{C7DBF177-FCDB-4530-A6CA-3B1EFBAD63EB}.Debug|Mixed Platforms.ActiveCfg = Debug|Any CPU
		{C7DBF177-FCDB-4530-A6CA-3B1EFBAD63EB}.Debug|Mixed Platforms.Build.0 = Debug|Any CPU
		{C7DBF177-FCDB-4530-A6CA-3B1EFBAD63EB}.Debug|x64.ActiveCfg = Debug|Any CPU
		{C7DBF177-FCDB-4530-A6CA-3B1EFBAD63EB}.Debug|x86.ActiveCfg = Debug|Any CPU
		{C7DBF177-FCDB-4530-A6CA-3B1EFBAD63EB}.Release|Any CPU.ActiveCfg = Release|Any CPU
		{C7DBF177-FCDB-4530-A6CA-3B1EFBAD63EB}.Release|Any CPU.Build.0 = Release|Any CPU
		{C7DBF177-FCDB-4530-A6CA-3B1EFBAD63EB}.Release|ARM.ActiveCfg = Release|Any CPU
		{C7DBF177-FCDB-4530-A6CA-3B1EFBAD63EB}.Release|Mixed Platforms.ActiveCfg = Release|Any CPU
		{C7DBF177-FCDB-4530-A6CA-3B1EFBAD63EB}.Release|Mixed Platforms.Build.0 = Release|Any CPU
		{C7DBF177-FCDB-4530-A6CA-3B1EFBAD63EB}.Release|x64.ActiveCfg = Release|Any CPU
		{C7DBF177-FCDB-4530-A6CA-3B1EFBAD63EB}.Release|x86.ActiveCfg = Release|Any CPU
		{6F13C229-6D89-4CF4-95CA-22188042236D}.Debug|Any CPU.ActiveCfg = Debug|Any CPU
		{6F13C229-6D89-4CF4-95CA-22188042236D}.Debug|Any CPU.Build.0 = Debug|Any CPU
		{6F13C229-6D89-4CF4-95CA-22188042236D}.Debug|ARM.ActiveCfg = Debug|ARM
		{6F13C229-6D89-4CF4-95CA-22188042236D}.Debug|ARM.Build.0 = Debug|ARM
		{6F13C229-6D89-4CF4-95CA-22188042236D}.Debug|Mixed Platforms.ActiveCfg = Debug|Any CPU
		{6F13C229-6D89-4CF4-95CA-22188042236D}.Debug|Mixed Platforms.Build.0 = Debug|Any CPU
		{6F13C229-6D89-4CF4-95CA-22188042236D}.Debug|x64.ActiveCfg = Debug|x64
		{6F13C229-6D89-4CF4-95CA-22188042236D}.Debug|x64.Build.0 = Debug|x64
		{6F13C229-6D89-4CF4-95CA-22188042236D}.Debug|x86.ActiveCfg = Debug|x86
		{6F13C229-6D89-4CF4-95CA-22188042236D}.Debug|x86.Build.0 = Debug|x86
		{6F13C229-6D89-4CF4-95CA-22188042236D}.Release|Any CPU.ActiveCfg = Release|Any CPU
		{6F13C229-6D89-4CF4-95CA-22188042236D}.Release|Any CPU.Build.0 = Release|Any CPU
		{6F13C229-6D89-4CF4-95CA-22188042236D}.Release|ARM.ActiveCfg = Release|ARM
		{6F13C229-6D89-4CF4-95CA-22188042236D}.Release|ARM.Build.0 = Release|ARM
		{6F13C229-6D89-4CF4-95CA-22188042236D}.Release|Mixed Platforms.ActiveCfg = Release|x86
		{6F13C229-6D89-4CF4-95CA-22188042236D}.Release|Mixed Platforms.Build.0 = Release|x86
		{6F13C229-6D89-4CF4-95CA-22188042236D}.Release|x64.ActiveCfg = Release|x64
		{6F13C229-6D89-4CF4-95CA-22188042236D}.Release|x64.Build.0 = Release|x64
		{6F13C229-6D89-4CF4-95CA-22188042236D}.Release|x86.ActiveCfg = Release|x86
		{6F13C229-6D89-4CF4-95CA-22188042236D}.Release|x86.Build.0 = Release|x86
		{C272F00D-D4CA-4793-ACF2-A1CA9EC2B3FA}.Debug|Any CPU.ActiveCfg = Debug|Any CPU
		{C272F00D-D4CA-4793-ACF2-A1CA9EC2B3FA}.Debug|Any CPU.Build.0 = Debug|Any CPU
		{C272F00D-D4CA-4793-ACF2-A1CA9EC2B3FA}.Debug|ARM.ActiveCfg = Debug|Any CPU
		{C272F00D-D4CA-4793-ACF2-A1CA9EC2B3FA}.Debug|Mixed Platforms.ActiveCfg = Debug|Any CPU
		{C272F00D-D4CA-4793-ACF2-A1CA9EC2B3FA}.Debug|Mixed Platforms.Build.0 = Debug|Any CPU
		{C272F00D-D4CA-4793-ACF2-A1CA9EC2B3FA}.Debug|x64.ActiveCfg = Debug|Any CPU
		{C272F00D-D4CA-4793-ACF2-A1CA9EC2B3FA}.Debug|x86.ActiveCfg = Debug|Any CPU
		{C272F00D-D4CA-4793-ACF2-A1CA9EC2B3FA}.Release|Any CPU.ActiveCfg = Release|Any CPU
		{C272F00D-D4CA-4793-ACF2-A1CA9EC2B3FA}.Release|Any CPU.Build.0 = Release|Any CPU
		{C272F00D-D4CA-4793-ACF2-A1CA9EC2B3FA}.Release|ARM.ActiveCfg = Release|Any CPU
		{C272F00D-D4CA-4793-ACF2-A1CA9EC2B3FA}.Release|Mixed Platforms.ActiveCfg = Release|Any CPU
		{C272F00D-D4CA-4793-ACF2-A1CA9EC2B3FA}.Release|Mixed Platforms.Build.0 = Release|Any CPU
		{C272F00D-D4CA-4793-ACF2-A1CA9EC2B3FA}.Release|x64.ActiveCfg = Release|Any CPU
		{C272F00D-D4CA-4793-ACF2-A1CA9EC2B3FA}.Release|x86.ActiveCfg = Release|Any CPU
		{10261535-B476-4DA8-A3D0-B88B9DCB870E}.Debug|Any CPU.ActiveCfg = Debug|Any CPU
		{10261535-B476-4DA8-A3D0-B88B9DCB870E}.Debug|Any CPU.Build.0 = Debug|Any CPU
		{10261535-B476-4DA8-A3D0-B88B9DCB870E}.Debug|ARM.ActiveCfg = Debug|Any CPU
		{10261535-B476-4DA8-A3D0-B88B9DCB870E}.Debug|Mixed Platforms.ActiveCfg = Debug|Any CPU
		{10261535-B476-4DA8-A3D0-B88B9DCB870E}.Debug|Mixed Platforms.Build.0 = Debug|Any CPU
		{10261535-B476-4DA8-A3D0-B88B9DCB870E}.Debug|x64.ActiveCfg = Debug|Any CPU
		{10261535-B476-4DA8-A3D0-B88B9DCB870E}.Debug|x86.ActiveCfg = Debug|Any CPU
		{10261535-B476-4DA8-A3D0-B88B9DCB870E}.Release|Any CPU.ActiveCfg = Release|Any CPU
		{10261535-B476-4DA8-A3D0-B88B9DCB870E}.Release|Any CPU.Build.0 = Release|Any CPU
		{10261535-B476-4DA8-A3D0-B88B9DCB870E}.Release|ARM.ActiveCfg = Release|Any CPU
		{10261535-B476-4DA8-A3D0-B88B9DCB870E}.Release|Mixed Platforms.ActiveCfg = Release|Any CPU
		{10261535-B476-4DA8-A3D0-B88B9DCB870E}.Release|Mixed Platforms.Build.0 = Release|Any CPU
		{10261535-B476-4DA8-A3D0-B88B9DCB870E}.Release|x64.ActiveCfg = Release|Any CPU
		{10261535-B476-4DA8-A3D0-B88B9DCB870E}.Release|x86.ActiveCfg = Release|Any CPU
		{F4BD0EE3-2260-4F06-B950-5BCBE706A3F8}.Debug|Any CPU.ActiveCfg = Debug|Any CPU
		{F4BD0EE3-2260-4F06-B950-5BCBE706A3F8}.Debug|Any CPU.Build.0 = Debug|Any CPU
		{F4BD0EE3-2260-4F06-B950-5BCBE706A3F8}.Debug|Any CPU.Deploy.0 = Debug|Any CPU
		{F4BD0EE3-2260-4F06-B950-5BCBE706A3F8}.Debug|ARM.ActiveCfg = Debug|ARM
		{F4BD0EE3-2260-4F06-B950-5BCBE706A3F8}.Debug|ARM.Build.0 = Debug|ARM
		{F4BD0EE3-2260-4F06-B950-5BCBE706A3F8}.Debug|ARM.Deploy.0 = Debug|ARM
		{F4BD0EE3-2260-4F06-B950-5BCBE706A3F8}.Debug|Mixed Platforms.ActiveCfg = Debug|Any CPU
		{F4BD0EE3-2260-4F06-B950-5BCBE706A3F8}.Debug|Mixed Platforms.Build.0 = Debug|Any CPU
		{F4BD0EE3-2260-4F06-B950-5BCBE706A3F8}.Debug|Mixed Platforms.Deploy.0 = Debug|Any CPU
		{F4BD0EE3-2260-4F06-B950-5BCBE706A3F8}.Debug|x64.ActiveCfg = Debug|x64
		{F4BD0EE3-2260-4F06-B950-5BCBE706A3F8}.Debug|x64.Build.0 = Debug|x64
		{F4BD0EE3-2260-4F06-B950-5BCBE706A3F8}.Debug|x64.Deploy.0 = Debug|x64
		{F4BD0EE3-2260-4F06-B950-5BCBE706A3F8}.Debug|x86.ActiveCfg = Debug|x86
		{F4BD0EE3-2260-4F06-B950-5BCBE706A3F8}.Debug|x86.Build.0 = Debug|x86
		{F4BD0EE3-2260-4F06-B950-5BCBE706A3F8}.Debug|x86.Deploy.0 = Debug|x86
		{F4BD0EE3-2260-4F06-B950-5BCBE706A3F8}.Release|Any CPU.ActiveCfg = Release|Any CPU
		{F4BD0EE3-2260-4F06-B950-5BCBE706A3F8}.Release|Any CPU.Build.0 = Release|Any CPU
		{F4BD0EE3-2260-4F06-B950-5BCBE706A3F8}.Release|Any CPU.Deploy.0 = Release|Any CPU
		{F4BD0EE3-2260-4F06-B950-5BCBE706A3F8}.Release|ARM.ActiveCfg = Release|ARM
		{F4BD0EE3-2260-4F06-B950-5BCBE706A3F8}.Release|ARM.Build.0 = Release|ARM
		{F4BD0EE3-2260-4F06-B950-5BCBE706A3F8}.Release|ARM.Deploy.0 = Release|ARM
		{F4BD0EE3-2260-4F06-B950-5BCBE706A3F8}.Release|Mixed Platforms.ActiveCfg = Release|x86
		{F4BD0EE3-2260-4F06-B950-5BCBE706A3F8}.Release|Mixed Platforms.Build.0 = Release|x86
		{F4BD0EE3-2260-4F06-B950-5BCBE706A3F8}.Release|Mixed Platforms.Deploy.0 = Release|x86
		{F4BD0EE3-2260-4F06-B950-5BCBE706A3F8}.Release|x64.ActiveCfg = Release|x64
		{F4BD0EE3-2260-4F06-B950-5BCBE706A3F8}.Release|x64.Build.0 = Release|x64
		{F4BD0EE3-2260-4F06-B950-5BCBE706A3F8}.Release|x64.Deploy.0 = Release|x64
		{F4BD0EE3-2260-4F06-B950-5BCBE706A3F8}.Release|x86.ActiveCfg = Release|x86
		{F4BD0EE3-2260-4F06-B950-5BCBE706A3F8}.Release|x86.Build.0 = Release|x86
		{F4BD0EE3-2260-4F06-B950-5BCBE706A3F8}.Release|x86.Deploy.0 = Release|x86
		{B6A9C0F4-D62F-4950-9DAC-A2FBD0F2A743}.Debug|Any CPU.ActiveCfg = Debug|Any CPU
		{B6A9C0F4-D62F-4950-9DAC-A2FBD0F2A743}.Debug|Any CPU.Build.0 = Debug|Any CPU
		{B6A9C0F4-D62F-4950-9DAC-A2FBD0F2A743}.Debug|ARM.ActiveCfg = Debug|Any CPU
		{B6A9C0F4-D62F-4950-9DAC-A2FBD0F2A743}.Debug|Mixed Platforms.ActiveCfg = Debug|Any CPU
		{B6A9C0F4-D62F-4950-9DAC-A2FBD0F2A743}.Debug|Mixed Platforms.Build.0 = Debug|Any CPU
		{B6A9C0F4-D62F-4950-9DAC-A2FBD0F2A743}.Debug|x64.ActiveCfg = Debug|Any CPU
		{B6A9C0F4-D62F-4950-9DAC-A2FBD0F2A743}.Debug|x86.ActiveCfg = Debug|Any CPU
		{B6A9C0F4-D62F-4950-9DAC-A2FBD0F2A743}.Release|Any CPU.ActiveCfg = Release|Any CPU
		{B6A9C0F4-D62F-4950-9DAC-A2FBD0F2A743}.Release|Any CPU.Build.0 = Release|Any CPU
		{B6A9C0F4-D62F-4950-9DAC-A2FBD0F2A743}.Release|ARM.ActiveCfg = Release|Any CPU
		{B6A9C0F4-D62F-4950-9DAC-A2FBD0F2A743}.Release|Mixed Platforms.ActiveCfg = Release|Any CPU
		{B6A9C0F4-D62F-4950-9DAC-A2FBD0F2A743}.Release|Mixed Platforms.Build.0 = Release|Any CPU
		{B6A9C0F4-D62F-4950-9DAC-A2FBD0F2A743}.Release|x64.ActiveCfg = Release|Any CPU
		{B6A9C0F4-D62F-4950-9DAC-A2FBD0F2A743}.Release|x86.ActiveCfg = Release|Any CPU
		{4235F1C9-7651-491D-B2B8-672A802432E6}.Debug|Any CPU.ActiveCfg = Debug|Any CPU
		{4235F1C9-7651-491D-B2B8-672A802432E6}.Debug|Any CPU.Build.0 = Debug|Any CPU
		{4235F1C9-7651-491D-B2B8-672A802432E6}.Debug|Any CPU.Deploy.0 = Debug|Any CPU
		{4235F1C9-7651-491D-B2B8-672A802432E6}.Debug|ARM.ActiveCfg = Debug|ARM
		{4235F1C9-7651-491D-B2B8-672A802432E6}.Debug|ARM.Build.0 = Debug|ARM
		{4235F1C9-7651-491D-B2B8-672A802432E6}.Debug|ARM.Deploy.0 = Debug|ARM
		{4235F1C9-7651-491D-B2B8-672A802432E6}.Debug|Mixed Platforms.ActiveCfg = Debug|Any CPU
		{4235F1C9-7651-491D-B2B8-672A802432E6}.Debug|Mixed Platforms.Build.0 = Debug|Any CPU
		{4235F1C9-7651-491D-B2B8-672A802432E6}.Debug|Mixed Platforms.Deploy.0 = Debug|Any CPU
		{4235F1C9-7651-491D-B2B8-672A802432E6}.Debug|x64.ActiveCfg = Debug|x64
		{4235F1C9-7651-491D-B2B8-672A802432E6}.Debug|x64.Build.0 = Debug|x64
		{4235F1C9-7651-491D-B2B8-672A802432E6}.Debug|x64.Deploy.0 = Debug|x64
		{4235F1C9-7651-491D-B2B8-672A802432E6}.Debug|x86.ActiveCfg = Debug|x86
		{4235F1C9-7651-491D-B2B8-672A802432E6}.Debug|x86.Build.0 = Debug|x86
		{4235F1C9-7651-491D-B2B8-672A802432E6}.Debug|x86.Deploy.0 = Debug|x86
		{4235F1C9-7651-491D-B2B8-672A802432E6}.Release|Any CPU.ActiveCfg = Release|Any CPU
		{4235F1C9-7651-491D-B2B8-672A802432E6}.Release|Any CPU.Build.0 = Release|Any CPU
		{4235F1C9-7651-491D-B2B8-672A802432E6}.Release|Any CPU.Deploy.0 = Release|Any CPU
		{4235F1C9-7651-491D-B2B8-672A802432E6}.Release|ARM.ActiveCfg = Release|ARM
		{4235F1C9-7651-491D-B2B8-672A802432E6}.Release|ARM.Build.0 = Release|ARM
		{4235F1C9-7651-491D-B2B8-672A802432E6}.Release|ARM.Deploy.0 = Release|ARM
		{4235F1C9-7651-491D-B2B8-672A802432E6}.Release|Mixed Platforms.ActiveCfg = Release|x86
		{4235F1C9-7651-491D-B2B8-672A802432E6}.Release|Mixed Platforms.Build.0 = Release|x86
		{4235F1C9-7651-491D-B2B8-672A802432E6}.Release|Mixed Platforms.Deploy.0 = Release|x86
		{4235F1C9-7651-491D-B2B8-672A802432E6}.Release|x64.ActiveCfg = Release|x64
		{4235F1C9-7651-491D-B2B8-672A802432E6}.Release|x64.Build.0 = Release|x64
		{4235F1C9-7651-491D-B2B8-672A802432E6}.Release|x64.Deploy.0 = Release|x64
		{4235F1C9-7651-491D-B2B8-672A802432E6}.Release|x86.ActiveCfg = Release|x86
		{4235F1C9-7651-491D-B2B8-672A802432E6}.Release|x86.Build.0 = Release|x86
		{4235F1C9-7651-491D-B2B8-672A802432E6}.Release|x86.Deploy.0 = Release|x86
	EndGlobalSection
	GlobalSection(SolutionProperties) = preSolution
		HideSolutionNode = FALSE
	EndGlobalSection
	GlobalSection(NestedProjects) = preSolution
		{96958F3F-CDE8-4F64-A383-83E99B2DC67C} = {0596AAF4-D7EA-4485-9A3C-F2033868D5DF}
		{AB9EB1C5-2718-4E74-9335-8D3FD9EC6F33} = {0596AAF4-D7EA-4485-9A3C-F2033868D5DF}
		{80FFA53E-9C4D-45CE-A7D2-8FE0B6A9FBFB} = {0596AAF4-D7EA-4485-9A3C-F2033868D5DF}
		{C7DBF177-FCDB-4530-A6CA-3B1EFBAD63EB} = {0596AAF4-D7EA-4485-9A3C-F2033868D5DF}
		{286D7F72-2E89-4F1A-A5D2-A6C9300CD769} = {96958F3F-CDE8-4F64-A383-83E99B2DC67C}
		{EAABD53D-7507-4F76-A538-0264D7294422} = {96958F3F-CDE8-4F64-A383-83E99B2DC67C}
		{B75A7B93-6CE5-4FAB-805C-DF714693AFEB} = {286D7F72-2E89-4F1A-A5D2-A6C9300CD769}
		{62DCD467-1E9C-49E8-880A-00A077BF7BB8} = {286D7F72-2E89-4F1A-A5D2-A6C9300CD769}
		{E26944A6-D471-4C23-8326-3E80FAC89F03} = {286D7F72-2E89-4F1A-A5D2-A6C9300CD769}
		{D651317A-3B02-4A20-B2EE-35666B82D8BE} = {F705DEA4-FD4C-48F1-BE86-7F25B4A4479A}
		{6F13C229-6D89-4CF4-95CA-22188042236D} = {F705DEA4-FD4C-48F1-BE86-7F25B4A4479A}
		{38647120-00CD-4596-B898-EE35F48C01C2} = {F705DEA4-FD4C-48F1-BE86-7F25B4A4479A}
		{19AAA342-67EE-4741-87B4-A596931F98C4} = {F60109E7-E676-48EB-AAE6-43DE9EFD6E13}
		{C272F00D-D4CA-4793-ACF2-A1CA9EC2B3FA} = {F60109E7-E676-48EB-AAE6-43DE9EFD6E13}
		{CC3FA1BD-C143-415B-941A-A903CE5AE8DF} = {1B41DB30-E559-42F7-AE06-60095C64AB1E}
		{10261535-B476-4DA8-A3D0-B88B9DCB870E} = {1B41DB30-E559-42F7-AE06-60095C64AB1E}
		{F4BD0EE3-2260-4F06-B950-5BCBE706A3F8} = {38647120-00CD-4596-B898-EE35F48C01C2}
		{B6A9C0F4-D62F-4950-9DAC-A2FBD0F2A743} = {38647120-00CD-4596-B898-EE35F48C01C2}
		{4235F1C9-7651-491D-B2B8-672A802432E6} = {38647120-00CD-4596-B898-EE35F48C01C2}
	EndGlobalSection
EndGlobal
