
Microsoft Visual Studio Solution File, Format Version 12.00
# Visual Studio 2012
Project("{FAE04EC0-301F-11D3-BF4B-00C04F79EFBC}") = "SystemDot.Messaging", "..\Projects\SystemDot.Messaging\SystemDot.Messaging.csproj", "{0CDFED39-1AA2-464B-8F6A-3B8E19BA6842}"
EndProject
Project("{FAE04EC0-301F-11D3-BF4B-00C04F79EFBC}") = "SystemDot.Messaging.Specifications", "..\Projects\SystemDot.Messaging.Specifications\SystemDot.Messaging.Specifications.csproj", "{2563F726-8DC3-4244-BEA7-F11068EA7AB9}"
EndProject
Project("{FAE04EC0-301F-11D3-BF4B-00C04F79EFBC}") = "SystemDot", "..\Projects\SystemDot\SystemDot.csproj", "{DED30506-F4EC-4528-B535-8FA9373C5B52}"
EndProject
Project("{FAE04EC0-301F-11D3-BF4B-00C04F79EFBC}") = "SystemDot.Specifications", "..\Projects\SystemDot.Specifications\SystemDot.Specifications.csproj", "{C35328BB-3E59-4DC8-8397-C0A7BB2F2E5E}"
EndProject
Project("{FAE04EC0-301F-11D3-BF4B-00C04F79EFBC}") = "SystemDot.Messaging.MessagingServer", "..\Projects\SystemDot.Messaging.MessagingServer\SystemDot.Messaging.MessagingServer.csproj", "{B715C167-2A09-47CB-83DA-741AA7CAD36D}"
EndProject
Project("{2150E333-8FDC-42A3-9474-1A3956D46DE8}") = "Examples", "Examples", "{96958F3F-CDE8-4F64-A383-83E99B2DC67C}"
EndProject
Project("{FAE04EC0-301F-11D3-BF4B-00C04F79EFBC}") = "SystemDot.Messaging.OtherTestSubscriber", "..\Projects\Test\SystemDot.Messaging.OtherTestSubscriber\SystemDot.Messaging.OtherTestSubscriber.csproj", "{F29EC355-6C40-43C6-85D9-14E45D0460D6}"
EndProject
Project("{FAE04EC0-301F-11D3-BF4B-00C04F79EFBC}") = "SystemDot.Messaging.Test.Messages", "..\Projects\Test\SystemDot.Messaging.Test.Messages\SystemDot.Messaging.Test.Messages.csproj", "{EAABD53D-7507-4F76-A538-0264D7294422}"
EndProject
Project("{FAE04EC0-301F-11D3-BF4B-00C04F79EFBC}") = "SystemDot.Messaging.TestPublisher", "..\Projects\Test\SystemDot.Messaging.TestPublisher\SystemDot.Messaging.TestPublisher.csproj", "{51BFA365-0CFE-458B-AAD6-3718F0E59075}"
EndProject
Project("{FAE04EC0-301F-11D3-BF4B-00C04F79EFBC}") = "SystemDot.Messaging.TestRequestReply.Reciever", "..\Projects\Test\SystemDot.Messaging.TestRequestReply.Reciever\SystemDot.Messaging.TestRequestReply.Reciever.csproj", "{B75A7B93-6CE5-4FAB-805C-DF714693AFEB}"
EndProject
Project("{FAE04EC0-301F-11D3-BF4B-00C04F79EFBC}") = "SystemDot.Messaging.TestRequestReply.Sender", "..\Projects\Test\SystemDot.Messaging.TestRequestReply.Sender\SystemDot.Messaging.TestRequestReply.Sender.csproj", "{62DCD467-1E9C-49E8-880A-00A077BF7BB8}"
EndProject
Project("{FAE04EC0-301F-11D3-BF4B-00C04F79EFBC}") = "SystemDot.Messaging.TestSubscriber", "..\Projects\Test\SystemDot.Messaging.TestSubscriber\SystemDot.Messaging.TestSubscriber.csproj", "{70598EB3-7AA8-429B-8E9D-3ADCAD2D377B}"
EndProject
Project("{FAE04EC0-301F-11D3-BF4B-00C04F79EFBC}") = "SystemDot.NonMetro", "..\Projects\SystemDot.NonMetro\SystemDot.NonMetro.csproj", "{FD8BB339-A3F0-4643-B09C-6FD9D6BD1E1A}"
EndProject
Project("{2150E333-8FDC-42A3-9474-1A3956D46DE8}") = "PubSub", "PubSub", "{4F8D2941-B4AA-4F54-B2B6-940D96C41B7B}"
EndProject
Project("{2150E333-8FDC-42A3-9474-1A3956D46DE8}") = "RequestReply", "RequestReply", "{286D7F72-2E89-4F1A-A5D2-A6C9300CD769}"
EndProject
Project("{2150E333-8FDC-42A3-9474-1A3956D46DE8}") = "Combined", "Combined", "{50599EA5-19A7-4A8F-85AD-65E25D2C2900}"
EndProject
Project("{FAE04EC0-301F-11D3-BF4B-00C04F79EFBC}") = "SystemDot.Messaging.Combined.Server", "..\Projects\Test\SystemDot.Messaging.Combined.Server\SystemDot.Messaging.Combined.Server.csproj", "{8F04CA98-5CFA-40A9-8902-AF8CA122B2B8}"
EndProject
Project("{FAE04EC0-301F-11D3-BF4B-00C04F79EFBC}") = "SystemDot.Messaging.Combined.Client", "..\Projects\Test\SystemDot.Messaging.Combined.Client\SystemDot.Messaging.Combined.Client.csproj", "{A6BDD6BA-E3E6-40DB-A488-43ACFBE10140}"
EndProject
Project("{FAE04EC0-301F-11D3-BF4B-00C04F79EFBC}") = "SystemDot.Messaging.Combined.Subscriber", "..\Projects\Test\SystemDot.Messaging.Combined.Subscriber\SystemDot.Messaging.Combined.Subscriber.csproj", "{E78D36D7-8A74-4B36-AC5D-3F1D5F27E81C}"
EndProject
Project("{2150E333-8FDC-42A3-9474-1A3956D46DE8}") = "MultiChannel", "MultiChannel", "{B5522475-BF79-4BF8-8388-8C9164B607AB}"
EndProject
Project("{FAE04EC0-301F-11D3-BF4B-00C04F79EFBC}") = "SystemDot.Messaging.MultiChannel.RecieverA", "..\Projects\Test\SystemDot.Messaging.MultiChannel.RecieverA\SystemDot.Messaging.MultiChannel.RecieverA.csproj", "{33A5DEEB-9AB9-49C5-AC7C-1DA1408DE27E}"
EndProject
Project("{FAE04EC0-301F-11D3-BF4B-00C04F79EFBC}") = "SystemDot.Messaging.MultiChannel.RecieverB", "..\Projects\Test\SystemDot.Messaging.MultiChannel.RecieverB\SystemDot.Messaging.MultiChannel.RecieverB.csproj", "{DB25BDB4-9706-4D68-949A-69AB9E160F3B}"
EndProject
Project("{FAE04EC0-301F-11D3-BF4B-00C04F79EFBC}") = "SystemDot.Messaging.MultiChannel.Sender", "..\Projects\Test\SystemDot.Messaging.MultiChannel.Sender\SystemDot.Messaging.MultiChannel.Sender.csproj", "{41F49920-AAF5-4168-96C1-053BF5301A05}"
EndProject
Project("{FAE04EC0-301F-11D3-BF4B-00C04F79EFBC}") = "SystemDot.Messaging.Storage.Sql", "..\Projects\SystemDot.Messaging.Storage.Sql\SystemDot.Messaging.Storage.Sql.csproj", "{80FFA53E-9C4D-45CE-A7D2-8FE0B6A9FBFB}"
EndProject
Project("{FAE04EC0-301F-11D3-BF4B-00C04F79EFBC}") = "SystemDot.Messaging.Storage.Esent", "..\Projects\SystemDot.Messaging.Storage.Esent\SystemDot.Messaging.Storage.Esent.csproj", "{C7DBF177-FCDB-4530-A6CA-3B1EFBAD63EB}"
EndProject
Global
	GlobalSection(SolutionConfigurationPlatforms) = preSolution
		Debug|Any CPU = Debug|Any CPU
		Debug|Mixed Platforms = Debug|Mixed Platforms
		Debug|x86 = Debug|x86
		Release|Any CPU = Release|Any CPU
		Release|Mixed Platforms = Release|Mixed Platforms
		Release|x86 = Release|x86
	EndGlobalSection
	GlobalSection(ProjectConfigurationPlatforms) = postSolution
		{0CDFED39-1AA2-464B-8F6A-3B8E19BA6842}.Debug|Any CPU.ActiveCfg = Debug|Any CPU
		{0CDFED39-1AA2-464B-8F6A-3B8E19BA6842}.Debug|Any CPU.Build.0 = Debug|Any CPU
		{0CDFED39-1AA2-464B-8F6A-3B8E19BA6842}.Debug|Mixed Platforms.ActiveCfg = Debug|Any CPU
		{0CDFED39-1AA2-464B-8F6A-3B8E19BA6842}.Debug|Mixed Platforms.Build.0 = Debug|Any CPU
		{0CDFED39-1AA2-464B-8F6A-3B8E19BA6842}.Debug|x86.ActiveCfg = Debug|Any CPU
		{0CDFED39-1AA2-464B-8F6A-3B8E19BA6842}.Debug|x86.Build.0 = Debug|Any CPU
		{0CDFED39-1AA2-464B-8F6A-3B8E19BA6842}.Release|Any CPU.ActiveCfg = Release|Any CPU
		{0CDFED39-1AA2-464B-8F6A-3B8E19BA6842}.Release|Any CPU.Build.0 = Release|Any CPU
		{0CDFED39-1AA2-464B-8F6A-3B8E19BA6842}.Release|Mixed Platforms.ActiveCfg = Release|Any CPU
		{0CDFED39-1AA2-464B-8F6A-3B8E19BA6842}.Release|Mixed Platforms.Build.0 = Release|Any CPU
		{0CDFED39-1AA2-464B-8F6A-3B8E19BA6842}.Release|x86.ActiveCfg = Release|Any CPU
		{2563F726-8DC3-4244-BEA7-F11068EA7AB9}.Debug|Any CPU.ActiveCfg = Debug|Any CPU
		{2563F726-8DC3-4244-BEA7-F11068EA7AB9}.Debug|Any CPU.Build.0 = Debug|Any CPU
		{2563F726-8DC3-4244-BEA7-F11068EA7AB9}.Debug|Mixed Platforms.ActiveCfg = Debug|Any CPU
		{2563F726-8DC3-4244-BEA7-F11068EA7AB9}.Debug|Mixed Platforms.Build.0 = Debug|Any CPU
		{2563F726-8DC3-4244-BEA7-F11068EA7AB9}.Debug|x86.ActiveCfg = Debug|Any CPU
		{2563F726-8DC3-4244-BEA7-F11068EA7AB9}.Debug|x86.Build.0 = Debug|Any CPU
		{2563F726-8DC3-4244-BEA7-F11068EA7AB9}.Release|Any CPU.ActiveCfg = Release|Any CPU
		{2563F726-8DC3-4244-BEA7-F11068EA7AB9}.Release|Any CPU.Build.0 = Release|Any CPU
		{2563F726-8DC3-4244-BEA7-F11068EA7AB9}.Release|Mixed Platforms.ActiveCfg = Release|Any CPU
		{2563F726-8DC3-4244-BEA7-F11068EA7AB9}.Release|Mixed Platforms.Build.0 = Release|Any CPU
		{2563F726-8DC3-4244-BEA7-F11068EA7AB9}.Release|x86.ActiveCfg = Release|Any CPU
		{33A5DEEB-9AB9-49C5-AC7C-1DA1408DE27E}.Debug|Any CPU.ActiveCfg = Debug|Any CPU
		{33A5DEEB-9AB9-49C5-AC7C-1DA1408DE27E}.Debug|Any CPU.Build.0 = Debug|Any CPU
		{33A5DEEB-9AB9-49C5-AC7C-1DA1408DE27E}.Debug|Mixed Platforms.ActiveCfg = Debug|Any CPU
		{33A5DEEB-9AB9-49C5-AC7C-1DA1408DE27E}.Debug|Mixed Platforms.Build.0 = Debug|Any CPU
		{33A5DEEB-9AB9-49C5-AC7C-1DA1408DE27E}.Debug|x86.ActiveCfg = Debug|Any CPU
		{33A5DEEB-9AB9-49C5-AC7C-1DA1408DE27E}.Debug|x86.Build.0 = Debug|Any CPU
		{33A5DEEB-9AB9-49C5-AC7C-1DA1408DE27E}.Release|Any CPU.ActiveCfg = Release|Any CPU
		{33A5DEEB-9AB9-49C5-AC7C-1DA1408DE27E}.Release|Any CPU.Build.0 = Release|Any CPU
		{33A5DEEB-9AB9-49C5-AC7C-1DA1408DE27E}.Release|Mixed Platforms.ActiveCfg = Release|Any CPU
		{33A5DEEB-9AB9-49C5-AC7C-1DA1408DE27E}.Release|Mixed Platforms.Build.0 = Release|Any CPU
		{33A5DEEB-9AB9-49C5-AC7C-1DA1408DE27E}.Release|x86.ActiveCfg = Release|Any CPU
		{41F49920-AAF5-4168-96C1-053BF5301A05}.Debug|Any CPU.ActiveCfg = Debug|Any CPU
		{41F49920-AAF5-4168-96C1-053BF5301A05}.Debug|Any CPU.Build.0 = Debug|Any CPU
		{41F49920-AAF5-4168-96C1-053BF5301A05}.Debug|Mixed Platforms.ActiveCfg = Debug|Any CPU
		{41F49920-AAF5-4168-96C1-053BF5301A05}.Debug|Mixed Platforms.Build.0 = Debug|Any CPU
		{41F49920-AAF5-4168-96C1-053BF5301A05}.Debug|x86.ActiveCfg = Debug|Any CPU
		{41F49920-AAF5-4168-96C1-053BF5301A05}.Debug|x86.Build.0 = Debug|Any CPU
		{41F49920-AAF5-4168-96C1-053BF5301A05}.Release|Any CPU.ActiveCfg = Release|Any CPU
		{41F49920-AAF5-4168-96C1-053BF5301A05}.Release|Any CPU.Build.0 = Release|Any CPU
		{41F49920-AAF5-4168-96C1-053BF5301A05}.Release|Mixed Platforms.ActiveCfg = Release|Any CPU
		{41F49920-AAF5-4168-96C1-053BF5301A05}.Release|Mixed Platforms.Build.0 = Release|Any CPU
		{41F49920-AAF5-4168-96C1-053BF5301A05}.Release|x86.ActiveCfg = Release|Any CPU
		{51BFA365-0CFE-458B-AAD6-3718F0E59075}.Debug|Any CPU.ActiveCfg = Debug|x86
		{51BFA365-0CFE-458B-AAD6-3718F0E59075}.Debug|Mixed Platforms.ActiveCfg = Debug|x86
		{51BFA365-0CFE-458B-AAD6-3718F0E59075}.Debug|Mixed Platforms.Build.0 = Debug|x86
		{51BFA365-0CFE-458B-AAD6-3718F0E59075}.Debug|x86.ActiveCfg = Debug|x86
		{51BFA365-0CFE-458B-AAD6-3718F0E59075}.Debug|x86.Build.0 = Debug|x86
		{51BFA365-0CFE-458B-AAD6-3718F0E59075}.Release|Any CPU.ActiveCfg = Release|x86
		{51BFA365-0CFE-458B-AAD6-3718F0E59075}.Release|Mixed Platforms.ActiveCfg = Release|x86
		{51BFA365-0CFE-458B-AAD6-3718F0E59075}.Release|Mixed Platforms.Build.0 = Release|x86
		{51BFA365-0CFE-458B-AAD6-3718F0E59075}.Release|x86.ActiveCfg = Release|x86
		{51BFA365-0CFE-458B-AAD6-3718F0E59075}.Release|x86.Build.0 = Release|x86
		{62DCD467-1E9C-49E8-880A-00A077BF7BB8}.Debug|Any CPU.ActiveCfg = Debug|x86
		{62DCD467-1E9C-49E8-880A-00A077BF7BB8}.Debug|Mixed Platforms.ActiveCfg = Debug|x86
		{62DCD467-1E9C-49E8-880A-00A077BF7BB8}.Debug|Mixed Platforms.Build.0 = Debug|x86
		{62DCD467-1E9C-49E8-880A-00A077BF7BB8}.Debug|x86.ActiveCfg = Debug|x86
		{62DCD467-1E9C-49E8-880A-00A077BF7BB8}.Debug|x86.Build.0 = Debug|x86
		{62DCD467-1E9C-49E8-880A-00A077BF7BB8}.Release|Any CPU.ActiveCfg = Release|x86
		{62DCD467-1E9C-49E8-880A-00A077BF7BB8}.Release|Mixed Platforms.ActiveCfg = Release|x86
		{62DCD467-1E9C-49E8-880A-00A077BF7BB8}.Release|Mixed Platforms.Build.0 = Release|x86
		{62DCD467-1E9C-49E8-880A-00A077BF7BB8}.Release|x86.ActiveCfg = Release|x86
		{62DCD467-1E9C-49E8-880A-00A077BF7BB8}.Release|x86.Build.0 = Release|x86
		{70598EB3-7AA8-429B-8E9D-3ADCAD2D377B}.Debug|Any CPU.ActiveCfg = Debug|x86
		{70598EB3-7AA8-429B-8E9D-3ADCAD2D377B}.Debug|Mixed Platforms.ActiveCfg = Debug|x86
		{70598EB3-7AA8-429B-8E9D-3ADCAD2D377B}.Debug|Mixed Platforms.Build.0 = Debug|x86
		{70598EB3-7AA8-429B-8E9D-3ADCAD2D377B}.Debug|x86.ActiveCfg = Debug|x86
		{70598EB3-7AA8-429B-8E9D-3ADCAD2D377B}.Debug|x86.Build.0 = Debug|x86
		{70598EB3-7AA8-429B-8E9D-3ADCAD2D377B}.Release|Any CPU.ActiveCfg = Release|x86
		{70598EB3-7AA8-429B-8E9D-3ADCAD2D377B}.Release|Mixed Platforms.ActiveCfg = Release|x86
		{70598EB3-7AA8-429B-8E9D-3ADCAD2D377B}.Release|Mixed Platforms.Build.0 = Release|x86
		{70598EB3-7AA8-429B-8E9D-3ADCAD2D377B}.Release|x86.ActiveCfg = Release|x86
		{70598EB3-7AA8-429B-8E9D-3ADCAD2D377B}.Release|x86.Build.0 = Release|x86
		{80FFA53E-9C4D-45CE-A7D2-8FE0B6A9FBFB}.Debug|Any CPU.ActiveCfg = Debug|Any CPU
		{80FFA53E-9C4D-45CE-A7D2-8FE0B6A9FBFB}.Debug|Any CPU.Build.0 = Debug|Any CPU
		{80FFA53E-9C4D-45CE-A7D2-8FE0B6A9FBFB}.Debug|Mixed Platforms.ActiveCfg = Debug|Any CPU
		{80FFA53E-9C4D-45CE-A7D2-8FE0B6A9FBFB}.Debug|Mixed Platforms.Build.0 = Debug|Any CPU
		{80FFA53E-9C4D-45CE-A7D2-8FE0B6A9FBFB}.Debug|x86.ActiveCfg = Debug|Any CPU
		{80FFA53E-9C4D-45CE-A7D2-8FE0B6A9FBFB}.Debug|x86.Build.0 = Debug|Any CPU
		{80FFA53E-9C4D-45CE-A7D2-8FE0B6A9FBFB}.Release|Any CPU.ActiveCfg = Release|Any CPU
		{80FFA53E-9C4D-45CE-A7D2-8FE0B6A9FBFB}.Release|Any CPU.Build.0 = Release|Any CPU
		{80FFA53E-9C4D-45CE-A7D2-8FE0B6A9FBFB}.Release|Mixed Platforms.ActiveCfg = Release|Any CPU
		{80FFA53E-9C4D-45CE-A7D2-8FE0B6A9FBFB}.Release|Mixed Platforms.Build.0 = Release|Any CPU
		{80FFA53E-9C4D-45CE-A7D2-8FE0B6A9FBFB}.Release|x86.ActiveCfg = Release|Any CPU
		{8F04CA98-5CFA-40A9-8902-AF8CA122B2B8}.Debug|Any CPU.ActiveCfg = Debug|Any CPU
		{8F04CA98-5CFA-40A9-8902-AF8CA122B2B8}.Debug|Any CPU.Build.0 = Debug|Any CPU
		{8F04CA98-5CFA-40A9-8902-AF8CA122B2B8}.Debug|Mixed Platforms.ActiveCfg = Debug|Any CPU
		{8F04CA98-5CFA-40A9-8902-AF8CA122B2B8}.Debug|Mixed Platforms.Build.0 = Debug|Any CPU
		{8F04CA98-5CFA-40A9-8902-AF8CA122B2B8}.Debug|x86.ActiveCfg = Debug|Any CPU
		{8F04CA98-5CFA-40A9-8902-AF8CA122B2B8}.Debug|x86.Build.0 = Debug|Any CPU
		{8F04CA98-5CFA-40A9-8902-AF8CA122B2B8}.Release|Any CPU.ActiveCfg = Release|Any CPU
		{8F04CA98-5CFA-40A9-8902-AF8CA122B2B8}.Release|Any CPU.Build.0 = Release|Any CPU
		{8F04CA98-5CFA-40A9-8902-AF8CA122B2B8}.Release|Mixed Platforms.ActiveCfg = Release|Any CPU
		{8F04CA98-5CFA-40A9-8902-AF8CA122B2B8}.Release|Mixed Platforms.Build.0 = Release|Any CPU
		{8F04CA98-5CFA-40A9-8902-AF8CA122B2B8}.Release|x86.ActiveCfg = Release|Any CPU
		{A6BDD6BA-E3E6-40DB-A488-43ACFBE10140}.Debug|Any CPU.ActiveCfg = Debug|Any CPU
		{A6BDD6BA-E3E6-40DB-A488-43ACFBE10140}.Debug|Any CPU.Build.0 = Debug|Any CPU
		{A6BDD6BA-E3E6-40DB-A488-43ACFBE10140}.Debug|Mixed Platforms.ActiveCfg = Debug|Any CPU
		{A6BDD6BA-E3E6-40DB-A488-43ACFBE10140}.Debug|Mixed Platforms.Build.0 = Debug|Any CPU
		{A6BDD6BA-E3E6-40DB-A488-43ACFBE10140}.Debug|x86.ActiveCfg = Debug|Any CPU
		{A6BDD6BA-E3E6-40DB-A488-43ACFBE10140}.Debug|x86.Build.0 = Debug|Any CPU
		{A6BDD6BA-E3E6-40DB-A488-43ACFBE10140}.Release|Any CPU.ActiveCfg = Release|Any CPU
		{A6BDD6BA-E3E6-40DB-A488-43ACFBE10140}.Release|Any CPU.Build.0 = Release|Any CPU
		{A6BDD6BA-E3E6-40DB-A488-43ACFBE10140}.Release|Mixed Platforms.ActiveCfg = Release|Any CPU
		{A6BDD6BA-E3E6-40DB-A488-43ACFBE10140}.Release|Mixed Platforms.Build.0 = Release|Any CPU
		{A6BDD6BA-E3E6-40DB-A488-43ACFBE10140}.Release|x86.ActiveCfg = Release|Any CPU
		{B715C167-2A09-47CB-83DA-741AA7CAD36D}.Debug|Any CPU.ActiveCfg = Debug|x86
		{B715C167-2A09-47CB-83DA-741AA7CAD36D}.Debug|Mixed Platforms.ActiveCfg = Debug|x86
		{B715C167-2A09-47CB-83DA-741AA7CAD36D}.Debug|Mixed Platforms.Build.0 = Debug|x86
		{B715C167-2A09-47CB-83DA-741AA7CAD36D}.Debug|x86.ActiveCfg = Debug|x86
		{B715C167-2A09-47CB-83DA-741AA7CAD36D}.Debug|x86.Build.0 = Debug|x86
		{B715C167-2A09-47CB-83DA-741AA7CAD36D}.Release|Any CPU.ActiveCfg = Release|x86
		{B715C167-2A09-47CB-83DA-741AA7CAD36D}.Release|Mixed Platforms.ActiveCfg = Release|x86
		{B715C167-2A09-47CB-83DA-741AA7CAD36D}.Release|Mixed Platforms.Build.0 = Release|x86
		{B715C167-2A09-47CB-83DA-741AA7CAD36D}.Release|x86.ActiveCfg = Release|x86
		{B715C167-2A09-47CB-83DA-741AA7CAD36D}.Release|x86.Build.0 = Release|x86
		{B75A7B93-6CE5-4FAB-805C-DF714693AFEB}.Debug|Any CPU.ActiveCfg = Debug|x86
		{B75A7B93-6CE5-4FAB-805C-DF714693AFEB}.Debug|Mixed Platforms.ActiveCfg = Debug|x86
		{B75A7B93-6CE5-4FAB-805C-DF714693AFEB}.Debug|Mixed Platforms.Build.0 = Debug|x86
		{B75A7B93-6CE5-4FAB-805C-DF714693AFEB}.Debug|x86.ActiveCfg = Debug|x86
		{B75A7B93-6CE5-4FAB-805C-DF714693AFEB}.Debug|x86.Build.0 = Debug|x86
		{B75A7B93-6CE5-4FAB-805C-DF714693AFEB}.Release|Any CPU.ActiveCfg = Release|x86
		{B75A7B93-6CE5-4FAB-805C-DF714693AFEB}.Release|Mixed Platforms.ActiveCfg = Release|x86
		{B75A7B93-6CE5-4FAB-805C-DF714693AFEB}.Release|Mixed Platforms.Build.0 = Release|x86
		{B75A7B93-6CE5-4FAB-805C-DF714693AFEB}.Release|x86.ActiveCfg = Release|x86
		{B75A7B93-6CE5-4FAB-805C-DF714693AFEB}.Release|x86.Build.0 = Release|x86
		{C35328BB-3E59-4DC8-8397-C0A7BB2F2E5E}.Debug|Any CPU.ActiveCfg = Debug|Any CPU
		{C35328BB-3E59-4DC8-8397-C0A7BB2F2E5E}.Debug|Any CPU.Build.0 = Debug|Any CPU
		{C35328BB-3E59-4DC8-8397-C0A7BB2F2E5E}.Debug|Mixed Platforms.ActiveCfg = Debug|Any CPU
		{C35328BB-3E59-4DC8-8397-C0A7BB2F2E5E}.Debug|Mixed Platforms.Build.0 = Debug|Any CPU
		{C35328BB-3E59-4DC8-8397-C0A7BB2F2E5E}.Debug|x86.ActiveCfg = Debug|Any CPU
		{C35328BB-3E59-4DC8-8397-C0A7BB2F2E5E}.Debug|x86.Build.0 = Debug|Any CPU
		{C35328BB-3E59-4DC8-8397-C0A7BB2F2E5E}.Release|Any CPU.ActiveCfg = Release|Any CPU
		{C35328BB-3E59-4DC8-8397-C0A7BB2F2E5E}.Release|Any CPU.Build.0 = Release|Any CPU
		{C35328BB-3E59-4DC8-8397-C0A7BB2F2E5E}.Release|Mixed Platforms.ActiveCfg = Release|Any CPU
		{C35328BB-3E59-4DC8-8397-C0A7BB2F2E5E}.Release|Mixed Platforms.Build.0 = Release|Any CPU
		{C35328BB-3E59-4DC8-8397-C0A7BB2F2E5E}.Release|x86.ActiveCfg = Release|Any CPU
		{C7DBF177-FCDB-4530-A6CA-3B1EFBAD63EB}.Debug|Any CPU.ActiveCfg = Debug|Any CPU
		{C7DBF177-FCDB-4530-A6CA-3B1EFBAD63EB}.Debug|Any CPU.Build.0 = Debug|Any CPU
		{C7DBF177-FCDB-4530-A6CA-3B1EFBAD63EB}.Debug|Mixed Platforms.ActiveCfg = Debug|Any CPU
		{C7DBF177-FCDB-4530-A6CA-3B1EFBAD63EB}.Debug|Mixed Platforms.Build.0 = Debug|Any CPU
		{C7DBF177-FCDB-4530-A6CA-3B1EFBAD63EB}.Debug|x86.ActiveCfg = Debug|Any CPU
		{C7DBF177-FCDB-4530-A6CA-3B1EFBAD63EB}.Debug|x86.Build.0 = Debug|Any CPU
		{C7DBF177-FCDB-4530-A6CA-3B1EFBAD63EB}.Release|Any CPU.ActiveCfg = Release|Any CPU
		{C7DBF177-FCDB-4530-A6CA-3B1EFBAD63EB}.Release|Any CPU.Build.0 = Release|Any CPU
		{C7DBF177-FCDB-4530-A6CA-3B1EFBAD63EB}.Release|Mixed Platforms.ActiveCfg = Release|Any CPU
		{C7DBF177-FCDB-4530-A6CA-3B1EFBAD63EB}.Release|Mixed Platforms.Build.0 = Release|Any CPU
		{C7DBF177-FCDB-4530-A6CA-3B1EFBAD63EB}.Release|x86.ActiveCfg = Release|Any CPU
		{DB25BDB4-9706-4D68-949A-69AB9E160F3B}.Debug|Any CPU.ActiveCfg = Debug|Any CPU
		{DB25BDB4-9706-4D68-949A-69AB9E160F3B}.Debug|Any CPU.Build.0 = Debug|Any CPU
		{DB25BDB4-9706-4D68-949A-69AB9E160F3B}.Debug|Mixed Platforms.ActiveCfg = Debug|Any CPU
		{DB25BDB4-9706-4D68-949A-69AB9E160F3B}.Debug|Mixed Platforms.Build.0 = Debug|Any CPU
		{DB25BDB4-9706-4D68-949A-69AB9E160F3B}.Debug|x86.ActiveCfg = Debug|Any CPU
		{DB25BDB4-9706-4D68-949A-69AB9E160F3B}.Debug|x86.Build.0 = Debug|Any CPU
		{DB25BDB4-9706-4D68-949A-69AB9E160F3B}.Release|Any CPU.ActiveCfg = Release|Any CPU
		{DB25BDB4-9706-4D68-949A-69AB9E160F3B}.Release|Any CPU.Build.0 = Release|Any CPU
		{DB25BDB4-9706-4D68-949A-69AB9E160F3B}.Release|Mixed Platforms.ActiveCfg = Release|Any CPU
		{DB25BDB4-9706-4D68-949A-69AB9E160F3B}.Release|Mixed Platforms.Build.0 = Release|Any CPU
		{DB25BDB4-9706-4D68-949A-69AB9E160F3B}.Release|x86.ActiveCfg = Release|Any CPU
		{DED30506-F4EC-4528-B535-8FA9373C5B52}.Debug|Any CPU.ActiveCfg = Debug|Any CPU
		{DED30506-F4EC-4528-B535-8FA9373C5B52}.Debug|Any CPU.Build.0 = Debug|Any CPU
		{DED30506-F4EC-4528-B535-8FA9373C5B52}.Debug|Mixed Platforms.ActiveCfg = Debug|Any CPU
		{DED30506-F4EC-4528-B535-8FA9373C5B52}.Debug|Mixed Platforms.Build.0 = Debug|Any CPU
		{DED30506-F4EC-4528-B535-8FA9373C5B52}.Debug|x86.ActiveCfg = Debug|Any CPU
		{DED30506-F4EC-4528-B535-8FA9373C5B52}.Debug|x86.Build.0 = Debug|Any CPU
		{DED30506-F4EC-4528-B535-8FA9373C5B52}.Release|Any CPU.ActiveCfg = Release|Any CPU
		{DED30506-F4EC-4528-B535-8FA9373C5B52}.Release|Any CPU.Build.0 = Release|Any CPU
		{DED30506-F4EC-4528-B535-8FA9373C5B52}.Release|Mixed Platforms.ActiveCfg = Release|Any CPU
		{DED30506-F4EC-4528-B535-8FA9373C5B52}.Release|Mixed Platforms.Build.0 = Release|Any CPU
		{DED30506-F4EC-4528-B535-8FA9373C5B52}.Release|x86.ActiveCfg = Release|Any CPU
		{E78D36D7-8A74-4B36-AC5D-3F1D5F27E81C}.Debug|Any CPU.ActiveCfg = Debug|Any CPU
		{E78D36D7-8A74-4B36-AC5D-3F1D5F27E81C}.Debug|Any CPU.Build.0 = Debug|Any CPU
		{E78D36D7-8A74-4B36-AC5D-3F1D5F27E81C}.Debug|Mixed Platforms.ActiveCfg = Debug|Any CPU
		{E78D36D7-8A74-4B36-AC5D-3F1D5F27E81C}.Debug|Mixed Platforms.Build.0 = Debug|Any CPU
		{E78D36D7-8A74-4B36-AC5D-3F1D5F27E81C}.Debug|x86.ActiveCfg = Debug|Any CPU
		{E78D36D7-8A74-4B36-AC5D-3F1D5F27E81C}.Debug|x86.Build.0 = Debug|Any CPU
		{E78D36D7-8A74-4B36-AC5D-3F1D5F27E81C}.Release|Any CPU.ActiveCfg = Release|Any CPU
		{E78D36D7-8A74-4B36-AC5D-3F1D5F27E81C}.Release|Any CPU.Build.0 = Release|Any CPU
		{E78D36D7-8A74-4B36-AC5D-3F1D5F27E81C}.Release|Mixed Platforms.ActiveCfg = Release|Any CPU
		{E78D36D7-8A74-4B36-AC5D-3F1D5F27E81C}.Release|Mixed Platforms.Build.0 = Release|Any CPU
		{E78D36D7-8A74-4B36-AC5D-3F1D5F27E81C}.Release|x86.ActiveCfg = Release|Any CPU
		{EAABD53D-7507-4F76-A538-0264D7294422}.Debug|Any CPU.ActiveCfg = Debug|Any CPU
		{EAABD53D-7507-4F76-A538-0264D7294422}.Debug|Any CPU.Build.0 = Debug|Any CPU
		{EAABD53D-7507-4F76-A538-0264D7294422}.Debug|Mixed Platforms.ActiveCfg = Debug|Any CPU
		{EAABD53D-7507-4F76-A538-0264D7294422}.Debug|Mixed Platforms.Build.0 = Debug|Any CPU
		{EAABD53D-7507-4F76-A538-0264D7294422}.Debug|x86.ActiveCfg = Debug|Any CPU
		{EAABD53D-7507-4F76-A538-0264D7294422}.Debug|x86.Build.0 = Debug|Any CPU
		{EAABD53D-7507-4F76-A538-0264D7294422}.Release|Any CPU.ActiveCfg = Release|Any CPU
		{EAABD53D-7507-4F76-A538-0264D7294422}.Release|Any CPU.Build.0 = Release|Any CPU
		{EAABD53D-7507-4F76-A538-0264D7294422}.Release|Mixed Platforms.ActiveCfg = Release|Any CPU
		{EAABD53D-7507-4F76-A538-0264D7294422}.Release|Mixed Platforms.Build.0 = Release|Any CPU
		{EAABD53D-7507-4F76-A538-0264D7294422}.Release|x86.ActiveCfg = Release|Any CPU
		{F29EC355-6C40-43C6-85D9-14E45D0460D6}.Debug|Any CPU.ActiveCfg = Debug|x86
		{F29EC355-6C40-43C6-85D9-14E45D0460D6}.Debug|Mixed Platforms.ActiveCfg = Debug|x86
		{F29EC355-6C40-43C6-85D9-14E45D0460D6}.Debug|Mixed Platforms.Build.0 = Debug|x86
		{F29EC355-6C40-43C6-85D9-14E45D0460D6}.Debug|x86.ActiveCfg = Debug|x86
		{F29EC355-6C40-43C6-85D9-14E45D0460D6}.Debug|x86.Build.0 = Debug|x86
		{F29EC355-6C40-43C6-85D9-14E45D0460D6}.Release|Any CPU.ActiveCfg = Release|x86
		{F29EC355-6C40-43C6-85D9-14E45D0460D6}.Release|Mixed Platforms.ActiveCfg = Release|x86
		{F29EC355-6C40-43C6-85D9-14E45D0460D6}.Release|Mixed Platforms.Build.0 = Release|x86
		{F29EC355-6C40-43C6-85D9-14E45D0460D6}.Release|x86.ActiveCfg = Release|x86
		{F29EC355-6C40-43C6-85D9-14E45D0460D6}.Release|x86.Build.0 = Release|x86
		{FD8BB339-A3F0-4643-B09C-6FD9D6BD1E1A}.Debug|Any CPU.ActiveCfg = Debug|Any CPU
		{FD8BB339-A3F0-4643-B09C-6FD9D6BD1E1A}.Debug|Any CPU.Build.0 = Debug|Any CPU
		{FD8BB339-A3F0-4643-B09C-6FD9D6BD1E1A}.Debug|Mixed Platforms.ActiveCfg = Debug|Any CPU
		{FD8BB339-A3F0-4643-B09C-6FD9D6BD1E1A}.Debug|Mixed Platforms.Build.0 = Debug|Any CPU
		{FD8BB339-A3F0-4643-B09C-6FD9D6BD1E1A}.Debug|x86.ActiveCfg = Debug|Any CPU
		{FD8BB339-A3F0-4643-B09C-6FD9D6BD1E1A}.Debug|x86.Build.0 = Debug|Any CPU
		{FD8BB339-A3F0-4643-B09C-6FD9D6BD1E1A}.Release|Any CPU.ActiveCfg = Release|Any CPU
		{FD8BB339-A3F0-4643-B09C-6FD9D6BD1E1A}.Release|Any CPU.Build.0 = Release|Any CPU
		{FD8BB339-A3F0-4643-B09C-6FD9D6BD1E1A}.Release|Mixed Platforms.ActiveCfg = Release|Any CPU
		{FD8BB339-A3F0-4643-B09C-6FD9D6BD1E1A}.Release|Mixed Platforms.Build.0 = Release|Any CPU
		{FD8BB339-A3F0-4643-B09C-6FD9D6BD1E1A}.Release|x86.ActiveCfg = Release|Any CPU
	EndGlobalSection
	GlobalSection(SolutionProperties) = preSolution
		HideSolutionNode = FALSE
	EndGlobalSection
	GlobalSection(NestedProjects) = preSolution
		{286D7F72-2E89-4F1A-A5D2-A6C9300CD769} = {96958F3F-CDE8-4F64-A383-83E99B2DC67C}
		{33A5DEEB-9AB9-49C5-AC7C-1DA1408DE27E} = {B5522475-BF79-4BF8-8388-8C9164B607AB}
		{41F49920-AAF5-4168-96C1-053BF5301A05} = {B5522475-BF79-4BF8-8388-8C9164B607AB}
		{4F8D2941-B4AA-4F54-B2B6-940D96C41B7B} = {96958F3F-CDE8-4F64-A383-83E99B2DC67C}
		{50599EA5-19A7-4A8F-85AD-65E25D2C2900} = {96958F3F-CDE8-4F64-A383-83E99B2DC67C}
		{51BFA365-0CFE-458B-AAD6-3718F0E59075} = {4F8D2941-B4AA-4F54-B2B6-940D96C41B7B}
		{62DCD467-1E9C-49E8-880A-00A077BF7BB8} = {286D7F72-2E89-4F1A-A5D2-A6C9300CD769}
		{70598EB3-7AA8-429B-8E9D-3ADCAD2D377B} = {4F8D2941-B4AA-4F54-B2B6-940D96C41B7B}
		{8F04CA98-5CFA-40A9-8902-AF8CA122B2B8} = {50599EA5-19A7-4A8F-85AD-65E25D2C2900}
		{A6BDD6BA-E3E6-40DB-A488-43ACFBE10140} = {50599EA5-19A7-4A8F-85AD-65E25D2C2900}
		{B5522475-BF79-4BF8-8388-8C9164B607AB} = {96958F3F-CDE8-4F64-A383-83E99B2DC67C}
		{B75A7B93-6CE5-4FAB-805C-DF714693AFEB} = {286D7F72-2E89-4F1A-A5D2-A6C9300CD769}
		{DB25BDB4-9706-4D68-949A-69AB9E160F3B} = {B5522475-BF79-4BF8-8388-8C9164B607AB}
		{E78D36D7-8A74-4B36-AC5D-3F1D5F27E81C} = {50599EA5-19A7-4A8F-85AD-65E25D2C2900}
		{EAABD53D-7507-4F76-A538-0264D7294422} = {96958F3F-CDE8-4F64-A383-83E99B2DC67C}
		{F29EC355-6C40-43C6-85D9-14E45D0460D6} = {4F8D2941-B4AA-4F54-B2B6-940D96C41B7B}
	EndGlobalSection
EndGlobal
