
Microsoft Visual Studio Solution File, Format Version 12.00
# Visual Studio 2012
Project("{FAE04EC0-301F-11D3-BF4B-00C04F79EFBC}") = "SystemDot.Messaging", "..\Projects\SystemDot.Messaging\SystemDot.Messaging.csproj", "{0CDFED39-1AA2-464B-8F6A-3B8E19BA6842}"
EndProject
Project("{FAE04EC0-301F-11D3-BF4B-00C04F79EFBC}") = "SystemDot.Messaging.Specifications", "..\Projects\SystemDot.Messaging.Specifications\SystemDot.Messaging.Specifications.csproj", "{2563F726-8DC3-4244-BEA7-F11068EA7AB9}"
EndProject
Project("{FAE04EC0-301F-11D3-BF4B-00C04F79EFBC}") = "SystemDot", "..\Projects\SystemDot\SystemDot.csproj", "{DED30506-F4EC-4528-B535-8FA9373C5B52}"
EndProject
Project("{FAE04EC0-301F-11D3-BF4B-00C04F79EFBC}") = "SystemDot.Specifications", "..\Projects\SystemDot.Specifications\SystemDot.Specifications.csproj", "{C35328BB-3E59-4DC8-8397-C0A7BB2F2E5E}"
EndProject
Project("{FAE04EC0-301F-11D3-BF4B-00C04F79EFBC}") = "SystemDot.Messaging.MessagingServer", "..\Projects\SystemDot.Messaging.MessagingServer\SystemDot.Messaging.MessagingServer.csproj", "{B715C167-2A09-47CB-83DA-741AA7CAD36D}"
EndProject
Project("{FAE04EC0-301F-11D3-BF4B-00C04F79EFBC}") = "SystemDot.Messaging.Test.Messages", "..\Projects\SystemDot.Messaging.Test.Messages\SystemDot.Messaging.Test.Messages.csproj", "{EAABD53D-7507-4F76-A538-0264D7294422}"
EndProject
Project("{2150E333-8FDC-42A3-9474-1A3956D46DE8}") = "Test", "Test", "{9FFC7D45-E954-4F3E-8132-A3C27440B412}"
EndProject
Project("{FAE04EC0-301F-11D3-BF4B-00C04F79EFBC}") = "SystemDot.Messaging.TestPublisher", "..\Projects\SystemDot.Messaging.TestPublisher\SystemDot.Messaging.TestPublisher.csproj", "{51BFA365-0CFE-458B-AAD6-3718F0E59075}"
EndProject
Project("{FAE04EC0-301F-11D3-BF4B-00C04F79EFBC}") = "SystemDot.Messaging.TestSubscriber", "..\Projects\SystemDot.Messaging.TestSubscriber\SystemDot.Messaging.TestSubscriber.csproj", "{70598EB3-7AA8-429B-8E9D-3ADCAD2D377B}"
EndProject
Project("{FAE04EC0-301F-11D3-BF4B-00C04F79EFBC}") = "SystemDot.Messaging.OtherTestSubscriber", "..\Projects\SystemDot.Messaging.OtherTestSubscriber\SystemDot.Messaging.OtherTestSubscriber.csproj", "{F29EC355-6C40-43C6-85D9-14E45D0460D6}"
EndProject
Project("{FAE04EC0-301F-11D3-BF4B-00C04F79EFBC}") = "SystemDot.NonMetro", "..\Projects\SystemDot.NonMetro\SystemDot.NonMetro.csproj", "{FD8BB339-A3F0-4643-B09C-6FD9D6BD1E1A}"
EndProject
Global
	GlobalSection(SolutionConfigurationPlatforms) = preSolution
		Debug|Any CPU = Debug|Any CPU
		Debug|Mixed Platforms = Debug|Mixed Platforms
		Debug|x86 = Debug|x86
		Release|Any CPU = Release|Any CPU
		Release|Mixed Platforms = Release|Mixed Platforms
		Release|x86 = Release|x86
	EndGlobalSection
	GlobalSection(ProjectConfigurationPlatforms) = postSolution
		{0CDFED39-1AA2-464B-8F6A-3B8E19BA6842}.Debug|Any CPU.ActiveCfg = Debug|Any CPU
		{0CDFED39-1AA2-464B-8F6A-3B8E19BA6842}.Debug|Any CPU.Build.0 = Debug|Any CPU
		{0CDFED39-1AA2-464B-8F6A-3B8E19BA6842}.Debug|Mixed Platforms.ActiveCfg = Debug|Any CPU
		{0CDFED39-1AA2-464B-8F6A-3B8E19BA6842}.Debug|Mixed Platforms.Build.0 = Debug|Any CPU
		{0CDFED39-1AA2-464B-8F6A-3B8E19BA6842}.Debug|x86.ActiveCfg = Debug|Any CPU
		{0CDFED39-1AA2-464B-8F6A-3B8E19BA6842}.Release|Any CPU.ActiveCfg = Release|Any CPU
		{0CDFED39-1AA2-464B-8F6A-3B8E19BA6842}.Release|Any CPU.Build.0 = Release|Any CPU
		{0CDFED39-1AA2-464B-8F6A-3B8E19BA6842}.Release|Mixed Platforms.ActiveCfg = Release|Any CPU
		{0CDFED39-1AA2-464B-8F6A-3B8E19BA6842}.Release|Mixed Platforms.Build.0 = Release|Any CPU
		{0CDFED39-1AA2-464B-8F6A-3B8E19BA6842}.Release|x86.ActiveCfg = Release|Any CPU
		{2563F726-8DC3-4244-BEA7-F11068EA7AB9}.Debug|Any CPU.ActiveCfg = Debug|Any CPU
		{2563F726-8DC3-4244-BEA7-F11068EA7AB9}.Debug|Any CPU.Build.0 = Debug|Any CPU
		{2563F726-8DC3-4244-BEA7-F11068EA7AB9}.Debug|Mixed Platforms.ActiveCfg = Debug|Any CPU
		{2563F726-8DC3-4244-BEA7-F11068EA7AB9}.Debug|Mixed Platforms.Build.0 = Debug|Any CPU
		{2563F726-8DC3-4244-BEA7-F11068EA7AB9}.Debug|x86.ActiveCfg = Debug|Any CPU
		{2563F726-8DC3-4244-BEA7-F11068EA7AB9}.Release|Any CPU.ActiveCfg = Release|Any CPU
		{2563F726-8DC3-4244-BEA7-F11068EA7AB9}.Release|Any CPU.Build.0 = Release|Any CPU
		{2563F726-8DC3-4244-BEA7-F11068EA7AB9}.Release|Mixed Platforms.ActiveCfg = Release|Any CPU
		{2563F726-8DC3-4244-BEA7-F11068EA7AB9}.Release|Mixed Platforms.Build.0 = Release|Any CPU
		{2563F726-8DC3-4244-BEA7-F11068EA7AB9}.Release|x86.ActiveCfg = Release|Any CPU
		{51BFA365-0CFE-458B-AAD6-3718F0E59075}.Debug|Any CPU.ActiveCfg = Debug|x86
		{51BFA365-0CFE-458B-AAD6-3718F0E59075}.Debug|Mixed Platforms.ActiveCfg = Debug|x86
		{51BFA365-0CFE-458B-AAD6-3718F0E59075}.Debug|Mixed Platforms.Build.0 = Debug|x86
		{51BFA365-0CFE-458B-AAD6-3718F0E59075}.Debug|x86.ActiveCfg = Debug|x86
		{51BFA365-0CFE-458B-AAD6-3718F0E59075}.Debug|x86.Build.0 = Debug|x86
		{51BFA365-0CFE-458B-AAD6-3718F0E59075}.Release|Any CPU.ActiveCfg = Release|x86
		{51BFA365-0CFE-458B-AAD6-3718F0E59075}.Release|Mixed Platforms.ActiveCfg = Release|x86
		{51BFA365-0CFE-458B-AAD6-3718F0E59075}.Release|Mixed Platforms.Build.0 = Release|x86
		{51BFA365-0CFE-458B-AAD6-3718F0E59075}.Release|x86.ActiveCfg = Release|x86
		{51BFA365-0CFE-458B-AAD6-3718F0E59075}.Release|x86.Build.0 = Release|x86
		{70598EB3-7AA8-429B-8E9D-3ADCAD2D377B}.Debug|Any CPU.ActiveCfg = Debug|x86
		{70598EB3-7AA8-429B-8E9D-3ADCAD2D377B}.Debug|Mixed Platforms.ActiveCfg = Debug|x86
		{70598EB3-7AA8-429B-8E9D-3ADCAD2D377B}.Debug|Mixed Platforms.Build.0 = Debug|x86
		{70598EB3-7AA8-429B-8E9D-3ADCAD2D377B}.Debug|x86.ActiveCfg = Debug|x86
		{70598EB3-7AA8-429B-8E9D-3ADCAD2D377B}.Debug|x86.Build.0 = Debug|x86
		{70598EB3-7AA8-429B-8E9D-3ADCAD2D377B}.Release|Any CPU.ActiveCfg = Release|x86
		{70598EB3-7AA8-429B-8E9D-3ADCAD2D377B}.Release|Mixed Platforms.ActiveCfg = Release|x86
		{70598EB3-7AA8-429B-8E9D-3ADCAD2D377B}.Release|Mixed Platforms.Build.0 = Release|x86
		{70598EB3-7AA8-429B-8E9D-3ADCAD2D377B}.Release|x86.ActiveCfg = Release|x86
		{70598EB3-7AA8-429B-8E9D-3ADCAD2D377B}.Release|x86.Build.0 = Release|x86
		{B715C167-2A09-47CB-83DA-741AA7CAD36D}.Debug|Any CPU.ActiveCfg = Debug|x86
		{B715C167-2A09-47CB-83DA-741AA7CAD36D}.Debug|Mixed Platforms.ActiveCfg = Debug|x86
		{B715C167-2A09-47CB-83DA-741AA7CAD36D}.Debug|Mixed Platforms.Build.0 = Debug|x86
		{B715C167-2A09-47CB-83DA-741AA7CAD36D}.Debug|x86.ActiveCfg = Debug|x86
		{B715C167-2A09-47CB-83DA-741AA7CAD36D}.Debug|x86.Build.0 = Debug|x86
		{B715C167-2A09-47CB-83DA-741AA7CAD36D}.Release|Any CPU.ActiveCfg = Release|x86
		{B715C167-2A09-47CB-83DA-741AA7CAD36D}.Release|Mixed Platforms.ActiveCfg = Release|x86
		{B715C167-2A09-47CB-83DA-741AA7CAD36D}.Release|Mixed Platforms.Build.0 = Release|x86
		{B715C167-2A09-47CB-83DA-741AA7CAD36D}.Release|x86.ActiveCfg = Release|x86
		{B715C167-2A09-47CB-83DA-741AA7CAD36D}.Release|x86.Build.0 = Release|x86
		{C35328BB-3E59-4DC8-8397-C0A7BB2F2E5E}.Debug|Any CPU.ActiveCfg = Debug|Any CPU
		{C35328BB-3E59-4DC8-8397-C0A7BB2F2E5E}.Debug|Any CPU.Build.0 = Debug|Any CPU
		{C35328BB-3E59-4DC8-8397-C0A7BB2F2E5E}.Debug|Mixed Platforms.ActiveCfg = Debug|Any CPU
		{C35328BB-3E59-4DC8-8397-C0A7BB2F2E5E}.Debug|Mixed Platforms.Build.0 = Debug|Any CPU
		{C35328BB-3E59-4DC8-8397-C0A7BB2F2E5E}.Debug|x86.ActiveCfg = Debug|Any CPU
		{C35328BB-3E59-4DC8-8397-C0A7BB2F2E5E}.Release|Any CPU.ActiveCfg = Release|Any CPU
		{C35328BB-3E59-4DC8-8397-C0A7BB2F2E5E}.Release|Any CPU.Build.0 = Release|Any CPU
		{C35328BB-3E59-4DC8-8397-C0A7BB2F2E5E}.Release|Mixed Platforms.ActiveCfg = Release|Any CPU
		{C35328BB-3E59-4DC8-8397-C0A7BB2F2E5E}.Release|Mixed Platforms.Build.0 = Release|Any CPU
		{C35328BB-3E59-4DC8-8397-C0A7BB2F2E5E}.Release|x86.ActiveCfg = Release|Any CPU
		{DED30506-F4EC-4528-B535-8FA9373C5B52}.Debug|Any CPU.ActiveCfg = Debug|Any CPU
		{DED30506-F4EC-4528-B535-8FA9373C5B52}.Debug|Any CPU.Build.0 = Debug|Any CPU
		{DED30506-F4EC-4528-B535-8FA9373C5B52}.Debug|Mixed Platforms.ActiveCfg = Debug|Any CPU
		{DED30506-F4EC-4528-B535-8FA9373C5B52}.Debug|Mixed Platforms.Build.0 = Debug|Any CPU
		{DED30506-F4EC-4528-B535-8FA9373C5B52}.Debug|x86.ActiveCfg = Debug|Any CPU
		{DED30506-F4EC-4528-B535-8FA9373C5B52}.Release|Any CPU.ActiveCfg = Release|Any CPU
		{DED30506-F4EC-4528-B535-8FA9373C5B52}.Release|Any CPU.Build.0 = Release|Any CPU
		{DED30506-F4EC-4528-B535-8FA9373C5B52}.Release|Mixed Platforms.ActiveCfg = Release|Any CPU
		{DED30506-F4EC-4528-B535-8FA9373C5B52}.Release|Mixed Platforms.Build.0 = Release|Any CPU
		{DED30506-F4EC-4528-B535-8FA9373C5B52}.Release|x86.ActiveCfg = Release|Any CPU
		{EAABD53D-7507-4F76-A538-0264D7294422}.Debug|Any CPU.ActiveCfg = Debug|Any CPU
		{EAABD53D-7507-4F76-A538-0264D7294422}.Debug|Any CPU.Build.0 = Debug|Any CPU
		{EAABD53D-7507-4F76-A538-0264D7294422}.Debug|Mixed Platforms.ActiveCfg = Debug|Any CPU
		{EAABD53D-7507-4F76-A538-0264D7294422}.Debug|Mixed Platforms.Build.0 = Debug|Any CPU
		{EAABD53D-7507-4F76-A538-0264D7294422}.Debug|x86.ActiveCfg = Debug|Any CPU
		{EAABD53D-7507-4F76-A538-0264D7294422}.Release|Any CPU.ActiveCfg = Release|Any CPU
		{EAABD53D-7507-4F76-A538-0264D7294422}.Release|Any CPU.Build.0 = Release|Any CPU
		{EAABD53D-7507-4F76-A538-0264D7294422}.Release|Mixed Platforms.ActiveCfg = Release|Any CPU
		{EAABD53D-7507-4F76-A538-0264D7294422}.Release|Mixed Platforms.Build.0 = Release|Any CPU
		{EAABD53D-7507-4F76-A538-0264D7294422}.Release|x86.ActiveCfg = Release|Any CPU
		{F29EC355-6C40-43C6-85D9-14E45D0460D6}.Debug|Any CPU.ActiveCfg = Debug|x86
		{F29EC355-6C40-43C6-85D9-14E45D0460D6}.Debug|Mixed Platforms.ActiveCfg = Debug|x86
		{F29EC355-6C40-43C6-85D9-14E45D0460D6}.Debug|Mixed Platforms.Build.0 = Debug|x86
		{F29EC355-6C40-43C6-85D9-14E45D0460D6}.Debug|x86.ActiveCfg = Debug|x86
		{F29EC355-6C40-43C6-85D9-14E45D0460D6}.Debug|x86.Build.0 = Debug|x86
		{F29EC355-6C40-43C6-85D9-14E45D0460D6}.Release|Any CPU.ActiveCfg = Release|x86
		{F29EC355-6C40-43C6-85D9-14E45D0460D6}.Release|Mixed Platforms.ActiveCfg = Release|x86
		{F29EC355-6C40-43C6-85D9-14E45D0460D6}.Release|Mixed Platforms.Build.0 = Release|x86
		{F29EC355-6C40-43C6-85D9-14E45D0460D6}.Release|x86.ActiveCfg = Release|x86
		{F29EC355-6C40-43C6-85D9-14E45D0460D6}.Release|x86.Build.0 = Release|x86
		{FD8BB339-A3F0-4643-B09C-6FD9D6BD1E1A}.Debug|Any CPU.ActiveCfg = Debug|Any CPU
		{FD8BB339-A3F0-4643-B09C-6FD9D6BD1E1A}.Debug|Any CPU.Build.0 = Debug|Any CPU
		{FD8BB339-A3F0-4643-B09C-6FD9D6BD1E1A}.Debug|Mixed Platforms.ActiveCfg = Debug|Any CPU
		{FD8BB339-A3F0-4643-B09C-6FD9D6BD1E1A}.Debug|Mixed Platforms.Build.0 = Debug|Any CPU
		{FD8BB339-A3F0-4643-B09C-6FD9D6BD1E1A}.Debug|x86.ActiveCfg = Debug|Any CPU
		{FD8BB339-A3F0-4643-B09C-6FD9D6BD1E1A}.Release|Any CPU.ActiveCfg = Release|Any CPU
		{FD8BB339-A3F0-4643-B09C-6FD9D6BD1E1A}.Release|Any CPU.Build.0 = Release|Any CPU
		{FD8BB339-A3F0-4643-B09C-6FD9D6BD1E1A}.Release|Mixed Platforms.ActiveCfg = Release|Any CPU
		{FD8BB339-A3F0-4643-B09C-6FD9D6BD1E1A}.Release|Mixed Platforms.Build.0 = Release|Any CPU
		{FD8BB339-A3F0-4643-B09C-6FD9D6BD1E1A}.Release|x86.ActiveCfg = Release|Any CPU
	EndGlobalSection
	GlobalSection(SolutionProperties) = preSolution
		HideSolutionNode = FALSE
	EndGlobalSection
	GlobalSection(NestedProjects) = preSolution
		{51BFA365-0CFE-458B-AAD6-3718F0E59075} = {9FFC7D45-E954-4F3E-8132-A3C27440B412}
		{70598EB3-7AA8-429B-8E9D-3ADCAD2D377B} = {9FFC7D45-E954-4F3E-8132-A3C27440B412}
		{EAABD53D-7507-4F76-A538-0264D7294422} = {9FFC7D45-E954-4F3E-8132-A3C27440B412}
		{F29EC355-6C40-43C6-85D9-14E45D0460D6} = {9FFC7D45-E954-4F3E-8132-A3C27440B412}
	EndGlobalSection
EndGlobal
