
Microsoft Visual Studio Solution File, Format Version 12.00
# Visual Studio 2012
Project("{FAE04EC0-301F-11D3-BF4B-00C04F79EFBC}") = "SystemDot.Messaging", "..\Projects\SystemDot.Messaging\SystemDot.Messaging.csproj", "{0CDFED39-1AA2-464B-8F6A-3B8E19BA6842}"
EndProject
Project("{FAE04EC0-301F-11D3-BF4B-00C04F79EFBC}") = "SystemDot", "..\Projects\SystemDot\SystemDot.csproj", "{DED30506-F4EC-4528-B535-8FA9373C5B52}"
EndProject
Project("{FAE04EC0-301F-11D3-BF4B-00C04F79EFBC}") = "SystemDot.Messaging.MessagingServer", "..\Projects\SystemDot.Messaging.MessagingServer\SystemDot.Messaging.MessagingServer.csproj", "{B715C167-2A09-47CB-83DA-741AA7CAD36D}"
EndProject
Project("{2150E333-8FDC-42A3-9474-1A3956D46DE8}") = "Messaging", "Messaging", "{B215B17B-00FE-45A5-A2DF-43EBCD2A2EE4}"
EndProject
Project("{FAE04EC0-301F-11D3-BF4B-00C04F79EFBC}") = "SystemDot.Messaging.TestSubscriber", "..\Projects\Test\SystemDot.Messaging.TestSubscriber\SystemDot.Messaging.TestSubscriber.csproj", "{70598EB3-7AA8-429B-8E9D-3ADCAD2D377B}"
EndProject
Project("{FAE04EC0-301F-11D3-BF4B-00C04F79EFBC}") = "SystemDot.Messaging.TestPublisher", "..\Projects\Test\SystemDot.Messaging.TestPublisher\SystemDot.Messaging.TestPublisher.csproj", "{51BFA365-0CFE-458B-AAD6-3718F0E59075}"
EndProject
Project("{FAE04EC0-301F-11D3-BF4B-00C04F79EFBC}") = "SystemDot.Messaging.OtherTestSubscriber", "..\Projects\Test\SystemDot.Messaging.OtherTestSubscriber\SystemDot.Messaging.OtherTestSubscriber.csproj", "{F29EC355-6C40-43C6-85D9-14E45D0460D6}"
EndProject
Project("{FAE04EC0-301F-11D3-BF4B-00C04F79EFBC}") = "SystemDot.NonMetro", "..\Projects\SystemDot.NonMetro\SystemDot.NonMetro.csproj", "{FD8BB339-A3F0-4643-B09C-6FD9D6BD1E1A}"
EndProject
Project("{FAE04EC0-301F-11D3-BF4B-00C04F79EFBC}") = "SystemDot.Messaging.Test.Messages", "..\Projects\Test\SystemDot.Messaging.Test.Messages\SystemDot.Messaging.Test.Messages.csproj", "{EAABD53D-7507-4F76-A538-0264D7294422}"
EndProject
Global
	GlobalSection(SolutionConfigurationPlatforms) = preSolution
		Debug|Any CPU = Debug|Any CPU
		Debug|Mixed Platforms = Debug|Mixed Platforms
		Debug|x86 = Debug|x86
		Release|Any CPU = Release|Any CPU
		Release|Mixed Platforms = Release|Mixed Platforms
		Release|x86 = Release|x86
	EndGlobalSection
	GlobalSection(ProjectConfigurationPlatforms) = postSolution
		{0CDFED39-1AA2-464B-8F6A-3B8E19BA6842}.Debug|Any CPU.ActiveCfg = Debug|Any CPU
		{0CDFED39-1AA2-464B-8F6A-3B8E19BA6842}.Debug|Any CPU.Build.0 = Debug|Any CPU
		{0CDFED39-1AA2-464B-8F6A-3B8E19BA6842}.Debug|Mixed Platforms.ActiveCfg = Debug|Any CPU
		{0CDFED39-1AA2-464B-8F6A-3B8E19BA6842}.Debug|Mixed Platforms.Build.0 = Debug|Any CPU
		{0CDFED39-1AA2-464B-8F6A-3B8E19BA6842}.Debug|x86.ActiveCfg = Debug|Any CPU
		{0CDFED39-1AA2-464B-8F6A-3B8E19BA6842}.Release|Any CPU.ActiveCfg = Release|Any CPU
		{0CDFED39-1AA2-464B-8F6A-3B8E19BA6842}.Release|Any CPU.Build.0 = Release|Any CPU
		{0CDFED39-1AA2-464B-8F6A-3B8E19BA6842}.Release|Mixed Platforms.ActiveCfg = Release|Any CPU
		{0CDFED39-1AA2-464B-8F6A-3B8E19BA6842}.Release|Mixed Platforms.Build.0 = Release|Any CPU
		{0CDFED39-1AA2-464B-8F6A-3B8E19BA6842}.Release|x86.ActiveCfg = Release|Any CPU
		{51BFA365-0CFE-458B-AAD6-3718F0E59075}.Debug|Any CPU.ActiveCfg = Debug|x86
		{51BFA365-0CFE-458B-AAD6-3718F0E59075}.Debug|Mixed Platforms.ActiveCfg = Debug|x86
		{51BFA365-0CFE-458B-AAD6-3718F0E59075}.Debug|Mixed Platforms.Build.0 = Debug|x86
		{51BFA365-0CFE-458B-AAD6-3718F0E59075}.Debug|x86.ActiveCfg = Debug|x86
		{51BFA365-0CFE-458B-AAD6-3718F0E59075}.Debug|x86.Build.0 = Debug|x86
		{51BFA365-0CFE-458B-AAD6-3718F0E59075}.Release|Any CPU.ActiveCfg = Release|x86
		{51BFA365-0CFE-458B-AAD6-3718F0E59075}.Release|Mixed Platforms.ActiveCfg = Release|x86
		{51BFA365-0CFE-458B-AAD6-3718F0E59075}.Release|Mixed Platforms.Build.0 = Release|x86
		{51BFA365-0CFE-458B-AAD6-3718F0E59075}.Release|x86.ActiveCfg = Release|x86
		{51BFA365-0CFE-458B-AAD6-3718F0E59075}.Release|x86.Build.0 = Release|x86
		{70598EB3-7AA8-429B-8E9D-3ADCAD2D377B}.Debug|Any CPU.ActiveCfg = Debug|x86
		{70598EB3-7AA8-429B-8E9D-3ADCAD2D377B}.Debug|Mixed Platforms.ActiveCfg = Debug|x86
		{70598EB3-7AA8-429B-8E9D-3ADCAD2D377B}.Debug|Mixed Platforms.Build.0 = Debug|x86
		{70598EB3-7AA8-429B-8E9D-3ADCAD2D377B}.Debug|x86.ActiveCfg = Debug|x86
		{70598EB3-7AA8-429B-8E9D-3ADCAD2D377B}.Debug|x86.Build.0 = Debug|x86
		{70598EB3-7AA8-429B-8E9D-3ADCAD2D377B}.Release|Any CPU.ActiveCfg = Release|x86
		{70598EB3-7AA8-429B-8E9D-3ADCAD2D377B}.Release|Mixed Platforms.ActiveCfg = Release|x86
		{70598EB3-7AA8-429B-8E9D-3ADCAD2D377B}.Release|Mixed Platforms.Build.0 = Release|x86
		{70598EB3-7AA8-429B-8E9D-3ADCAD2D377B}.Release|x86.ActiveCfg = Release|x86
		{70598EB3-7AA8-429B-8E9D-3ADCAD2D377B}.Release|x86.Build.0 = Release|x86
		{B715C167-2A09-47CB-83DA-741AA7CAD36D}.Debug|Any CPU.ActiveCfg = Debug|x86
		{B715C167-2A09-47CB-83DA-741AA7CAD36D}.Debug|Mixed Platforms.ActiveCfg = Debug|x86
		{B715C167-2A09-47CB-83DA-741AA7CAD36D}.Debug|Mixed Platforms.Build.0 = Debug|x86
		{B715C167-2A09-47CB-83DA-741AA7CAD36D}.Debug|x86.ActiveCfg = Debug|x86
		{B715C167-2A09-47CB-83DA-741AA7CAD36D}.Debug|x86.Build.0 = Debug|x86
		{B715C167-2A09-47CB-83DA-741AA7CAD36D}.Release|Any CPU.ActiveCfg = Release|x86
		{B715C167-2A09-47CB-83DA-741AA7CAD36D}.Release|Mixed Platforms.ActiveCfg = Release|x86
		{B715C167-2A09-47CB-83DA-741AA7CAD36D}.Release|Mixed Platforms.Build.0 = Release|x86
		{B715C167-2A09-47CB-83DA-741AA7CAD36D}.Release|x86.ActiveCfg = Release|x86
		{B715C167-2A09-47CB-83DA-741AA7CAD36D}.Release|x86.Build.0 = Release|x86
		{DED30506-F4EC-4528-B535-8FA9373C5B52}.Debug|Any CPU.ActiveCfg = Debug|Any CPU
		{DED30506-F4EC-4528-B535-8FA9373C5B52}.Debug|Any CPU.Build.0 = Debug|Any CPU
		{DED30506-F4EC-4528-B535-8FA9373C5B52}.Debug|Mixed Platforms.ActiveCfg = Debug|Any CPU
		{DED30506-F4EC-4528-B535-8FA9373C5B52}.Debug|Mixed Platforms.Build.0 = Debug|Any CPU
		{DED30506-F4EC-4528-B535-8FA9373C5B52}.Debug|x86.ActiveCfg = Debug|Any CPU
		{DED30506-F4EC-4528-B535-8FA9373C5B52}.Release|Any CPU.ActiveCfg = Release|Any CPU
		{DED30506-F4EC-4528-B535-8FA9373C5B52}.Release|Any CPU.Build.0 = Release|Any CPU
		{DED30506-F4EC-4528-B535-8FA9373C5B52}.Release|Mixed Platforms.ActiveCfg = Release|Any CPU
		{DED30506-F4EC-4528-B535-8FA9373C5B52}.Release|Mixed Platforms.Build.0 = Release|Any CPU
		{DED30506-F4EC-4528-B535-8FA9373C5B52}.Release|x86.ActiveCfg = Release|Any CPU
		{EAABD53D-7507-4F76-A538-0264D7294422}.Debug|Any CPU.ActiveCfg = Debug|Any CPU
		{EAABD53D-7507-4F76-A538-0264D7294422}.Debug|Any CPU.Build.0 = Debug|Any CPU
		{EAABD53D-7507-4F76-A538-0264D7294422}.Debug|Mixed Platforms.ActiveCfg = Debug|Any CPU
		{EAABD53D-7507-4F76-A538-0264D7294422}.Debug|Mixed Platforms.Build.0 = Debug|Any CPU
		{EAABD53D-7507-4F76-A538-0264D7294422}.Debug|x86.ActiveCfg = Debug|Any CPU
		{EAABD53D-7507-4F76-A538-0264D7294422}.Release|Any CPU.ActiveCfg = Release|Any CPU
		{EAABD53D-7507-4F76-A538-0264D7294422}.Release|Any CPU.Build.0 = Release|Any CPU
		{EAABD53D-7507-4F76-A538-0264D7294422}.Release|Mixed Platforms.ActiveCfg = Release|Any CPU
		{EAABD53D-7507-4F76-A538-0264D7294422}.Release|Mixed Platforms.Build.0 = Release|Any CPU
		{EAABD53D-7507-4F76-A538-0264D7294422}.Release|x86.ActiveCfg = Release|Any CPU
		{F29EC355-6C40-43C6-85D9-14E45D0460D6}.Debug|Any CPU.ActiveCfg = Debug|x86
		{F29EC355-6C40-43C6-85D9-14E45D0460D6}.Debug|Mixed Platforms.ActiveCfg = Debug|x86
		{F29EC355-6C40-43C6-85D9-14E45D0460D6}.Debug|Mixed Platforms.Build.0 = Debug|x86
		{F29EC355-6C40-43C6-85D9-14E45D0460D6}.Debug|x86.ActiveCfg = Debug|x86
		{F29EC355-6C40-43C6-85D9-14E45D0460D6}.Debug|x86.Build.0 = Debug|x86
		{F29EC355-6C40-43C6-85D9-14E45D0460D6}.Release|Any CPU.ActiveCfg = Release|x86
		{F29EC355-6C40-43C6-85D9-14E45D0460D6}.Release|Mixed Platforms.ActiveCfg = Release|x86
		{F29EC355-6C40-43C6-85D9-14E45D0460D6}.Release|Mixed Platforms.Build.0 = Release|x86
		{F29EC355-6C40-43C6-85D9-14E45D0460D6}.Release|x86.ActiveCfg = Release|x86
		{F29EC355-6C40-43C6-85D9-14E45D0460D6}.Release|x86.Build.0 = Release|x86
		{FD8BB339-A3F0-4643-B09C-6FD9D6BD1E1A}.Debug|Any CPU.ActiveCfg = Debug|Any CPU
		{FD8BB339-A3F0-4643-B09C-6FD9D6BD1E1A}.Debug|Any CPU.Build.0 = Debug|Any CPU
		{FD8BB339-A3F0-4643-B09C-6FD9D6BD1E1A}.Debug|Mixed Platforms.ActiveCfg = Debug|Any CPU
		{FD8BB339-A3F0-4643-B09C-6FD9D6BD1E1A}.Debug|Mixed Platforms.Build.0 = Debug|Any CPU
		{FD8BB339-A3F0-4643-B09C-6FD9D6BD1E1A}.Debug|x86.ActiveCfg = Debug|Any CPU
		{FD8BB339-A3F0-4643-B09C-6FD9D6BD1E1A}.Release|Any CPU.ActiveCfg = Release|Any CPU
		{FD8BB339-A3F0-4643-B09C-6FD9D6BD1E1A}.Release|Any CPU.Build.0 = Release|Any CPU
		{FD8BB339-A3F0-4643-B09C-6FD9D6BD1E1A}.Release|Mixed Platforms.ActiveCfg = Release|Any CPU
		{FD8BB339-A3F0-4643-B09C-6FD9D6BD1E1A}.Release|Mixed Platforms.Build.0 = Release|Any CPU
		{FD8BB339-A3F0-4643-B09C-6FD9D6BD1E1A}.Release|x86.ActiveCfg = Release|Any CPU
	EndGlobalSection
	GlobalSection(SolutionProperties) = preSolution
		HideSolutionNode = FALSE
	EndGlobalSection
	GlobalSection(NestedProjects) = preSolution
		{0CDFED39-1AA2-464B-8F6A-3B8E19BA6842} = {B215B17B-00FE-45A5-A2DF-43EBCD2A2EE4}
		{B715C167-2A09-47CB-83DA-741AA7CAD36D} = {B215B17B-00FE-45A5-A2DF-43EBCD2A2EE4}
		{DED30506-F4EC-4528-B535-8FA9373C5B52} = {B215B17B-00FE-45A5-A2DF-43EBCD2A2EE4}
		{FD8BB339-A3F0-4643-B09C-6FD9D6BD1E1A} = {B215B17B-00FE-45A5-A2DF-43EBCD2A2EE4}
	EndGlobalSection
EndGlobal
