
Microsoft Visual Studio Solution File, Format Version 12.00
# Visual Studio 2012
Project("{FAE04EC0-301F-11D3-BF4B-00C04F79EFBC}") = "SystemDot.Messaging", "..\Projects\SystemDot.Messaging\SystemDot.Messaging.csproj", "{0CDFED39-1AA2-464B-8F6A-3B8E19BA6842}"
EndProject
Project("{FAE04EC0-301F-11D3-BF4B-00C04F79EFBC}") = "SystemDot.Messaging.Specifications", "..\Projects\SystemDot.Messaging.Specifications\SystemDot.Messaging.Specifications.csproj", "{2563F726-8DC3-4244-BEA7-F11068EA7AB9}"
EndProject
Project("{FAE04EC0-301F-11D3-BF4B-00C04F79EFBC}") = "SystemDot", "..\Projects\SystemDot\SystemDot.csproj", "{DED30506-F4EC-4528-B535-8FA9373C5B52}"
EndProject
Project("{FAE04EC0-301F-11D3-BF4B-00C04F79EFBC}") = "SystemDot.Specifications", "..\Projects\SystemDot.Specifications\SystemDot.Specifications.csproj", "{C35328BB-3E59-4DC8-8397-C0A7BB2F2E5E}"
EndProject
Project("{2150E333-8FDC-42A3-9474-1A3956D46DE8}") = "Examples", "Examples", "{96958F3F-CDE8-4F64-A383-83E99B2DC67C}"
EndProject
Project("{FAE04EC0-301F-11D3-BF4B-00C04F79EFBC}") = "SystemDot.Messaging.OtherTestSubscriber", "..\Projects\Test\SystemDot.Messaging.OtherTestSubscriber\SystemDot.Messaging.OtherTestSubscriber.csproj", "{F29EC355-6C40-43C6-85D9-14E45D0460D6}"
EndProject
Project("{FAE04EC0-301F-11D3-BF4B-00C04F79EFBC}") = "SystemDot.Messaging.Test.Messages", "..\Projects\Test\SystemDot.Messaging.Test.Messages\SystemDot.Messaging.Test.Messages.csproj", "{EAABD53D-7507-4F76-A538-0264D7294422}"
EndProject
Project("{FAE04EC0-301F-11D3-BF4B-00C04F79EFBC}") = "SystemDot.Messaging.TestPublisher", "..\Projects\Test\SystemDot.Messaging.TestPublisher\SystemDot.Messaging.TestPublisher.csproj", "{51BFA365-0CFE-458B-AAD6-3718F0E59075}"
EndProject
Project("{FAE04EC0-301F-11D3-BF4B-00C04F79EFBC}") = "SystemDot.Messaging.TestRequestReply.Reciever", "..\Projects\Test\SystemDot.Messaging.TestRequestReply.Reciever\SystemDot.Messaging.TestRequestReply.Reciever.csproj", "{B75A7B93-6CE5-4FAB-805C-DF714693AFEB}"
EndProject
Project("{FAE04EC0-301F-11D3-BF4B-00C04F79EFBC}") = "SystemDot.Messaging.TestRequestReply.Sender", "..\Projects\Test\SystemDot.Messaging.TestRequestReply.Sender\SystemDot.Messaging.TestRequestReply.Sender.csproj", "{62DCD467-1E9C-49E8-880A-00A077BF7BB8}"
EndProject
Project("{FAE04EC0-301F-11D3-BF4B-00C04F79EFBC}") = "SystemDot.Messaging.TestSubscriber", "..\Projects\Test\SystemDot.Messaging.TestSubscriber\SystemDot.Messaging.TestSubscriber.csproj", "{70598EB3-7AA8-429B-8E9D-3ADCAD2D377B}"
EndProject
Project("{2150E333-8FDC-42A3-9474-1A3956D46DE8}") = "PubSub", "PubSub", "{4F8D2941-B4AA-4F54-B2B6-940D96C41B7B}"
EndProject
Project("{2150E333-8FDC-42A3-9474-1A3956D46DE8}") = "RequestReply", "RequestReply", "{286D7F72-2E89-4F1A-A5D2-A6C9300CD769}"
EndProject
Project("{2150E333-8FDC-42A3-9474-1A3956D46DE8}") = "Combined", "Combined", "{50599EA5-19A7-4A8F-85AD-65E25D2C2900}"
EndProject
Project("{FAE04EC0-301F-11D3-BF4B-00C04F79EFBC}") = "SystemDot.Messaging.Combined.Server", "..\Projects\Test\SystemDot.Messaging.Combined.Server\SystemDot.Messaging.Combined.Server.csproj", "{8F04CA98-5CFA-40A9-8902-AF8CA122B2B8}"
EndProject
Project("{FAE04EC0-301F-11D3-BF4B-00C04F79EFBC}") = "SystemDot.Messaging.Combined.Client", "..\Projects\Test\SystemDot.Messaging.Combined.Client\SystemDot.Messaging.Combined.Client.csproj", "{A6BDD6BA-E3E6-40DB-A488-43ACFBE10140}"
EndProject
Project("{FAE04EC0-301F-11D3-BF4B-00C04F79EFBC}") = "SystemDot.Messaging.Combined.Subscriber", "..\Projects\Test\SystemDot.Messaging.Combined.Subscriber\SystemDot.Messaging.Combined.Subscriber.csproj", "{E78D36D7-8A74-4B36-AC5D-3F1D5F27E81C}"
EndProject
Project("{2150E333-8FDC-42A3-9474-1A3956D46DE8}") = "MultiChannel", "MultiChannel", "{B5522475-BF79-4BF8-8388-8C9164B607AB}"
EndProject
Project("{FAE04EC0-301F-11D3-BF4B-00C04F79EFBC}") = "SystemDot.Messaging.MultiChannel.RecieverA", "..\Projects\Test\SystemDot.Messaging.MultiChannel.RecieverA\SystemDot.Messaging.MultiChannel.RecieverA.csproj", "{33A5DEEB-9AB9-49C5-AC7C-1DA1408DE27E}"
EndProject
Project("{FAE04EC0-301F-11D3-BF4B-00C04F79EFBC}") = "SystemDot.Messaging.MultiChannel.RecieverB", "..\Projects\Test\SystemDot.Messaging.MultiChannel.RecieverB\SystemDot.Messaging.MultiChannel.RecieverB.csproj", "{DB25BDB4-9706-4D68-949A-69AB9E160F3B}"
EndProject
Project("{FAE04EC0-301F-11D3-BF4B-00C04F79EFBC}") = "SystemDot.Messaging.MultiChannel.Sender", "..\Projects\Test\SystemDot.Messaging.MultiChannel.Sender\SystemDot.Messaging.MultiChannel.Sender.csproj", "{41F49920-AAF5-4168-96C1-053BF5301A05}"
EndProject
Project("{FAE04EC0-301F-11D3-BF4B-00C04F79EFBC}") = "SystemDot.Extensions", "..\Projects\SystemDot.Extensions\SystemDot.Extensions.csproj", "{C68777BE-FC18-47E1-ABAE-7CD6D5D0F7BC}"
EndProject
Project("{FAE04EC0-301F-11D3-BF4B-00C04F79EFBC}") = "SystemDot.Esent", "..\Projects\SystemDot.Esent\SystemDot.Esent.csproj", "{C7DBF177-FCDB-4530-A6CA-3B1EFBAD63EB}"
EndProject
Project("{FAE04EC0-301F-11D3-BF4B-00C04F79EFBC}") = "SystemDot.Esent.Test", "..\Projects\SystemDot.Esent.Test\SystemDot.Esent.Test.csproj", "{49A9EC7E-4BB7-4657-8BDC-7ED57EA937E0}"
EndProject
Project("{2150E333-8FDC-42A3-9474-1A3956D46DE8}") = "IoC", "IoC", "{DE4BCC45-8FC9-4604-AB54-E59A05B7C691}"
EndProject
Project("{FAE04EC0-301F-11D3-BF4B-00C04F79EFBC}") = "SystemDot.Messaging.TestRequestReply.OtherSender", "..\Projects\Test\SystemDot.Messaging.TestRequestReply.OtherSender\SystemDot.Messaging.TestRequestReply.OtherSender.csproj", "{E26944A6-D471-4C23-8326-3E80FAC89F03}"
EndProject
Project("{FAE04EC0-301F-11D3-BF4B-00C04F79EFBC}") = "System.IoC.Example", "..\Projects\System.IoC.Example\System.IoC.Example.csproj", "{8875D2FA-58DC-485D-9A8F-6A99B9FD547F}"
EndProject
Project("{FAE04EC0-301F-11D3-BF4B-00C04F79EFBC}") = "SystemDot.Sql", "..\Projects\SystemDot.Sql\SystemDot.Sql.csproj", "{80FFA53E-9C4D-45CE-A7D2-8FE0B6A9FBFB}"
EndProject
Project("{2150E333-8FDC-42A3-9474-1A3956D46DE8}") = "PointToPoint", "PointToPoint", "{500A83F1-8B75-4BF7-BF13-6179AE452B6C}"
EndProject
Project("{FAE04EC0-301F-11D3-BF4B-00C04F79EFBC}") = "SystemDot.Messaging.TestPointToPoint.Sender", "..\Projects\Test\SystemDot.Messaging.TestPointToPoint.Sender\SystemDot.Messaging.TestPointToPoint.Sender.csproj", "{8783E4FF-0C68-4FD7-8D6C-1ECA3CC2AD9F}"
EndProject
Project("{FAE04EC0-301F-11D3-BF4B-00C04F79EFBC}") = "SystemDot.Messaging.TestPointToPoint.Receiver", "..\Projects\Test\SystemDot.Messaging.TestPointToPoint.Receiver\SystemDot.Messaging.TestPointToPoint.Receiver.csproj", "{5423CA6F-906F-4E5A-9D1D-225411AF79F3}"
EndProject
Project("{2150E333-8FDC-42A3-9474-1A3956D46DE8}") = "LargeData", "LargeData", "{B83FD133-BE7F-4579-8E0A-56A69AB3790A}"
EndProject
Project("{FAE04EC0-301F-11D3-BF4B-00C04F79EFBC}") = "SystemDot.Messaging.LargeData.Messages", "..\Projects\Test\SystemDot.Messaging.LargeData.Messages\SystemDot.Messaging.LargeData.Messages.csproj", "{E958F571-696C-482C-A6E9-713C9BCEE4F8}"
EndProject
Project("{FAE04EC0-301F-11D3-BF4B-00C04F79EFBC}") = "SystemDot.Messaging.LargeData.TestPublisher", "..\Projects\Test\SystemDot.Messaging.LargeData.TestPublisher\SystemDot.Messaging.LargeData.TestPublisher.csproj", "{986963DC-777B-430A-AA98-B90A740D46BE}"
EndProject
Project("{FAE04EC0-301F-11D3-BF4B-00C04F79EFBC}") = "SystemDot.Messaging.LargeData.TestSubscriber", "..\Projects\Test\SystemDot.Messaging.LargeData.TestSubscriber\SystemDot.Messaging.LargeData.TestSubscriber.csproj", "{AD858522-EE68-42D3-AC97-239016E54A63}"
EndProject
Project("{FAE04EC0-301F-11D3-BF4B-00C04F79EFBC}") = "SystemDot.Log4Net", "..\Projects\SystemDot.Log4Net\SystemDot.Log4Net.csproj", "{24379F85-FA6D-4E6E-98F3-75F3A9520FE6}"
EndProject
Global
	GlobalSection(SolutionConfigurationPlatforms) = preSolution
		Debug|Any CPU = Debug|Any CPU
		Debug|ARM = Debug|ARM
		Debug|Mixed Platforms = Debug|Mixed Platforms
		Debug|x64 = Debug|x64
		Debug|x86 = Debug|x86
		Release|Any CPU = Release|Any CPU
		Release|ARM = Release|ARM
		Release|Mixed Platforms = Release|Mixed Platforms
		Release|x64 = Release|x64
		Release|x86 = Release|x86
	EndGlobalSection
	GlobalSection(ProjectConfigurationPlatforms) = postSolution
		{0CDFED39-1AA2-464B-8F6A-3B8E19BA6842}.Debug|Any CPU.ActiveCfg = Debug|Any CPU
		{0CDFED39-1AA2-464B-8F6A-3B8E19BA6842}.Debug|Any CPU.Build.0 = Debug|Any CPU
		{0CDFED39-1AA2-464B-8F6A-3B8E19BA6842}.Debug|ARM.ActiveCfg = Debug|Any CPU
		{0CDFED39-1AA2-464B-8F6A-3B8E19BA6842}.Debug|Mixed Platforms.ActiveCfg = Debug|Any CPU
		{0CDFED39-1AA2-464B-8F6A-3B8E19BA6842}.Debug|Mixed Platforms.Build.0 = Debug|Any CPU
		{0CDFED39-1AA2-464B-8F6A-3B8E19BA6842}.Debug|x64.ActiveCfg = Debug|Any CPU
		{0CDFED39-1AA2-464B-8F6A-3B8E19BA6842}.Debug|x86.ActiveCfg = Debug|Any CPU
		{0CDFED39-1AA2-464B-8F6A-3B8E19BA6842}.Debug|x86.Build.0 = Debug|Any CPU
		{0CDFED39-1AA2-464B-8F6A-3B8E19BA6842}.Release|Any CPU.ActiveCfg = Release|Any CPU
		{0CDFED39-1AA2-464B-8F6A-3B8E19BA6842}.Release|Any CPU.Build.0 = Release|Any CPU
		{0CDFED39-1AA2-464B-8F6A-3B8E19BA6842}.Release|ARM.ActiveCfg = Release|Any CPU
		{0CDFED39-1AA2-464B-8F6A-3B8E19BA6842}.Release|Mixed Platforms.ActiveCfg = Release|Any CPU
		{0CDFED39-1AA2-464B-8F6A-3B8E19BA6842}.Release|Mixed Platforms.Build.0 = Release|Any CPU
		{0CDFED39-1AA2-464B-8F6A-3B8E19BA6842}.Release|x64.ActiveCfg = Release|Any CPU
		{0CDFED39-1AA2-464B-8F6A-3B8E19BA6842}.Release|x86.ActiveCfg = Release|Any CPU
		{2563F726-8DC3-4244-BEA7-F11068EA7AB9}.Debug|Any CPU.ActiveCfg = Debug|Any CPU
		{2563F726-8DC3-4244-BEA7-F11068EA7AB9}.Debug|Any CPU.Build.0 = Debug|Any CPU
		{2563F726-8DC3-4244-BEA7-F11068EA7AB9}.Debug|ARM.ActiveCfg = Debug|Any CPU
		{2563F726-8DC3-4244-BEA7-F11068EA7AB9}.Debug|Mixed Platforms.ActiveCfg = Debug|Any CPU
		{2563F726-8DC3-4244-BEA7-F11068EA7AB9}.Debug|Mixed Platforms.Build.0 = Debug|Any CPU
		{2563F726-8DC3-4244-BEA7-F11068EA7AB9}.Debug|x64.ActiveCfg = Debug|Any CPU
		{2563F726-8DC3-4244-BEA7-F11068EA7AB9}.Debug|x86.ActiveCfg = Debug|Any CPU
		{2563F726-8DC3-4244-BEA7-F11068EA7AB9}.Debug|x86.Build.0 = Debug|Any CPU
		{2563F726-8DC3-4244-BEA7-F11068EA7AB9}.Release|Any CPU.ActiveCfg = Release|Any CPU
		{2563F726-8DC3-4244-BEA7-F11068EA7AB9}.Release|Any CPU.Build.0 = Release|Any CPU
		{2563F726-8DC3-4244-BEA7-F11068EA7AB9}.Release|ARM.ActiveCfg = Release|Any CPU
		{2563F726-8DC3-4244-BEA7-F11068EA7AB9}.Release|Mixed Platforms.ActiveCfg = Release|Any CPU
		{2563F726-8DC3-4244-BEA7-F11068EA7AB9}.Release|Mixed Platforms.Build.0 = Release|Any CPU
		{2563F726-8DC3-4244-BEA7-F11068EA7AB9}.Release|x64.ActiveCfg = Release|Any CPU
		{2563F726-8DC3-4244-BEA7-F11068EA7AB9}.Release|x86.ActiveCfg = Release|Any CPU
		{DED30506-F4EC-4528-B535-8FA9373C5B52}.Debug|Any CPU.ActiveCfg = Debug|Any CPU
		{DED30506-F4EC-4528-B535-8FA9373C5B52}.Debug|Any CPU.Build.0 = Debug|Any CPU
		{DED30506-F4EC-4528-B535-8FA9373C5B52}.Debug|ARM.ActiveCfg = Debug|Any CPU
		{DED30506-F4EC-4528-B535-8FA9373C5B52}.Debug|Mixed Platforms.ActiveCfg = Debug|Any CPU
		{DED30506-F4EC-4528-B535-8FA9373C5B52}.Debug|Mixed Platforms.Build.0 = Debug|Any CPU
		{DED30506-F4EC-4528-B535-8FA9373C5B52}.Debug|x64.ActiveCfg = Debug|Any CPU
		{DED30506-F4EC-4528-B535-8FA9373C5B52}.Debug|x86.ActiveCfg = Debug|Any CPU
		{DED30506-F4EC-4528-B535-8FA9373C5B52}.Debug|x86.Build.0 = Debug|Any CPU
		{DED30506-F4EC-4528-B535-8FA9373C5B52}.Release|Any CPU.ActiveCfg = Release|Any CPU
		{DED30506-F4EC-4528-B535-8FA9373C5B52}.Release|Any CPU.Build.0 = Release|Any CPU
		{DED30506-F4EC-4528-B535-8FA9373C5B52}.Release|ARM.ActiveCfg = Release|Any CPU
		{DED30506-F4EC-4528-B535-8FA9373C5B52}.Release|Mixed Platforms.ActiveCfg = Release|Any CPU
		{DED30506-F4EC-4528-B535-8FA9373C5B52}.Release|Mixed Platforms.Build.0 = Release|Any CPU
		{DED30506-F4EC-4528-B535-8FA9373C5B52}.Release|x64.ActiveCfg = Release|Any CPU
		{DED30506-F4EC-4528-B535-8FA9373C5B52}.Release|x86.ActiveCfg = Release|Any CPU
		{C35328BB-3E59-4DC8-8397-C0A7BB2F2E5E}.Debug|Any CPU.ActiveCfg = Debug|Any CPU
		{C35328BB-3E59-4DC8-8397-C0A7BB2F2E5E}.Debug|Any CPU.Build.0 = Debug|Any CPU
		{C35328BB-3E59-4DC8-8397-C0A7BB2F2E5E}.Debug|ARM.ActiveCfg = Debug|Any CPU
		{C35328BB-3E59-4DC8-8397-C0A7BB2F2E5E}.Debug|Mixed Platforms.ActiveCfg = Debug|Any CPU
		{C35328BB-3E59-4DC8-8397-C0A7BB2F2E5E}.Debug|Mixed Platforms.Build.0 = Debug|Any CPU
		{C35328BB-3E59-4DC8-8397-C0A7BB2F2E5E}.Debug|x64.ActiveCfg = Debug|Any CPU
		{C35328BB-3E59-4DC8-8397-C0A7BB2F2E5E}.Debug|x86.ActiveCfg = Debug|Any CPU
		{C35328BB-3E59-4DC8-8397-C0A7BB2F2E5E}.Debug|x86.Build.0 = Debug|Any CPU
		{C35328BB-3E59-4DC8-8397-C0A7BB2F2E5E}.Release|Any CPU.ActiveCfg = Release|Any CPU
		{C35328BB-3E59-4DC8-8397-C0A7BB2F2E5E}.Release|Any CPU.Build.0 = Release|Any CPU
		{C35328BB-3E59-4DC8-8397-C0A7BB2F2E5E}.Release|ARM.ActiveCfg = Release|Any CPU
		{C35328BB-3E59-4DC8-8397-C0A7BB2F2E5E}.Release|Mixed Platforms.ActiveCfg = Release|Any CPU
		{C35328BB-3E59-4DC8-8397-C0A7BB2F2E5E}.Release|Mixed Platforms.Build.0 = Release|Any CPU
		{C35328BB-3E59-4DC8-8397-C0A7BB2F2E5E}.Release|x64.ActiveCfg = Release|Any CPU
		{C35328BB-3E59-4DC8-8397-C0A7BB2F2E5E}.Release|x86.ActiveCfg = Release|Any CPU
		{F29EC355-6C40-43C6-85D9-14E45D0460D6}.Debug|Any CPU.ActiveCfg = Debug|Any CPU
		{F29EC355-6C40-43C6-85D9-14E45D0460D6}.Debug|Any CPU.Build.0 = Debug|Any CPU
		{F29EC355-6C40-43C6-85D9-14E45D0460D6}.Debug|ARM.ActiveCfg = Debug|x86
		{F29EC355-6C40-43C6-85D9-14E45D0460D6}.Debug|Mixed Platforms.ActiveCfg = Debug|x86
		{F29EC355-6C40-43C6-85D9-14E45D0460D6}.Debug|Mixed Platforms.Build.0 = Debug|x86
		{F29EC355-6C40-43C6-85D9-14E45D0460D6}.Debug|x64.ActiveCfg = Debug|x86
		{F29EC355-6C40-43C6-85D9-14E45D0460D6}.Debug|x86.ActiveCfg = Debug|x86
		{F29EC355-6C40-43C6-85D9-14E45D0460D6}.Debug|x86.Build.0 = Debug|x86
		{F29EC355-6C40-43C6-85D9-14E45D0460D6}.Release|Any CPU.ActiveCfg = Release|Any CPU
		{F29EC355-6C40-43C6-85D9-14E45D0460D6}.Release|Any CPU.Build.0 = Release|Any CPU
		{F29EC355-6C40-43C6-85D9-14E45D0460D6}.Release|ARM.ActiveCfg = Release|x86
		{F29EC355-6C40-43C6-85D9-14E45D0460D6}.Release|Mixed Platforms.ActiveCfg = Release|x86
		{F29EC355-6C40-43C6-85D9-14E45D0460D6}.Release|Mixed Platforms.Build.0 = Release|x86
		{F29EC355-6C40-43C6-85D9-14E45D0460D6}.Release|x64.ActiveCfg = Release|x86
		{F29EC355-6C40-43C6-85D9-14E45D0460D6}.Release|x86.ActiveCfg = Release|x86
		{F29EC355-6C40-43C6-85D9-14E45D0460D6}.Release|x86.Build.0 = Release|x86
		{EAABD53D-7507-4F76-A538-0264D7294422}.Debug|Any CPU.ActiveCfg = Debug|Any CPU
		{EAABD53D-7507-4F76-A538-0264D7294422}.Debug|Any CPU.Build.0 = Debug|Any CPU
		{EAABD53D-7507-4F76-A538-0264D7294422}.Debug|ARM.ActiveCfg = Debug|Any CPU
		{EAABD53D-7507-4F76-A538-0264D7294422}.Debug|Mixed Platforms.ActiveCfg = Debug|Any CPU
		{EAABD53D-7507-4F76-A538-0264D7294422}.Debug|Mixed Platforms.Build.0 = Debug|Any CPU
		{EAABD53D-7507-4F76-A538-0264D7294422}.Debug|x64.ActiveCfg = Debug|Any CPU
		{EAABD53D-7507-4F76-A538-0264D7294422}.Debug|x86.ActiveCfg = Debug|Any CPU
		{EAABD53D-7507-4F76-A538-0264D7294422}.Debug|x86.Build.0 = Debug|Any CPU
		{EAABD53D-7507-4F76-A538-0264D7294422}.Release|Any CPU.ActiveCfg = Release|Any CPU
		{EAABD53D-7507-4F76-A538-0264D7294422}.Release|Any CPU.Build.0 = Release|Any CPU
		{EAABD53D-7507-4F76-A538-0264D7294422}.Release|ARM.ActiveCfg = Release|Any CPU
		{EAABD53D-7507-4F76-A538-0264D7294422}.Release|Mixed Platforms.ActiveCfg = Release|Any CPU
		{EAABD53D-7507-4F76-A538-0264D7294422}.Release|Mixed Platforms.Build.0 = Release|Any CPU
		{EAABD53D-7507-4F76-A538-0264D7294422}.Release|x64.ActiveCfg = Release|Any CPU
		{EAABD53D-7507-4F76-A538-0264D7294422}.Release|x86.ActiveCfg = Release|Any CPU
		{51BFA365-0CFE-458B-AAD6-3718F0E59075}.Debug|Any CPU.ActiveCfg = Debug|Any CPU
		{51BFA365-0CFE-458B-AAD6-3718F0E59075}.Debug|Any CPU.Build.0 = Debug|Any CPU
		{51BFA365-0CFE-458B-AAD6-3718F0E59075}.Debug|ARM.ActiveCfg = Debug|x86
		{51BFA365-0CFE-458B-AAD6-3718F0E59075}.Debug|Mixed Platforms.ActiveCfg = Debug|x86
		{51BFA365-0CFE-458B-AAD6-3718F0E59075}.Debug|Mixed Platforms.Build.0 = Debug|x86
		{51BFA365-0CFE-458B-AAD6-3718F0E59075}.Debug|x64.ActiveCfg = Debug|x86
		{51BFA365-0CFE-458B-AAD6-3718F0E59075}.Debug|x86.ActiveCfg = Debug|x86
		{51BFA365-0CFE-458B-AAD6-3718F0E59075}.Debug|x86.Build.0 = Debug|x86
		{51BFA365-0CFE-458B-AAD6-3718F0E59075}.Release|Any CPU.ActiveCfg = Release|Any CPU
		{51BFA365-0CFE-458B-AAD6-3718F0E59075}.Release|Any CPU.Build.0 = Release|Any CPU
		{51BFA365-0CFE-458B-AAD6-3718F0E59075}.Release|ARM.ActiveCfg = Release|x86
		{51BFA365-0CFE-458B-AAD6-3718F0E59075}.Release|Mixed Platforms.ActiveCfg = Release|x86
		{51BFA365-0CFE-458B-AAD6-3718F0E59075}.Release|Mixed Platforms.Build.0 = Release|x86
		{51BFA365-0CFE-458B-AAD6-3718F0E59075}.Release|x64.ActiveCfg = Release|x86
		{51BFA365-0CFE-458B-AAD6-3718F0E59075}.Release|x86.ActiveCfg = Release|x86
		{51BFA365-0CFE-458B-AAD6-3718F0E59075}.Release|x86.Build.0 = Release|x86
		{B75A7B93-6CE5-4FAB-805C-DF714693AFEB}.Debug|Any CPU.ActiveCfg = Debug|Any CPU
		{B75A7B93-6CE5-4FAB-805C-DF714693AFEB}.Debug|Any CPU.Build.0 = Debug|Any CPU
		{B75A7B93-6CE5-4FAB-805C-DF714693AFEB}.Debug|ARM.ActiveCfg = Debug|x86
		{B75A7B93-6CE5-4FAB-805C-DF714693AFEB}.Debug|Mixed Platforms.ActiveCfg = Debug|x86
		{B75A7B93-6CE5-4FAB-805C-DF714693AFEB}.Debug|Mixed Platforms.Build.0 = Debug|x86
		{B75A7B93-6CE5-4FAB-805C-DF714693AFEB}.Debug|x64.ActiveCfg = Debug|x86
		{B75A7B93-6CE5-4FAB-805C-DF714693AFEB}.Debug|x86.ActiveCfg = Debug|x86
		{B75A7B93-6CE5-4FAB-805C-DF714693AFEB}.Debug|x86.Build.0 = Debug|x86
		{B75A7B93-6CE5-4FAB-805C-DF714693AFEB}.Release|Any CPU.ActiveCfg = Release|Any CPU
		{B75A7B93-6CE5-4FAB-805C-DF714693AFEB}.Release|Any CPU.Build.0 = Release|Any CPU
		{B75A7B93-6CE5-4FAB-805C-DF714693AFEB}.Release|ARM.ActiveCfg = Release|x86
		{B75A7B93-6CE5-4FAB-805C-DF714693AFEB}.Release|Mixed Platforms.ActiveCfg = Release|x86
		{B75A7B93-6CE5-4FAB-805C-DF714693AFEB}.Release|Mixed Platforms.Build.0 = Release|x86
		{B75A7B93-6CE5-4FAB-805C-DF714693AFEB}.Release|x64.ActiveCfg = Release|x86
		{B75A7B93-6CE5-4FAB-805C-DF714693AFEB}.Release|x86.ActiveCfg = Release|x86
		{B75A7B93-6CE5-4FAB-805C-DF714693AFEB}.Release|x86.Build.0 = Release|x86
		{62DCD467-1E9C-49E8-880A-00A077BF7BB8}.Debug|Any CPU.ActiveCfg = Debug|Any CPU
		{62DCD467-1E9C-49E8-880A-00A077BF7BB8}.Debug|Any CPU.Build.0 = Debug|Any CPU
		{62DCD467-1E9C-49E8-880A-00A077BF7BB8}.Debug|Any CPU.Deploy.0 = Debug|Any CPU
		{62DCD467-1E9C-49E8-880A-00A077BF7BB8}.Debug|ARM.ActiveCfg = Debug|x86
		{62DCD467-1E9C-49E8-880A-00A077BF7BB8}.Debug|Mixed Platforms.ActiveCfg = Debug|x86
		{62DCD467-1E9C-49E8-880A-00A077BF7BB8}.Debug|Mixed Platforms.Build.0 = Debug|x86
		{62DCD467-1E9C-49E8-880A-00A077BF7BB8}.Debug|x64.ActiveCfg = Debug|x86
		{62DCD467-1E9C-49E8-880A-00A077BF7BB8}.Debug|x86.ActiveCfg = Debug|x86
		{62DCD467-1E9C-49E8-880A-00A077BF7BB8}.Debug|x86.Build.0 = Debug|x86
		{62DCD467-1E9C-49E8-880A-00A077BF7BB8}.Release|Any CPU.ActiveCfg = Release|Any CPU
		{62DCD467-1E9C-49E8-880A-00A077BF7BB8}.Release|Any CPU.Build.0 = Release|Any CPU
		{62DCD467-1E9C-49E8-880A-00A077BF7BB8}.Release|ARM.ActiveCfg = Release|x86
		{62DCD467-1E9C-49E8-880A-00A077BF7BB8}.Release|Mixed Platforms.ActiveCfg = Release|x86
		{62DCD467-1E9C-49E8-880A-00A077BF7BB8}.Release|Mixed Platforms.Build.0 = Release|x86
		{62DCD467-1E9C-49E8-880A-00A077BF7BB8}.Release|x64.ActiveCfg = Release|x86
		{62DCD467-1E9C-49E8-880A-00A077BF7BB8}.Release|x86.ActiveCfg = Release|x86
		{62DCD467-1E9C-49E8-880A-00A077BF7BB8}.Release|x86.Build.0 = Release|x86
		{70598EB3-7AA8-429B-8E9D-3ADCAD2D377B}.Debug|Any CPU.ActiveCfg = Debug|Any CPU
		{70598EB3-7AA8-429B-8E9D-3ADCAD2D377B}.Debug|Any CPU.Build.0 = Debug|Any CPU
		{70598EB3-7AA8-429B-8E9D-3ADCAD2D377B}.Debug|ARM.ActiveCfg = Debug|x86
		{70598EB3-7AA8-429B-8E9D-3ADCAD2D377B}.Debug|Mixed Platforms.ActiveCfg = Debug|x86
		{70598EB3-7AA8-429B-8E9D-3ADCAD2D377B}.Debug|Mixed Platforms.Build.0 = Debug|x86
		{70598EB3-7AA8-429B-8E9D-3ADCAD2D377B}.Debug|x64.ActiveCfg = Debug|x86
		{70598EB3-7AA8-429B-8E9D-3ADCAD2D377B}.Debug|x86.ActiveCfg = Debug|x86
		{70598EB3-7AA8-429B-8E9D-3ADCAD2D377B}.Debug|x86.Build.0 = Debug|x86
		{70598EB3-7AA8-429B-8E9D-3ADCAD2D377B}.Release|Any CPU.ActiveCfg = Release|Any CPU
		{70598EB3-7AA8-429B-8E9D-3ADCAD2D377B}.Release|Any CPU.Build.0 = Release|Any CPU
		{70598EB3-7AA8-429B-8E9D-3ADCAD2D377B}.Release|ARM.ActiveCfg = Release|x86
		{70598EB3-7AA8-429B-8E9D-3ADCAD2D377B}.Release|Mixed Platforms.ActiveCfg = Release|x86
		{70598EB3-7AA8-429B-8E9D-3ADCAD2D377B}.Release|Mixed Platforms.Build.0 = Release|x86
		{70598EB3-7AA8-429B-8E9D-3ADCAD2D377B}.Release|x64.ActiveCfg = Release|x86
		{70598EB3-7AA8-429B-8E9D-3ADCAD2D377B}.Release|x86.ActiveCfg = Release|x86
		{70598EB3-7AA8-429B-8E9D-3ADCAD2D377B}.Release|x86.Build.0 = Release|x86
		{8F04CA98-5CFA-40A9-8902-AF8CA122B2B8}.Debug|Any CPU.ActiveCfg = Debug|Any CPU
		{8F04CA98-5CFA-40A9-8902-AF8CA122B2B8}.Debug|Any CPU.Build.0 = Debug|Any CPU
		{8F04CA98-5CFA-40A9-8902-AF8CA122B2B8}.Debug|ARM.ActiveCfg = Debug|Any CPU
		{8F04CA98-5CFA-40A9-8902-AF8CA122B2B8}.Debug|Mixed Platforms.ActiveCfg = Debug|Any CPU
		{8F04CA98-5CFA-40A9-8902-AF8CA122B2B8}.Debug|Mixed Platforms.Build.0 = Debug|Any CPU
		{8F04CA98-5CFA-40A9-8902-AF8CA122B2B8}.Debug|x64.ActiveCfg = Debug|Any CPU
		{8F04CA98-5CFA-40A9-8902-AF8CA122B2B8}.Debug|x86.ActiveCfg = Debug|Any CPU
		{8F04CA98-5CFA-40A9-8902-AF8CA122B2B8}.Debug|x86.Build.0 = Debug|Any CPU
		{8F04CA98-5CFA-40A9-8902-AF8CA122B2B8}.Release|Any CPU.ActiveCfg = Release|Any CPU
		{8F04CA98-5CFA-40A9-8902-AF8CA122B2B8}.Release|Any CPU.Build.0 = Release|Any CPU
		{8F04CA98-5CFA-40A9-8902-AF8CA122B2B8}.Release|ARM.ActiveCfg = Release|Any CPU
		{8F04CA98-5CFA-40A9-8902-AF8CA122B2B8}.Release|Mixed Platforms.ActiveCfg = Release|Any CPU
		{8F04CA98-5CFA-40A9-8902-AF8CA122B2B8}.Release|Mixed Platforms.Build.0 = Release|Any CPU
		{8F04CA98-5CFA-40A9-8902-AF8CA122B2B8}.Release|x64.ActiveCfg = Release|Any CPU
		{8F04CA98-5CFA-40A9-8902-AF8CA122B2B8}.Release|x86.ActiveCfg = Release|Any CPU
		{A6BDD6BA-E3E6-40DB-A488-43ACFBE10140}.Debug|Any CPU.ActiveCfg = Debug|Any CPU
		{A6BDD6BA-E3E6-40DB-A488-43ACFBE10140}.Debug|Any CPU.Build.0 = Debug|Any CPU
		{A6BDD6BA-E3E6-40DB-A488-43ACFBE10140}.Debug|ARM.ActiveCfg = Debug|Any CPU
		{A6BDD6BA-E3E6-40DB-A488-43ACFBE10140}.Debug|Mixed Platforms.ActiveCfg = Debug|Any CPU
		{A6BDD6BA-E3E6-40DB-A488-43ACFBE10140}.Debug|Mixed Platforms.Build.0 = Debug|Any CPU
		{A6BDD6BA-E3E6-40DB-A488-43ACFBE10140}.Debug|x64.ActiveCfg = Debug|Any CPU
		{A6BDD6BA-E3E6-40DB-A488-43ACFBE10140}.Debug|x86.ActiveCfg = Debug|Any CPU
		{A6BDD6BA-E3E6-40DB-A488-43ACFBE10140}.Debug|x86.Build.0 = Debug|Any CPU
		{A6BDD6BA-E3E6-40DB-A488-43ACFBE10140}.Release|Any CPU.ActiveCfg = Release|Any CPU
		{A6BDD6BA-E3E6-40DB-A488-43ACFBE10140}.Release|Any CPU.Build.0 = Release|Any CPU
		{A6BDD6BA-E3E6-40DB-A488-43ACFBE10140}.Release|ARM.ActiveCfg = Release|Any CPU
		{A6BDD6BA-E3E6-40DB-A488-43ACFBE10140}.Release|Mixed Platforms.ActiveCfg = Release|Any CPU
		{A6BDD6BA-E3E6-40DB-A488-43ACFBE10140}.Release|Mixed Platforms.Build.0 = Release|Any CPU
		{A6BDD6BA-E3E6-40DB-A488-43ACFBE10140}.Release|x64.ActiveCfg = Release|Any CPU
		{A6BDD6BA-E3E6-40DB-A488-43ACFBE10140}.Release|x86.ActiveCfg = Release|Any CPU
		{E78D36D7-8A74-4B36-AC5D-3F1D5F27E81C}.Debug|Any CPU.ActiveCfg = Debug|Any CPU
		{E78D36D7-8A74-4B36-AC5D-3F1D5F27E81C}.Debug|Any CPU.Build.0 = Debug|Any CPU
		{E78D36D7-8A74-4B36-AC5D-3F1D5F27E81C}.Debug|ARM.ActiveCfg = Debug|Any CPU
		{E78D36D7-8A74-4B36-AC5D-3F1D5F27E81C}.Debug|Mixed Platforms.ActiveCfg = Debug|Any CPU
		{E78D36D7-8A74-4B36-AC5D-3F1D5F27E81C}.Debug|Mixed Platforms.Build.0 = Debug|Any CPU
		{E78D36D7-8A74-4B36-AC5D-3F1D5F27E81C}.Debug|x64.ActiveCfg = Debug|Any CPU
		{E78D36D7-8A74-4B36-AC5D-3F1D5F27E81C}.Debug|x86.ActiveCfg = Debug|Any CPU
		{E78D36D7-8A74-4B36-AC5D-3F1D5F27E81C}.Debug|x86.Build.0 = Debug|Any CPU
		{E78D36D7-8A74-4B36-AC5D-3F1D5F27E81C}.Release|Any CPU.ActiveCfg = Release|Any CPU
		{E78D36D7-8A74-4B36-AC5D-3F1D5F27E81C}.Release|Any CPU.Build.0 = Release|Any CPU
		{E78D36D7-8A74-4B36-AC5D-3F1D5F27E81C}.Release|ARM.ActiveCfg = Release|Any CPU
		{E78D36D7-8A74-4B36-AC5D-3F1D5F27E81C}.Release|Mixed Platforms.ActiveCfg = Release|Any CPU
		{E78D36D7-8A74-4B36-AC5D-3F1D5F27E81C}.Release|Mixed Platforms.Build.0 = Release|Any CPU
		{E78D36D7-8A74-4B36-AC5D-3F1D5F27E81C}.Release|x64.ActiveCfg = Release|Any CPU
		{E78D36D7-8A74-4B36-AC5D-3F1D5F27E81C}.Release|x86.ActiveCfg = Release|Any CPU
		{33A5DEEB-9AB9-49C5-AC7C-1DA1408DE27E}.Debug|Any CPU.ActiveCfg = Debug|Any CPU
		{33A5DEEB-9AB9-49C5-AC7C-1DA1408DE27E}.Debug|Any CPU.Build.0 = Debug|Any CPU
		{33A5DEEB-9AB9-49C5-AC7C-1DA1408DE27E}.Debug|ARM.ActiveCfg = Debug|Any CPU
		{33A5DEEB-9AB9-49C5-AC7C-1DA1408DE27E}.Debug|Mixed Platforms.ActiveCfg = Debug|Any CPU
		{33A5DEEB-9AB9-49C5-AC7C-1DA1408DE27E}.Debug|Mixed Platforms.Build.0 = Debug|Any CPU
		{33A5DEEB-9AB9-49C5-AC7C-1DA1408DE27E}.Debug|x64.ActiveCfg = Debug|Any CPU
		{33A5DEEB-9AB9-49C5-AC7C-1DA1408DE27E}.Debug|x86.ActiveCfg = Debug|Any CPU
		{33A5DEEB-9AB9-49C5-AC7C-1DA1408DE27E}.Debug|x86.Build.0 = Debug|Any CPU
		{33A5DEEB-9AB9-49C5-AC7C-1DA1408DE27E}.Release|Any CPU.ActiveCfg = Release|Any CPU
		{33A5DEEB-9AB9-49C5-AC7C-1DA1408DE27E}.Release|Any CPU.Build.0 = Release|Any CPU
		{33A5DEEB-9AB9-49C5-AC7C-1DA1408DE27E}.Release|ARM.ActiveCfg = Release|Any CPU
		{33A5DEEB-9AB9-49C5-AC7C-1DA1408DE27E}.Release|Mixed Platforms.ActiveCfg = Release|Any CPU
		{33A5DEEB-9AB9-49C5-AC7C-1DA1408DE27E}.Release|Mixed Platforms.Build.0 = Release|Any CPU
		{33A5DEEB-9AB9-49C5-AC7C-1DA1408DE27E}.Release|x64.ActiveCfg = Release|Any CPU
		{33A5DEEB-9AB9-49C5-AC7C-1DA1408DE27E}.Release|x86.ActiveCfg = Release|Any CPU
		{DB25BDB4-9706-4D68-949A-69AB9E160F3B}.Debug|Any CPU.ActiveCfg = Debug|Any CPU
		{DB25BDB4-9706-4D68-949A-69AB9E160F3B}.Debug|Any CPU.Build.0 = Debug|Any CPU
		{DB25BDB4-9706-4D68-949A-69AB9E160F3B}.Debug|ARM.ActiveCfg = Debug|Any CPU
		{DB25BDB4-9706-4D68-949A-69AB9E160F3B}.Debug|Mixed Platforms.ActiveCfg = Debug|Any CPU
		{DB25BDB4-9706-4D68-949A-69AB9E160F3B}.Debug|Mixed Platforms.Build.0 = Debug|Any CPU
		{DB25BDB4-9706-4D68-949A-69AB9E160F3B}.Debug|x64.ActiveCfg = Debug|Any CPU
		{DB25BDB4-9706-4D68-949A-69AB9E160F3B}.Debug|x86.ActiveCfg = Debug|Any CPU
		{DB25BDB4-9706-4D68-949A-69AB9E160F3B}.Debug|x86.Build.0 = Debug|Any CPU
		{DB25BDB4-9706-4D68-949A-69AB9E160F3B}.Release|Any CPU.ActiveCfg = Release|Any CPU
		{DB25BDB4-9706-4D68-949A-69AB9E160F3B}.Release|Any CPU.Build.0 = Release|Any CPU
		{DB25BDB4-9706-4D68-949A-69AB9E160F3B}.Release|ARM.ActiveCfg = Release|Any CPU
		{DB25BDB4-9706-4D68-949A-69AB9E160F3B}.Release|Mixed Platforms.ActiveCfg = Release|Any CPU
		{DB25BDB4-9706-4D68-949A-69AB9E160F3B}.Release|Mixed Platforms.Build.0 = Release|Any CPU
		{DB25BDB4-9706-4D68-949A-69AB9E160F3B}.Release|x64.ActiveCfg = Release|Any CPU
		{DB25BDB4-9706-4D68-949A-69AB9E160F3B}.Release|x86.ActiveCfg = Release|Any CPU
		{41F49920-AAF5-4168-96C1-053BF5301A05}.Debug|Any CPU.ActiveCfg = Debug|Any CPU
		{41F49920-AAF5-4168-96C1-053BF5301A05}.Debug|Any CPU.Build.0 = Debug|Any CPU
		{41F49920-AAF5-4168-96C1-053BF5301A05}.Debug|ARM.ActiveCfg = Debug|Any CPU
		{41F49920-AAF5-4168-96C1-053BF5301A05}.Debug|Mixed Platforms.ActiveCfg = Debug|Any CPU
		{41F49920-AAF5-4168-96C1-053BF5301A05}.Debug|Mixed Platforms.Build.0 = Debug|Any CPU
		{41F49920-AAF5-4168-96C1-053BF5301A05}.Debug|x64.ActiveCfg = Debug|Any CPU
		{41F49920-AAF5-4168-96C1-053BF5301A05}.Debug|x86.ActiveCfg = Debug|Any CPU
		{41F49920-AAF5-4168-96C1-053BF5301A05}.Debug|x86.Build.0 = Debug|Any CPU
		{41F49920-AAF5-4168-96C1-053BF5301A05}.Release|Any CPU.ActiveCfg = Release|Any CPU
		{41F49920-AAF5-4168-96C1-053BF5301A05}.Release|Any CPU.Build.0 = Release|Any CPU
		{41F49920-AAF5-4168-96C1-053BF5301A05}.Release|ARM.ActiveCfg = Release|Any CPU
		{41F49920-AAF5-4168-96C1-053BF5301A05}.Release|Mixed Platforms.ActiveCfg = Release|Any CPU
		{41F49920-AAF5-4168-96C1-053BF5301A05}.Release|Mixed Platforms.Build.0 = Release|Any CPU
		{41F49920-AAF5-4168-96C1-053BF5301A05}.Release|x64.ActiveCfg = Release|Any CPU
		{41F49920-AAF5-4168-96C1-053BF5301A05}.Release|x86.ActiveCfg = Release|Any CPU
		{C68777BE-FC18-47E1-ABAE-7CD6D5D0F7BC}.Debug|Any CPU.ActiveCfg = Debug|Any CPU
		{C68777BE-FC18-47E1-ABAE-7CD6D5D0F7BC}.Debug|Any CPU.Build.0 = Debug|Any CPU
		{C68777BE-FC18-47E1-ABAE-7CD6D5D0F7BC}.Debug|ARM.ActiveCfg = Debug|Any CPU
		{C68777BE-FC18-47E1-ABAE-7CD6D5D0F7BC}.Debug|Mixed Platforms.ActiveCfg = Debug|Any CPU
		{C68777BE-FC18-47E1-ABAE-7CD6D5D0F7BC}.Debug|Mixed Platforms.Build.0 = Debug|Any CPU
		{C68777BE-FC18-47E1-ABAE-7CD6D5D0F7BC}.Debug|x64.ActiveCfg = Debug|Any CPU
		{C68777BE-FC18-47E1-ABAE-7CD6D5D0F7BC}.Debug|x86.ActiveCfg = Debug|Any CPU
		{C68777BE-FC18-47E1-ABAE-7CD6D5D0F7BC}.Release|Any CPU.ActiveCfg = Release|Any CPU
		{C68777BE-FC18-47E1-ABAE-7CD6D5D0F7BC}.Release|Any CPU.Build.0 = Release|Any CPU
		{C68777BE-FC18-47E1-ABAE-7CD6D5D0F7BC}.Release|ARM.ActiveCfg = Release|Any CPU
		{C68777BE-FC18-47E1-ABAE-7CD6D5D0F7BC}.Release|Mixed Platforms.ActiveCfg = Release|Any CPU
		{C68777BE-FC18-47E1-ABAE-7CD6D5D0F7BC}.Release|Mixed Platforms.Build.0 = Release|Any CPU
		{C68777BE-FC18-47E1-ABAE-7CD6D5D0F7BC}.Release|x64.ActiveCfg = Release|Any CPU
		{C68777BE-FC18-47E1-ABAE-7CD6D5D0F7BC}.Release|x86.ActiveCfg = Release|Any CPU
		{C7DBF177-FCDB-4530-A6CA-3B1EFBAD63EB}.Debug|Any CPU.ActiveCfg = Debug|Any CPU
		{C7DBF177-FCDB-4530-A6CA-3B1EFBAD63EB}.Debug|Any CPU.Build.0 = Debug|Any CPU
		{C7DBF177-FCDB-4530-A6CA-3B1EFBAD63EB}.Debug|ARM.ActiveCfg = Debug|Any CPU
		{C7DBF177-FCDB-4530-A6CA-3B1EFBAD63EB}.Debug|Mixed Platforms.ActiveCfg = Debug|Any CPU
		{C7DBF177-FCDB-4530-A6CA-3B1EFBAD63EB}.Debug|Mixed Platforms.Build.0 = Debug|Any CPU
		{C7DBF177-FCDB-4530-A6CA-3B1EFBAD63EB}.Debug|x64.ActiveCfg = Debug|Any CPU
		{C7DBF177-FCDB-4530-A6CA-3B1EFBAD63EB}.Debug|x86.ActiveCfg = Debug|Any CPU
		{C7DBF177-FCDB-4530-A6CA-3B1EFBAD63EB}.Release|Any CPU.ActiveCfg = Release|Any CPU
		{C7DBF177-FCDB-4530-A6CA-3B1EFBAD63EB}.Release|Any CPU.Build.0 = Release|Any CPU
		{C7DBF177-FCDB-4530-A6CA-3B1EFBAD63EB}.Release|ARM.ActiveCfg = Release|Any CPU
		{C7DBF177-FCDB-4530-A6CA-3B1EFBAD63EB}.Release|Mixed Platforms.ActiveCfg = Release|Any CPU
		{C7DBF177-FCDB-4530-A6CA-3B1EFBAD63EB}.Release|Mixed Platforms.Build.0 = Release|Any CPU
		{C7DBF177-FCDB-4530-A6CA-3B1EFBAD63EB}.Release|x64.ActiveCfg = Release|Any CPU
		{C7DBF177-FCDB-4530-A6CA-3B1EFBAD63EB}.Release|x86.ActiveCfg = Release|Any CPU
		{49A9EC7E-4BB7-4657-8BDC-7ED57EA937E0}.Debug|Any CPU.ActiveCfg = Debug|Any CPU
		{49A9EC7E-4BB7-4657-8BDC-7ED57EA937E0}.Debug|Any CPU.Build.0 = Debug|Any CPU
		{49A9EC7E-4BB7-4657-8BDC-7ED57EA937E0}.Debug|ARM.ActiveCfg = Debug|Any CPU
		{49A9EC7E-4BB7-4657-8BDC-7ED57EA937E0}.Debug|Mixed Platforms.ActiveCfg = Debug|Any CPU
		{49A9EC7E-4BB7-4657-8BDC-7ED57EA937E0}.Debug|Mixed Platforms.Build.0 = Debug|Any CPU
		{49A9EC7E-4BB7-4657-8BDC-7ED57EA937E0}.Debug|x64.ActiveCfg = Debug|Any CPU
		{49A9EC7E-4BB7-4657-8BDC-7ED57EA937E0}.Debug|x86.ActiveCfg = Debug|Any CPU
		{49A9EC7E-4BB7-4657-8BDC-7ED57EA937E0}.Release|Any CPU.ActiveCfg = Release|Any CPU
		{49A9EC7E-4BB7-4657-8BDC-7ED57EA937E0}.Release|Any CPU.Build.0 = Release|Any CPU
		{49A9EC7E-4BB7-4657-8BDC-7ED57EA937E0}.Release|ARM.ActiveCfg = Release|Any CPU
		{49A9EC7E-4BB7-4657-8BDC-7ED57EA937E0}.Release|Mixed Platforms.ActiveCfg = Release|Any CPU
		{49A9EC7E-4BB7-4657-8BDC-7ED57EA937E0}.Release|Mixed Platforms.Build.0 = Release|Any CPU
		{49A9EC7E-4BB7-4657-8BDC-7ED57EA937E0}.Release|x64.ActiveCfg = Release|Any CPU
		{49A9EC7E-4BB7-4657-8BDC-7ED57EA937E0}.Release|x86.ActiveCfg = Release|Any CPU
		{E26944A6-D471-4C23-8326-3E80FAC89F03}.Debug|Any CPU.ActiveCfg = Debug|Any CPU
		{E26944A6-D471-4C23-8326-3E80FAC89F03}.Debug|Any CPU.Build.0 = Debug|Any CPU
		{E26944A6-D471-4C23-8326-3E80FAC89F03}.Debug|ARM.ActiveCfg = Debug|x86
		{E26944A6-D471-4C23-8326-3E80FAC89F03}.Debug|Mixed Platforms.ActiveCfg = Debug|x86
		{E26944A6-D471-4C23-8326-3E80FAC89F03}.Debug|Mixed Platforms.Build.0 = Debug|x86
		{E26944A6-D471-4C23-8326-3E80FAC89F03}.Debug|x64.ActiveCfg = Debug|x86
		{E26944A6-D471-4C23-8326-3E80FAC89F03}.Debug|x86.ActiveCfg = Debug|x86
		{E26944A6-D471-4C23-8326-3E80FAC89F03}.Debug|x86.Build.0 = Debug|x86
		{E26944A6-D471-4C23-8326-3E80FAC89F03}.Release|Any CPU.ActiveCfg = Release|Any CPU
		{E26944A6-D471-4C23-8326-3E80FAC89F03}.Release|Any CPU.Build.0 = Release|Any CPU
		{E26944A6-D471-4C23-8326-3E80FAC89F03}.Release|ARM.ActiveCfg = Release|x86
		{E26944A6-D471-4C23-8326-3E80FAC89F03}.Release|Mixed Platforms.ActiveCfg = Release|x86
		{E26944A6-D471-4C23-8326-3E80FAC89F03}.Release|Mixed Platforms.Build.0 = Release|x86
		{E26944A6-D471-4C23-8326-3E80FAC89F03}.Release|x64.ActiveCfg = Release|x86
		{E26944A6-D471-4C23-8326-3E80FAC89F03}.Release|x86.ActiveCfg = Release|x86
		{E26944A6-D471-4C23-8326-3E80FAC89F03}.Release|x86.Build.0 = Release|x86
		{8875D2FA-58DC-485D-9A8F-6A99B9FD547F}.Debug|Any CPU.ActiveCfg = Debug|Any CPU
		{8875D2FA-58DC-485D-9A8F-6A99B9FD547F}.Debug|Any CPU.Build.0 = Debug|Any CPU
		{8875D2FA-58DC-485D-9A8F-6A99B9FD547F}.Debug|ARM.ActiveCfg = Debug|Any CPU
		{8875D2FA-58DC-485D-9A8F-6A99B9FD547F}.Debug|Mixed Platforms.ActiveCfg = Debug|Any CPU
		{8875D2FA-58DC-485D-9A8F-6A99B9FD547F}.Debug|Mixed Platforms.Build.0 = Debug|Any CPU
		{8875D2FA-58DC-485D-9A8F-6A99B9FD547F}.Debug|x64.ActiveCfg = Debug|Any CPU
		{8875D2FA-58DC-485D-9A8F-6A99B9FD547F}.Debug|x86.ActiveCfg = Debug|Any CPU
		{8875D2FA-58DC-485D-9A8F-6A99B9FD547F}.Release|Any CPU.ActiveCfg = Release|Any CPU
		{8875D2FA-58DC-485D-9A8F-6A99B9FD547F}.Release|Any CPU.Build.0 = Release|Any CPU
		{8875D2FA-58DC-485D-9A8F-6A99B9FD547F}.Release|ARM.ActiveCfg = Release|Any CPU
		{8875D2FA-58DC-485D-9A8F-6A99B9FD547F}.Release|Mixed Platforms.ActiveCfg = Release|Any CPU
		{8875D2FA-58DC-485D-9A8F-6A99B9FD547F}.Release|Mixed Platforms.Build.0 = Release|Any CPU
		{8875D2FA-58DC-485D-9A8F-6A99B9FD547F}.Release|x64.ActiveCfg = Release|Any CPU
		{8875D2FA-58DC-485D-9A8F-6A99B9FD547F}.Release|x86.ActiveCfg = Release|Any CPU
		{80FFA53E-9C4D-45CE-A7D2-8FE0B6A9FBFB}.Debug|Any CPU.ActiveCfg = Debug|Any CPU
		{80FFA53E-9C4D-45CE-A7D2-8FE0B6A9FBFB}.Debug|Any CPU.Build.0 = Debug|Any CPU
		{80FFA53E-9C4D-45CE-A7D2-8FE0B6A9FBFB}.Debug|ARM.ActiveCfg = Debug|Any CPU
		{80FFA53E-9C4D-45CE-A7D2-8FE0B6A9FBFB}.Debug|Mixed Platforms.ActiveCfg = Debug|Any CPU
		{80FFA53E-9C4D-45CE-A7D2-8FE0B6A9FBFB}.Debug|Mixed Platforms.Build.0 = Debug|Any CPU
		{80FFA53E-9C4D-45CE-A7D2-8FE0B6A9FBFB}.Debug|x64.ActiveCfg = Debug|Any CPU
		{80FFA53E-9C4D-45CE-A7D2-8FE0B6A9FBFB}.Debug|x86.ActiveCfg = Debug|Any CPU
		{80FFA53E-9C4D-45CE-A7D2-8FE0B6A9FBFB}.Release|Any CPU.ActiveCfg = Release|Any CPU
		{80FFA53E-9C4D-45CE-A7D2-8FE0B6A9FBFB}.Release|Any CPU.Build.0 = Release|Any CPU
		{80FFA53E-9C4D-45CE-A7D2-8FE0B6A9FBFB}.Release|ARM.ActiveCfg = Release|Any CPU
		{80FFA53E-9C4D-45CE-A7D2-8FE0B6A9FBFB}.Release|Mixed Platforms.ActiveCfg = Release|Any CPU
		{80FFA53E-9C4D-45CE-A7D2-8FE0B6A9FBFB}.Release|Mixed Platforms.Build.0 = Release|Any CPU
		{80FFA53E-9C4D-45CE-A7D2-8FE0B6A9FBFB}.Release|x64.ActiveCfg = Release|Any CPU
		{80FFA53E-9C4D-45CE-A7D2-8FE0B6A9FBFB}.Release|x86.ActiveCfg = Release|Any CPU
		{8783E4FF-0C68-4FD7-8D6C-1ECA3CC2AD9F}.Debug|Any CPU.ActiveCfg = Debug|Any CPU
		{8783E4FF-0C68-4FD7-8D6C-1ECA3CC2AD9F}.Debug|Any CPU.Build.0 = Debug|Any CPU
		{8783E4FF-0C68-4FD7-8D6C-1ECA3CC2AD9F}.Debug|ARM.ActiveCfg = Debug|Any CPU
		{8783E4FF-0C68-4FD7-8D6C-1ECA3CC2AD9F}.Debug|Mixed Platforms.ActiveCfg = Debug|Any CPU
		{8783E4FF-0C68-4FD7-8D6C-1ECA3CC2AD9F}.Debug|Mixed Platforms.Build.0 = Debug|Any CPU
		{8783E4FF-0C68-4FD7-8D6C-1ECA3CC2AD9F}.Debug|x64.ActiveCfg = Debug|Any CPU
		{8783E4FF-0C68-4FD7-8D6C-1ECA3CC2AD9F}.Debug|x86.ActiveCfg = Debug|Any CPU
		{8783E4FF-0C68-4FD7-8D6C-1ECA3CC2AD9F}.Release|Any CPU.ActiveCfg = Release|Any CPU
		{8783E4FF-0C68-4FD7-8D6C-1ECA3CC2AD9F}.Release|Any CPU.Build.0 = Release|Any CPU
		{8783E4FF-0C68-4FD7-8D6C-1ECA3CC2AD9F}.Release|ARM.ActiveCfg = Release|Any CPU
		{8783E4FF-0C68-4FD7-8D6C-1ECA3CC2AD9F}.Release|Mixed Platforms.ActiveCfg = Release|Any CPU
		{8783E4FF-0C68-4FD7-8D6C-1ECA3CC2AD9F}.Release|Mixed Platforms.Build.0 = Release|Any CPU
		{8783E4FF-0C68-4FD7-8D6C-1ECA3CC2AD9F}.Release|x64.ActiveCfg = Release|Any CPU
		{8783E4FF-0C68-4FD7-8D6C-1ECA3CC2AD9F}.Release|x86.ActiveCfg = Release|Any CPU
		{5423CA6F-906F-4E5A-9D1D-225411AF79F3}.Debug|Any CPU.ActiveCfg = Debug|Any CPU
		{5423CA6F-906F-4E5A-9D1D-225411AF79F3}.Debug|Any CPU.Build.0 = Debug|Any CPU
		{5423CA6F-906F-4E5A-9D1D-225411AF79F3}.Debug|ARM.ActiveCfg = Debug|Any CPU
		{5423CA6F-906F-4E5A-9D1D-225411AF79F3}.Debug|Mixed Platforms.ActiveCfg = Debug|Any CPU
		{5423CA6F-906F-4E5A-9D1D-225411AF79F3}.Debug|Mixed Platforms.Build.0 = Debug|Any CPU
		{5423CA6F-906F-4E5A-9D1D-225411AF79F3}.Debug|x64.ActiveCfg = Debug|Any CPU
		{5423CA6F-906F-4E5A-9D1D-225411AF79F3}.Debug|x86.ActiveCfg = Debug|Any CPU
		{5423CA6F-906F-4E5A-9D1D-225411AF79F3}.Release|Any CPU.ActiveCfg = Release|Any CPU
		{5423CA6F-906F-4E5A-9D1D-225411AF79F3}.Release|Any CPU.Build.0 = Release|Any CPU
		{5423CA6F-906F-4E5A-9D1D-225411AF79F3}.Release|ARM.ActiveCfg = Release|Any CPU
		{5423CA6F-906F-4E5A-9D1D-225411AF79F3}.Release|Mixed Platforms.ActiveCfg = Release|Any CPU
		{5423CA6F-906F-4E5A-9D1D-225411AF79F3}.Release|Mixed Platforms.Build.0 = Release|Any CPU
		{5423CA6F-906F-4E5A-9D1D-225411AF79F3}.Release|x64.ActiveCfg = Release|Any CPU
		{5423CA6F-906F-4E5A-9D1D-225411AF79F3}.Release|x86.ActiveCfg = Release|Any CPU
		{E958F571-696C-482C-A6E9-713C9BCEE4F8}.Debug|Any CPU.ActiveCfg = Debug|Any CPU
		{E958F571-696C-482C-A6E9-713C9BCEE4F8}.Debug|Any CPU.Build.0 = Debug|Any CPU
		{E958F571-696C-482C-A6E9-713C9BCEE4F8}.Debug|ARM.ActiveCfg = Debug|Any CPU
		{E958F571-696C-482C-A6E9-713C9BCEE4F8}.Debug|Mixed Platforms.ActiveCfg = Debug|Any CPU
		{E958F571-696C-482C-A6E9-713C9BCEE4F8}.Debug|Mixed Platforms.Build.0 = Debug|Any CPU
		{E958F571-696C-482C-A6E9-713C9BCEE4F8}.Debug|x64.ActiveCfg = Debug|Any CPU
		{E958F571-696C-482C-A6E9-713C9BCEE4F8}.Debug|x86.ActiveCfg = Debug|Any CPU
		{E958F571-696C-482C-A6E9-713C9BCEE4F8}.Release|Any CPU.ActiveCfg = Release|Any CPU
		{E958F571-696C-482C-A6E9-713C9BCEE4F8}.Release|Any CPU.Build.0 = Release|Any CPU
		{E958F571-696C-482C-A6E9-713C9BCEE4F8}.Release|ARM.ActiveCfg = Release|Any CPU
		{E958F571-696C-482C-A6E9-713C9BCEE4F8}.Release|Mixed Platforms.ActiveCfg = Release|Any CPU
		{E958F571-696C-482C-A6E9-713C9BCEE4F8}.Release|Mixed Platforms.Build.0 = Release|Any CPU
		{E958F571-696C-482C-A6E9-713C9BCEE4F8}.Release|x64.ActiveCfg = Release|Any CPU
		{E958F571-696C-482C-A6E9-713C9BCEE4F8}.Release|x86.ActiveCfg = Release|Any CPU
		{986963DC-777B-430A-AA98-B90A740D46BE}.Debug|Any CPU.ActiveCfg = Debug|Any CPU
		{986963DC-777B-430A-AA98-B90A740D46BE}.Debug|Any CPU.Build.0 = Debug|Any CPU
		{986963DC-777B-430A-AA98-B90A740D46BE}.Debug|ARM.ActiveCfg = Debug|Any CPU
		{986963DC-777B-430A-AA98-B90A740D46BE}.Debug|Mixed Platforms.ActiveCfg = Debug|Any CPU
		{986963DC-777B-430A-AA98-B90A740D46BE}.Debug|Mixed Platforms.Build.0 = Debug|Any CPU
		{986963DC-777B-430A-AA98-B90A740D46BE}.Debug|x64.ActiveCfg = Debug|Any CPU
		{986963DC-777B-430A-AA98-B90A740D46BE}.Debug|x86.ActiveCfg = Debug|Any CPU
		{986963DC-777B-430A-AA98-B90A740D46BE}.Release|Any CPU.ActiveCfg = Release|Any CPU
		{986963DC-777B-430A-AA98-B90A740D46BE}.Release|Any CPU.Build.0 = Release|Any CPU
		{986963DC-777B-430A-AA98-B90A740D46BE}.Release|ARM.ActiveCfg = Release|Any CPU
		{986963DC-777B-430A-AA98-B90A740D46BE}.Release|Mixed Platforms.ActiveCfg = Release|Any CPU
		{986963DC-777B-430A-AA98-B90A740D46BE}.Release|Mixed Platforms.Build.0 = Release|Any CPU
		{986963DC-777B-430A-AA98-B90A740D46BE}.Release|x64.ActiveCfg = Release|Any CPU
		{986963DC-777B-430A-AA98-B90A740D46BE}.Release|x86.ActiveCfg = Release|Any CPU
		{AD858522-EE68-42D3-AC97-239016E54A63}.Debug|Any CPU.ActiveCfg = Debug|Any CPU
		{AD858522-EE68-42D3-AC97-239016E54A63}.Debug|Any CPU.Build.0 = Debug|Any CPU
		{AD858522-EE68-42D3-AC97-239016E54A63}.Debug|ARM.ActiveCfg = Debug|Any CPU
		{AD858522-EE68-42D3-AC97-239016E54A63}.Debug|Mixed Platforms.ActiveCfg = Debug|Any CPU
		{AD858522-EE68-42D3-AC97-239016E54A63}.Debug|Mixed Platforms.Build.0 = Debug|Any CPU
		{AD858522-EE68-42D3-AC97-239016E54A63}.Debug|x64.ActiveCfg = Debug|Any CPU
		{AD858522-EE68-42D3-AC97-239016E54A63}.Debug|x86.ActiveCfg = Debug|Any CPU
		{AD858522-EE68-42D3-AC97-239016E54A63}.Release|Any CPU.ActiveCfg = Release|Any CPU
		{AD858522-EE68-42D3-AC97-239016E54A63}.Release|Any CPU.Build.0 = Release|Any CPU
		{AD858522-EE68-42D3-AC97-239016E54A63}.Release|ARM.ActiveCfg = Release|Any CPU
		{AD858522-EE68-42D3-AC97-239016E54A63}.Release|Mixed Platforms.ActiveCfg = Release|Any CPU
		{AD858522-EE68-42D3-AC97-239016E54A63}.Release|Mixed Platforms.Build.0 = Release|Any CPU
		{AD858522-EE68-42D3-AC97-239016E54A63}.Release|x64.ActiveCfg = Release|Any CPU
		{AD858522-EE68-42D3-AC97-239016E54A63}.Release|x86.ActiveCfg = Release|Any CPU
		{24379F85-FA6D-4E6E-98F3-75F3A9520FE6}.Debug|Any CPU.ActiveCfg = Debug|Any CPU
		{24379F85-FA6D-4E6E-98F3-75F3A9520FE6}.Debug|Any CPU.Build.0 = Debug|Any CPU
		{24379F85-FA6D-4E6E-98F3-75F3A9520FE6}.Debug|ARM.ActiveCfg = Debug|Any CPU
		{24379F85-FA6D-4E6E-98F3-75F3A9520FE6}.Debug|Mixed Platforms.ActiveCfg = Debug|Any CPU
		{24379F85-FA6D-4E6E-98F3-75F3A9520FE6}.Debug|Mixed Platforms.Build.0 = Debug|Any CPU
		{24379F85-FA6D-4E6E-98F3-75F3A9520FE6}.Debug|x64.ActiveCfg = Debug|Any CPU
		{24379F85-FA6D-4E6E-98F3-75F3A9520FE6}.Debug|x86.ActiveCfg = Debug|Any CPU
		{24379F85-FA6D-4E6E-98F3-75F3A9520FE6}.Release|Any CPU.ActiveCfg = Release|Any CPU
		{24379F85-FA6D-4E6E-98F3-75F3A9520FE6}.Release|Any CPU.Build.0 = Release|Any CPU
		{24379F85-FA6D-4E6E-98F3-75F3A9520FE6}.Release|ARM.ActiveCfg = Release|Any CPU
		{24379F85-FA6D-4E6E-98F3-75F3A9520FE6}.Release|Mixed Platforms.ActiveCfg = Release|Any CPU
		{24379F85-FA6D-4E6E-98F3-75F3A9520FE6}.Release|Mixed Platforms.Build.0 = Release|Any CPU
		{24379F85-FA6D-4E6E-98F3-75F3A9520FE6}.Release|x64.ActiveCfg = Release|Any CPU
		{24379F85-FA6D-4E6E-98F3-75F3A9520FE6}.Release|x86.ActiveCfg = Release|Any CPU
	EndGlobalSection
	GlobalSection(SolutionProperties) = preSolution
		HideSolutionNode = FALSE
	EndGlobalSection
	GlobalSection(NestedProjects) = preSolution
		{4F8D2941-B4AA-4F54-B2B6-940D96C41B7B} = {96958F3F-CDE8-4F64-A383-83E99B2DC67C}
		{EAABD53D-7507-4F76-A538-0264D7294422} = {96958F3F-CDE8-4F64-A383-83E99B2DC67C}
		{286D7F72-2E89-4F1A-A5D2-A6C9300CD769} = {96958F3F-CDE8-4F64-A383-83E99B2DC67C}
		{50599EA5-19A7-4A8F-85AD-65E25D2C2900} = {96958F3F-CDE8-4F64-A383-83E99B2DC67C}
		{B5522475-BF79-4BF8-8388-8C9164B607AB} = {96958F3F-CDE8-4F64-A383-83E99B2DC67C}
		{DE4BCC45-8FC9-4604-AB54-E59A05B7C691} = {96958F3F-CDE8-4F64-A383-83E99B2DC67C}
		{500A83F1-8B75-4BF7-BF13-6179AE452B6C} = {96958F3F-CDE8-4F64-A383-83E99B2DC67C}
		{51BFA365-0CFE-458B-AAD6-3718F0E59075} = {4F8D2941-B4AA-4F54-B2B6-940D96C41B7B}
		{70598EB3-7AA8-429B-8E9D-3ADCAD2D377B} = {4F8D2941-B4AA-4F54-B2B6-940D96C41B7B}
		{F29EC355-6C40-43C6-85D9-14E45D0460D6} = {4F8D2941-B4AA-4F54-B2B6-940D96C41B7B}
		{B83FD133-BE7F-4579-8E0A-56A69AB3790A} = {4F8D2941-B4AA-4F54-B2B6-940D96C41B7B}
		{62DCD467-1E9C-49E8-880A-00A077BF7BB8} = {286D7F72-2E89-4F1A-A5D2-A6C9300CD769}
		{B75A7B93-6CE5-4FAB-805C-DF714693AFEB} = {286D7F72-2E89-4F1A-A5D2-A6C9300CD769}
		{E26944A6-D471-4C23-8326-3E80FAC89F03} = {286D7F72-2E89-4F1A-A5D2-A6C9300CD769}
		{8F04CA98-5CFA-40A9-8902-AF8CA122B2B8} = {50599EA5-19A7-4A8F-85AD-65E25D2C2900}
		{A6BDD6BA-E3E6-40DB-A488-43ACFBE10140} = {50599EA5-19A7-4A8F-85AD-65E25D2C2900}
		{E78D36D7-8A74-4B36-AC5D-3F1D5F27E81C} = {50599EA5-19A7-4A8F-85AD-65E25D2C2900}
		{33A5DEEB-9AB9-49C5-AC7C-1DA1408DE27E} = {B5522475-BF79-4BF8-8388-8C9164B607AB}
		{DB25BDB4-9706-4D68-949A-69AB9E160F3B} = {B5522475-BF79-4BF8-8388-8C9164B607AB}
		{41F49920-AAF5-4168-96C1-053BF5301A05} = {B5522475-BF79-4BF8-8388-8C9164B607AB}
		{8875D2FA-58DC-485D-9A8F-6A99B9FD547F} = {DE4BCC45-8FC9-4604-AB54-E59A05B7C691}
		{8783E4FF-0C68-4FD7-8D6C-1ECA3CC2AD9F} = {500A83F1-8B75-4BF7-BF13-6179AE452B6C}
		{5423CA6F-906F-4E5A-9D1D-225411AF79F3} = {500A83F1-8B75-4BF7-BF13-6179AE452B6C}
		{E958F571-696C-482C-A6E9-713C9BCEE4F8} = {B83FD133-BE7F-4579-8E0A-56A69AB3790A}
		{986963DC-777B-430A-AA98-B90A740D46BE} = {B83FD133-BE7F-4579-8E0A-56A69AB3790A}
		{AD858522-EE68-42D3-AC97-239016E54A63} = {B83FD133-BE7F-4579-8E0A-56A69AB3790A}
	EndGlobalSection
EndGlobal
