
Microsoft Visual Studio Solution File, Format Version 12.00
# Visual Studio 2012
Project("{FAE04EC0-301F-11D3-BF4B-00C04F79EFBC}") = "SystemDot", "..\Projects\SystemDot\SystemDot.csproj", "{DED30506-F4EC-4528-B535-8FA9373C5B52}"
EndProject
Project("{FAE04EC0-301F-11D3-BF4B-00C04F79EFBC}") = "SystemDot.Specifications", "..\Projects\SystemDot.Specifications\SystemDot.Specifications.csproj", "{C35328BB-3E59-4DC8-8397-C0A7BB2F2E5E}"
EndProject
Project("{FAE04EC0-301F-11D3-BF4B-00C04F79EFBC}") = "SystemDot.Extensions", "..\Projects\SystemDot.Extensions\SystemDot.Extensions.csproj", "{C68777BE-FC18-47E1-ABAE-7CD6D5D0F7BC}"
EndProject
Project("{FAE04EC0-301F-11D3-BF4B-00C04F79EFBC}") = "SystemDot.Log4Net", "..\Projects\SystemDot.Log4Net\SystemDot.Log4Net.csproj", "{24379F85-FA6D-4E6E-98F3-75F3A9520FE6}"
EndProject
Project("{FAE04EC0-301F-11D3-BF4B-00C04F79EFBC}") = "SystemDot.Messaging", "..\Projects\SystemDot.Messaging\SystemDot.Messaging.csproj", "{0CDFED39-1AA2-464B-8F6A-3B8E19BA6842}"
EndProject
Project("{FAE04EC0-301F-11D3-BF4B-00C04F79EFBC}") = "SystemDot.Sql", "..\Projects\SystemDot.Sql\SystemDot.Sql.csproj", "{80FFA53E-9C4D-45CE-A7D2-8FE0B6A9FBFB}"
EndProject
Project("{FAE04EC0-301F-11D3-BF4B-00C04F79EFBC}") = "SystemDot.Esent", "..\Projects\SystemDot.Esent\SystemDot.Esent.csproj", "{C7DBF177-FCDB-4530-A6CA-3B1EFBAD63EB}"
EndProject
Project("{FAE04EC0-301F-11D3-BF4B-00C04F79EFBC}") = "SystemDot.Esent.Test", "..\Projects\SystemDot.Esent.Test\SystemDot.Esent.Test.csproj", "{49A9EC7E-4BB7-4657-8BDC-7ED57EA937E0}"
EndProject
Project("{FAE04EC0-301F-11D3-BF4B-00C04F79EFBC}") = "SystemDot.Messaging.Specifications", "..\Projects\SystemDot.Messaging.Specifications\SystemDot.Messaging.Specifications.csproj", "{2563F726-8DC3-4244-BEA7-F11068EA7AB9}"
EndProject
Global
	GlobalSection(SolutionConfigurationPlatforms) = preSolution
		Debug|Any CPU = Debug|Any CPU
		Debug|ARM = Debug|ARM
		Debug|Mixed Platforms = Debug|Mixed Platforms
		Debug|x64 = Debug|x64
		Debug|x86 = Debug|x86
		Release|Any CPU = Release|Any CPU
		Release|ARM = Release|ARM
		Release|Mixed Platforms = Release|Mixed Platforms
		Release|x64 = Release|x64
		Release|x86 = Release|x86
	EndGlobalSection
	GlobalSection(ProjectConfigurationPlatforms) = postSolution
		{DED30506-F4EC-4528-B535-8FA9373C5B52}.Debug|Any CPU.ActiveCfg = Debug|Any CPU
		{DED30506-F4EC-4528-B535-8FA9373C5B52}.Debug|Any CPU.Build.0 = Debug|Any CPU
		{DED30506-F4EC-4528-B535-8FA9373C5B52}.Debug|ARM.ActiveCfg = Debug|Any CPU
		{DED30506-F4EC-4528-B535-8FA9373C5B52}.Debug|Mixed Platforms.ActiveCfg = Debug|Any CPU
		{DED30506-F4EC-4528-B535-8FA9373C5B52}.Debug|Mixed Platforms.Build.0 = Debug|Any CPU
		{DED30506-F4EC-4528-B535-8FA9373C5B52}.Debug|x64.ActiveCfg = Debug|Any CPU
		{DED30506-F4EC-4528-B535-8FA9373C5B52}.Debug|x86.ActiveCfg = Debug|Any CPU
		{DED30506-F4EC-4528-B535-8FA9373C5B52}.Debug|x86.Build.0 = Debug|Any CPU
		{DED30506-F4EC-4528-B535-8FA9373C5B52}.Release|Any CPU.ActiveCfg = Release|Any CPU
		{DED30506-F4EC-4528-B535-8FA9373C5B52}.Release|Any CPU.Build.0 = Release|Any CPU
		{DED30506-F4EC-4528-B535-8FA9373C5B52}.Release|ARM.ActiveCfg = Release|Any CPU
		{DED30506-F4EC-4528-B535-8FA9373C5B52}.Release|Mixed Platforms.ActiveCfg = Release|Any CPU
		{DED30506-F4EC-4528-B535-8FA9373C5B52}.Release|Mixed Platforms.Build.0 = Release|Any CPU
		{DED30506-F4EC-4528-B535-8FA9373C5B52}.Release|x64.ActiveCfg = Release|Any CPU
		{DED30506-F4EC-4528-B535-8FA9373C5B52}.Release|x86.ActiveCfg = Release|Any CPU
		{C35328BB-3E59-4DC8-8397-C0A7BB2F2E5E}.Debug|Any CPU.ActiveCfg = Debug|Any CPU
		{C35328BB-3E59-4DC8-8397-C0A7BB2F2E5E}.Debug|Any CPU.Build.0 = Debug|Any CPU
		{C35328BB-3E59-4DC8-8397-C0A7BB2F2E5E}.Debug|ARM.ActiveCfg = Debug|Any CPU
		{C35328BB-3E59-4DC8-8397-C0A7BB2F2E5E}.Debug|Mixed Platforms.ActiveCfg = Debug|Any CPU
		{C35328BB-3E59-4DC8-8397-C0A7BB2F2E5E}.Debug|Mixed Platforms.Build.0 = Debug|Any CPU
		{C35328BB-3E59-4DC8-8397-C0A7BB2F2E5E}.Debug|x64.ActiveCfg = Debug|Any CPU
		{C35328BB-3E59-4DC8-8397-C0A7BB2F2E5E}.Debug|x86.ActiveCfg = Debug|Any CPU
		{C35328BB-3E59-4DC8-8397-C0A7BB2F2E5E}.Debug|x86.Build.0 = Debug|Any CPU
		{C35328BB-3E59-4DC8-8397-C0A7BB2F2E5E}.Release|Any CPU.ActiveCfg = Release|Any CPU
		{C35328BB-3E59-4DC8-8397-C0A7BB2F2E5E}.Release|Any CPU.Build.0 = Release|Any CPU
		{C35328BB-3E59-4DC8-8397-C0A7BB2F2E5E}.Release|ARM.ActiveCfg = Release|Any CPU
		{C35328BB-3E59-4DC8-8397-C0A7BB2F2E5E}.Release|Mixed Platforms.ActiveCfg = Release|Any CPU
		{C35328BB-3E59-4DC8-8397-C0A7BB2F2E5E}.Release|Mixed Platforms.Build.0 = Release|Any CPU
		{C35328BB-3E59-4DC8-8397-C0A7BB2F2E5E}.Release|x64.ActiveCfg = Release|Any CPU
		{C35328BB-3E59-4DC8-8397-C0A7BB2F2E5E}.Release|x86.ActiveCfg = Release|Any CPU
		{C68777BE-FC18-47E1-ABAE-7CD6D5D0F7BC}.Debug|Any CPU.ActiveCfg = Debug|Any CPU
		{C68777BE-FC18-47E1-ABAE-7CD6D5D0F7BC}.Debug|Any CPU.Build.0 = Debug|Any CPU
		{C68777BE-FC18-47E1-ABAE-7CD6D5D0F7BC}.Debug|ARM.ActiveCfg = Debug|Any CPU
		{C68777BE-FC18-47E1-ABAE-7CD6D5D0F7BC}.Debug|Mixed Platforms.ActiveCfg = Debug|Any CPU
		{C68777BE-FC18-47E1-ABAE-7CD6D5D0F7BC}.Debug|Mixed Platforms.Build.0 = Debug|Any CPU
		{C68777BE-FC18-47E1-ABAE-7CD6D5D0F7BC}.Debug|x64.ActiveCfg = Debug|Any CPU
		{C68777BE-FC18-47E1-ABAE-7CD6D5D0F7BC}.Debug|x86.ActiveCfg = Debug|Any CPU
		{C68777BE-FC18-47E1-ABAE-7CD6D5D0F7BC}.Release|Any CPU.ActiveCfg = Release|Any CPU
		{C68777BE-FC18-47E1-ABAE-7CD6D5D0F7BC}.Release|Any CPU.Build.0 = Release|Any CPU
		{C68777BE-FC18-47E1-ABAE-7CD6D5D0F7BC}.Release|ARM.ActiveCfg = Release|Any CPU
		{C68777BE-FC18-47E1-ABAE-7CD6D5D0F7BC}.Release|Mixed Platforms.ActiveCfg = Release|Any CPU
		{C68777BE-FC18-47E1-ABAE-7CD6D5D0F7BC}.Release|Mixed Platforms.Build.0 = Release|Any CPU
		{C68777BE-FC18-47E1-ABAE-7CD6D5D0F7BC}.Release|x64.ActiveCfg = Release|Any CPU
		{C68777BE-FC18-47E1-ABAE-7CD6D5D0F7BC}.Release|x86.ActiveCfg = Release|Any CPU
		{24379F85-FA6D-4E6E-98F3-75F3A9520FE6}.Debug|Any CPU.ActiveCfg = Debug|Any CPU
		{24379F85-FA6D-4E6E-98F3-75F3A9520FE6}.Debug|Any CPU.Build.0 = Debug|Any CPU
		{24379F85-FA6D-4E6E-98F3-75F3A9520FE6}.Debug|ARM.ActiveCfg = Debug|Any CPU
		{24379F85-FA6D-4E6E-98F3-75F3A9520FE6}.Debug|Mixed Platforms.ActiveCfg = Debug|Any CPU
		{24379F85-FA6D-4E6E-98F3-75F3A9520FE6}.Debug|Mixed Platforms.Build.0 = Debug|Any CPU
		{24379F85-FA6D-4E6E-98F3-75F3A9520FE6}.Debug|x64.ActiveCfg = Debug|Any CPU
		{24379F85-FA6D-4E6E-98F3-75F3A9520FE6}.Debug|x86.ActiveCfg = Debug|Any CPU
		{24379F85-FA6D-4E6E-98F3-75F3A9520FE6}.Release|Any CPU.ActiveCfg = Release|Any CPU
		{24379F85-FA6D-4E6E-98F3-75F3A9520FE6}.Release|Any CPU.Build.0 = Release|Any CPU
		{24379F85-FA6D-4E6E-98F3-75F3A9520FE6}.Release|ARM.ActiveCfg = Release|Any CPU
		{24379F85-FA6D-4E6E-98F3-75F3A9520FE6}.Release|Mixed Platforms.ActiveCfg = Release|Any CPU
		{24379F85-FA6D-4E6E-98F3-75F3A9520FE6}.Release|Mixed Platforms.Build.0 = Release|Any CPU
		{24379F85-FA6D-4E6E-98F3-75F3A9520FE6}.Release|x64.ActiveCfg = Release|Any CPU
		{24379F85-FA6D-4E6E-98F3-75F3A9520FE6}.Release|x86.ActiveCfg = Release|Any CPU
		{0CDFED39-1AA2-464B-8F6A-3B8E19BA6842}.Debug|Any CPU.ActiveCfg = Debug|Any CPU
		{0CDFED39-1AA2-464B-8F6A-3B8E19BA6842}.Debug|Any CPU.Build.0 = Debug|Any CPU
		{0CDFED39-1AA2-464B-8F6A-3B8E19BA6842}.Debug|ARM.ActiveCfg = Debug|Any CPU
		{0CDFED39-1AA2-464B-8F6A-3B8E19BA6842}.Debug|Mixed Platforms.ActiveCfg = Debug|Any CPU
		{0CDFED39-1AA2-464B-8F6A-3B8E19BA6842}.Debug|Mixed Platforms.Build.0 = Debug|Any CPU
		{0CDFED39-1AA2-464B-8F6A-3B8E19BA6842}.Debug|x64.ActiveCfg = Debug|Any CPU
		{0CDFED39-1AA2-464B-8F6A-3B8E19BA6842}.Debug|x86.ActiveCfg = Debug|Any CPU
		{0CDFED39-1AA2-464B-8F6A-3B8E19BA6842}.Release|Any CPU.ActiveCfg = Release|Any CPU
		{0CDFED39-1AA2-464B-8F6A-3B8E19BA6842}.Release|Any CPU.Build.0 = Release|Any CPU
		{0CDFED39-1AA2-464B-8F6A-3B8E19BA6842}.Release|ARM.ActiveCfg = Release|Any CPU
		{0CDFED39-1AA2-464B-8F6A-3B8E19BA6842}.Release|Mixed Platforms.ActiveCfg = Release|Any CPU
		{0CDFED39-1AA2-464B-8F6A-3B8E19BA6842}.Release|Mixed Platforms.Build.0 = Release|Any CPU
		{0CDFED39-1AA2-464B-8F6A-3B8E19BA6842}.Release|x64.ActiveCfg = Release|Any CPU
		{0CDFED39-1AA2-464B-8F6A-3B8E19BA6842}.Release|x86.ActiveCfg = Release|Any CPU
		{80FFA53E-9C4D-45CE-A7D2-8FE0B6A9FBFB}.Debug|Any CPU.ActiveCfg = Debug|Any CPU
		{80FFA53E-9C4D-45CE-A7D2-8FE0B6A9FBFB}.Debug|Any CPU.Build.0 = Debug|Any CPU
		{80FFA53E-9C4D-45CE-A7D2-8FE0B6A9FBFB}.Debug|ARM.ActiveCfg = Debug|Any CPU
		{80FFA53E-9C4D-45CE-A7D2-8FE0B6A9FBFB}.Debug|Mixed Platforms.ActiveCfg = Debug|Any CPU
		{80FFA53E-9C4D-45CE-A7D2-8FE0B6A9FBFB}.Debug|Mixed Platforms.Build.0 = Debug|Any CPU
		{80FFA53E-9C4D-45CE-A7D2-8FE0B6A9FBFB}.Debug|x64.ActiveCfg = Debug|Any CPU
		{80FFA53E-9C4D-45CE-A7D2-8FE0B6A9FBFB}.Debug|x86.ActiveCfg = Debug|Any CPU
		{80FFA53E-9C4D-45CE-A7D2-8FE0B6A9FBFB}.Release|Any CPU.ActiveCfg = Release|Any CPU
		{80FFA53E-9C4D-45CE-A7D2-8FE0B6A9FBFB}.Release|Any CPU.Build.0 = Release|Any CPU
		{80FFA53E-9C4D-45CE-A7D2-8FE0B6A9FBFB}.Release|ARM.ActiveCfg = Release|Any CPU
		{80FFA53E-9C4D-45CE-A7D2-8FE0B6A9FBFB}.Release|Mixed Platforms.ActiveCfg = Release|Any CPU
		{80FFA53E-9C4D-45CE-A7D2-8FE0B6A9FBFB}.Release|Mixed Platforms.Build.0 = Release|Any CPU
		{80FFA53E-9C4D-45CE-A7D2-8FE0B6A9FBFB}.Release|x64.ActiveCfg = Release|Any CPU
		{80FFA53E-9C4D-45CE-A7D2-8FE0B6A9FBFB}.Release|x86.ActiveCfg = Release|Any CPU
		{C7DBF177-FCDB-4530-A6CA-3B1EFBAD63EB}.Debug|Any CPU.ActiveCfg = Debug|Any CPU
		{C7DBF177-FCDB-4530-A6CA-3B1EFBAD63EB}.Debug|Any CPU.Build.0 = Debug|Any CPU
		{C7DBF177-FCDB-4530-A6CA-3B1EFBAD63EB}.Debug|ARM.ActiveCfg = Debug|Any CPU
		{C7DBF177-FCDB-4530-A6CA-3B1EFBAD63EB}.Debug|Mixed Platforms.ActiveCfg = Debug|Any CPU
		{C7DBF177-FCDB-4530-A6CA-3B1EFBAD63EB}.Debug|Mixed Platforms.Build.0 = Debug|Any CPU
		{C7DBF177-FCDB-4530-A6CA-3B1EFBAD63EB}.Debug|x64.ActiveCfg = Debug|Any CPU
		{C7DBF177-FCDB-4530-A6CA-3B1EFBAD63EB}.Debug|x86.ActiveCfg = Debug|Any CPU
		{C7DBF177-FCDB-4530-A6CA-3B1EFBAD63EB}.Release|Any CPU.ActiveCfg = Release|Any CPU
		{C7DBF177-FCDB-4530-A6CA-3B1EFBAD63EB}.Release|Any CPU.Build.0 = Release|Any CPU
		{C7DBF177-FCDB-4530-A6CA-3B1EFBAD63EB}.Release|ARM.ActiveCfg = Release|Any CPU
		{C7DBF177-FCDB-4530-A6CA-3B1EFBAD63EB}.Release|Mixed Platforms.ActiveCfg = Release|Any CPU
		{C7DBF177-FCDB-4530-A6CA-3B1EFBAD63EB}.Release|Mixed Platforms.Build.0 = Release|Any CPU
		{C7DBF177-FCDB-4530-A6CA-3B1EFBAD63EB}.Release|x64.ActiveCfg = Release|Any CPU
		{C7DBF177-FCDB-4530-A6CA-3B1EFBAD63EB}.Release|x86.ActiveCfg = Release|Any CPU
		{49A9EC7E-4BB7-4657-8BDC-7ED57EA937E0}.Debug|Any CPU.ActiveCfg = Debug|Any CPU
		{49A9EC7E-4BB7-4657-8BDC-7ED57EA937E0}.Debug|Any CPU.Build.0 = Debug|Any CPU
		{49A9EC7E-4BB7-4657-8BDC-7ED57EA937E0}.Debug|ARM.ActiveCfg = Debug|Any CPU
		{49A9EC7E-4BB7-4657-8BDC-7ED57EA937E0}.Debug|Mixed Platforms.ActiveCfg = Debug|Any CPU
		{49A9EC7E-4BB7-4657-8BDC-7ED57EA937E0}.Debug|Mixed Platforms.Build.0 = Debug|Any CPU
		{49A9EC7E-4BB7-4657-8BDC-7ED57EA937E0}.Debug|x64.ActiveCfg = Debug|Any CPU
		{49A9EC7E-4BB7-4657-8BDC-7ED57EA937E0}.Debug|x86.ActiveCfg = Debug|Any CPU
		{49A9EC7E-4BB7-4657-8BDC-7ED57EA937E0}.Release|Any CPU.ActiveCfg = Release|Any CPU
		{49A9EC7E-4BB7-4657-8BDC-7ED57EA937E0}.Release|Any CPU.Build.0 = Release|Any CPU
		{49A9EC7E-4BB7-4657-8BDC-7ED57EA937E0}.Release|ARM.ActiveCfg = Release|Any CPU
		{49A9EC7E-4BB7-4657-8BDC-7ED57EA937E0}.Release|Mixed Platforms.ActiveCfg = Release|Any CPU
		{49A9EC7E-4BB7-4657-8BDC-7ED57EA937E0}.Release|Mixed Platforms.Build.0 = Release|Any CPU
		{49A9EC7E-4BB7-4657-8BDC-7ED57EA937E0}.Release|x64.ActiveCfg = Release|Any CPU
		{49A9EC7E-4BB7-4657-8BDC-7ED57EA937E0}.Release|x86.ActiveCfg = Release|Any CPU
		{2563F726-8DC3-4244-BEA7-F11068EA7AB9}.Debug|Any CPU.ActiveCfg = Debug|Any CPU
		{2563F726-8DC3-4244-BEA7-F11068EA7AB9}.Debug|Any CPU.Build.0 = Debug|Any CPU
		{2563F726-8DC3-4244-BEA7-F11068EA7AB9}.Debug|ARM.ActiveCfg = Debug|Any CPU
		{2563F726-8DC3-4244-BEA7-F11068EA7AB9}.Debug|Mixed Platforms.ActiveCfg = Debug|Any CPU
		{2563F726-8DC3-4244-BEA7-F11068EA7AB9}.Debug|Mixed Platforms.Build.0 = Debug|Any CPU
		{2563F726-8DC3-4244-BEA7-F11068EA7AB9}.Debug|x64.ActiveCfg = Debug|Any CPU
		{2563F726-8DC3-4244-BEA7-F11068EA7AB9}.Debug|x86.ActiveCfg = Debug|Any CPU
		{2563F726-8DC3-4244-BEA7-F11068EA7AB9}.Release|Any CPU.ActiveCfg = Release|Any CPU
		{2563F726-8DC3-4244-BEA7-F11068EA7AB9}.Release|Any CPU.Build.0 = Release|Any CPU
		{2563F726-8DC3-4244-BEA7-F11068EA7AB9}.Release|ARM.ActiveCfg = Release|Any CPU
		{2563F726-8DC3-4244-BEA7-F11068EA7AB9}.Release|Mixed Platforms.ActiveCfg = Release|Any CPU
		{2563F726-8DC3-4244-BEA7-F11068EA7AB9}.Release|Mixed Platforms.Build.0 = Release|Any CPU
		{2563F726-8DC3-4244-BEA7-F11068EA7AB9}.Release|x64.ActiveCfg = Release|Any CPU
		{2563F726-8DC3-4244-BEA7-F11068EA7AB9}.Release|x86.ActiveCfg = Release|Any CPU
	EndGlobalSection
	GlobalSection(SolutionProperties) = preSolution
		HideSolutionNode = FALSE
	EndGlobalSection
EndGlobal
